{
  "version": 4,
  "terraform_version": "1.3.3",
  "serial": 55,
  "lineage": "35b79d24-4629-07e6-e345-0beb544c9b4b",
  "outputs": {},
  "resources": [
    {
      "module": "module.app-service",
      "mode": "data",
      "type": "azurerm_resource_group",
      "name": "networkds",
      "provider": "provider[\"registry.terraform.io/hashicorp/azurerm\"]",
      "instances": [
        {
          "schema_version": 0,
          "attributes": {
            "id": "/subscriptions/fec1a8c7-3053-43ab-b51d-9fcc38bd9399/resourceGroups/zgebs-workbench-dev-neu-vnet-rg",
            "location": "northeurope",
            "name": "zgebs-workbench-dev-neu-vnet-rg",
            "tags": {},
            "timeouts": null
          },
          "sensitive_attributes": []
        }
      ]
    },
    {
      "module": "module.app-service",
      "mode": "data",
      "type": "azurerm_subnet",
      "name": "snet_webin_ds",
      "provider": "provider[\"registry.terraform.io/hashicorp/azurerm\"]",
      "instances": [
        {
          "schema_version": 0,
          "attributes": {
            "address_prefix": "10.0.4.0/24",
            "address_prefixes": [
              "10.0.4.0/24"
            ],
            "enforce_private_link_endpoint_network_policies": true,
            "enforce_private_link_service_network_policies": false,
            "id": "/subscriptions/fec1a8c7-3053-43ab-b51d-9fcc38bd9399/resourceGroups/zgebs-workbench-dev-neu-vnet-rg/providers/Microsoft.Network/virtualNetworks/workbench-dev-neu-vnet/subnets/zgebs-wb-dev-snet-webin-ne01",
            "name": "zgebs-wb-dev-snet-webin-ne01",
            "network_security_group_id": "/subscriptions/fec1a8c7-3053-43ab-b51d-9fcc38bd9399/resourceGroups/zgebs-workbench-dev-neu-vnet-rg/providers/Microsoft.Network/networkSecurityGroups/workbench-dev-neu-vnet-nsg1",
            "private_endpoint_network_policies_enabled": false,
            "private_link_service_network_policies_enabled": true,
            "resource_group_name": "zgebs-workbench-dev-neu-vnet-rg",
            "route_table_id": "/subscriptions/fec1a8c7-3053-43ab-b51d-9fcc38bd9399/resourceGroups/zgebs-workbench-dev-neu-vnet-rg/providers/Microsoft.Network/routeTables/workbench-dev-neu-vnet-rt1",
            "service_endpoints": [
              "Microsoft.Web"
            ],
            "timeouts": null,
            "virtual_network_name": "workbench-dev-neu-vnet"
          },
          "sensitive_attributes": []
        }
      ]
    },
    {
      "module": "module.app-service",
      "mode": "data",
      "type": "azurerm_subnet",
      "name": "snet_webout_ds",
      "provider": "provider[\"registry.terraform.io/hashicorp/azurerm\"]",
      "instances": [
        {
          "schema_version": 0,
          "attributes": {
            "address_prefix": "10.0.5.0/24",
            "address_prefixes": [
              "10.0.5.0/24"
            ],
            "enforce_private_link_endpoint_network_policies": true,
            "enforce_private_link_service_network_policies": false,
            "id": "/subscriptions/fec1a8c7-3053-43ab-b51d-9fcc38bd9399/resourceGroups/zgebs-workbench-dev-neu-vnet-rg/providers/Microsoft.Network/virtualNetworks/workbench-dev-neu-vnet/subnets/zgebs-wb-dev-snet-webout-ne01",
            "name": "zgebs-wb-dev-snet-webout-ne01",
            "network_security_group_id": "/subscriptions/fec1a8c7-3053-43ab-b51d-9fcc38bd9399/resourceGroups/zgebs-workbench-dev-neu-vnet-rg/providers/Microsoft.Network/networkSecurityGroups/workbench-dev-neu-vnet-nsg1",
            "private_endpoint_network_policies_enabled": false,
            "private_link_service_network_policies_enabled": true,
            "resource_group_name": "zgebs-workbench-dev-neu-vnet-rg",
            "route_table_id": "/subscriptions/fec1a8c7-3053-43ab-b51d-9fcc38bd9399/resourceGroups/zgebs-workbench-dev-neu-vnet-rg/providers/Microsoft.Network/routeTables/workbench-dev-neu-vnet-rt1",
            "service_endpoints": [],
            "timeouts": null,
            "virtual_network_name": "workbench-dev-neu-vnet"
          },
          "sensitive_attributes": []
        }
      ]
    },
    {
      "module": "module.app-service",
      "mode": "data",
      "type": "azurerm_virtual_network",
      "name": "vnetds",
      "provider": "provider[\"registry.terraform.io/hashicorp/azurerm\"]",
      "instances": [
        {
          "schema_version": 0,
          "attributes": {
            "address_space": [
              "10.0.0.0/16"
            ],
            "dns_servers": [],
            "guid": "47a19af5-9ad4-42c4-8448-7290519bf717",
            "id": "/subscriptions/fec1a8c7-3053-43ab-b51d-9fcc38bd9399/resourceGroups/zgebs-workbench-dev-neu-vnet-rg/providers/Microsoft.Network/virtualNetworks/workbench-dev-neu-vnet",
            "location": "northeurope",
            "name": "workbench-dev-neu-vnet",
            "resource_group_name": "zgebs-workbench-dev-neu-vnet-rg",
            "subnets": [
              "zgebs-wb-dev-snet-webout-ne01",
              "zgebs-wb-dey-snet-apim-ne01",
              "zgebs-wb-dev-snet-shared-ne01",
              "zgebs-wb-dev-snet-webin-ne01"
            ],
            "tags": {},
            "timeouts": null,
            "vnet_peerings": {},
            "vnet_peerings_addresses": []
          },
          "sensitive_attributes": []
        }
      ]
    },
    {
      "module": "module.app-service",
      "mode": "managed",
      "type": "azurerm_app_service_virtual_network_swift_connection",
      "name": "api",
      "provider": "provider[\"registry.terraform.io/hashicorp/azurerm\"]",
      "instances": [
        {
          "schema_version": 0,
          "attributes": {
            "app_service_id": "/subscriptions/fec1a8c7-3053-43ab-b51d-9fcc38bd9399/resourceGroups/zgebs-workbench-dev-application-rg/providers/Microsoft.Web/sites/zgebs-wb-dev-api-wapp-ne-0598",
            "id": "/subscriptions/fec1a8c7-3053-43ab-b51d-9fcc38bd9399/resourceGroups/zgebs-workbench-dev-application-rg/providers/Microsoft.Web/sites/zgebs-wb-dev-api-wapp-ne-0598/config/virtualNetwork",
            "subnet_id": "/subscriptions/fec1a8c7-3053-43ab-b51d-9fcc38bd9399/resourceGroups/zgebs-workbench-dev-neu-vnet-rg/providers/Microsoft.Network/virtualNetworks/workbench-dev-neu-vnet/subnets/zgebs-wb-dev-snet-webout-ne01",
            "timeouts": null
          },
          "sensitive_attributes": [],
          "private": "eyJlMmJmYjczMC1lY2FhLTExZTYtOGY4OC0zNDM2M2JjN2M0YzAiOnsiY3JlYXRlIjoxODAwMDAwMDAwMDAwLCJkZWxldGUiOjE4MDAwMDAwMDAwMDAsInJlYWQiOjMwMDAwMDAwMDAwMCwidXBkYXRlIjoxODAwMDAwMDAwMDAwfX0=",
          "dependencies": [
            "module.app-service.azurerm_service_plan.app",
            "module.app-service.azurerm_windows_web_app.api_webapp",
            "module.app-service.data.azurerm_subnet.snet_webout_ds"
          ]
        }
      ]
    },
    {
      "module": "module.app-service",
      "mode": "managed",
      "type": "azurerm_app_service_virtual_network_swift_connection",
      "name": "dgv",
      "provider": "provider[\"registry.terraform.io/hashicorp/azurerm\"]",
      "instances": [
        {
          "schema_version": 0,
          "attributes": {
            "app_service_id": "/subscriptions/fec1a8c7-3053-43ab-b51d-9fcc38bd9399/resourceGroups/zgebs-workbench-dev-application-rg/providers/Microsoft.Web/sites/zgebs-wb-dev-dgv-wapp-ne-0598",
            "id": "/subscriptions/fec1a8c7-3053-43ab-b51d-9fcc38bd9399/resourceGroups/zgebs-workbench-dev-application-rg/providers/Microsoft.Web/sites/zgebs-wb-dev-dgv-wapp-ne-0598/config/virtualNetwork",
            "subnet_id": "/subscriptions/fec1a8c7-3053-43ab-b51d-9fcc38bd9399/resourceGroups/zgebs-workbench-dev-neu-vnet-rg/providers/Microsoft.Network/virtualNetworks/workbench-dev-neu-vnet/subnets/zgebs-wb-dev-snet-webout-ne01",
            "timeouts": null
          },
          "sensitive_attributes": [],
          "private": "eyJlMmJmYjczMC1lY2FhLTExZTYtOGY4OC0zNDM2M2JjN2M0YzAiOnsiY3JlYXRlIjoxODAwMDAwMDAwMDAwLCJkZWxldGUiOjE4MDAwMDAwMDAwMDAsInJlYWQiOjMwMDAwMDAwMDAwMCwidXBkYXRlIjoxODAwMDAwMDAwMDAwfX0=",
          "dependencies": [
            "module.app-service.azurerm_service_plan.app",
            "module.app-service.azurerm_windows_web_app.dgv_webapp",
            "module.app-service.data.azurerm_subnet.snet_webout_ds"
          ]
        }
      ]
    },
    {
      "module": "module.app-service",
      "mode": "managed",
      "type": "azurerm_app_service_virtual_network_swift_connection",
      "name": "fcsd",
      "provider": "provider[\"registry.terraform.io/hashicorp/azurerm\"]",
      "instances": [
        {
          "schema_version": 0,
          "attributes": {
            "app_service_id": "/subscriptions/fec1a8c7-3053-43ab-b51d-9fcc38bd9399/resourceGroups/zgebs-workbench-dev-application-rg/providers/Microsoft.Web/sites/zgebs-wb-dev-fcsd-wapp-ne-0598",
            "id": "/subscriptions/fec1a8c7-3053-43ab-b51d-9fcc38bd9399/resourceGroups/zgebs-workbench-dev-application-rg/providers/Microsoft.Web/sites/zgebs-wb-dev-fcsd-wapp-ne-0598/config/virtualNetwork",
            "subnet_id": "/subscriptions/fec1a8c7-3053-43ab-b51d-9fcc38bd9399/resourceGroups/zgebs-workbench-dev-neu-vnet-rg/providers/Microsoft.Network/virtualNetworks/workbench-dev-neu-vnet/subnets/zgebs-wb-dev-snet-webout-ne01",
            "timeouts": null
          },
          "sensitive_attributes": [],
          "private": "eyJlMmJmYjczMC1lY2FhLTExZTYtOGY4OC0zNDM2M2JjN2M0YzAiOnsiY3JlYXRlIjoxODAwMDAwMDAwMDAwLCJkZWxldGUiOjE4MDAwMDAwMDAwMDAsInJlYWQiOjMwMDAwMDAwMDAwMCwidXBkYXRlIjoxODAwMDAwMDAwMDAwfX0=",
          "dependencies": [
            "module.app-service.azurerm_service_plan.app",
            "module.app-service.azurerm_windows_web_app.fcsd_webapp",
            "module.app-service.data.azurerm_subnet.snet_webout_ds"
          ]
        }
      ]
    },
    {
      "module": "module.app-service",
      "mode": "managed",
      "type": "azurerm_app_service_virtual_network_swift_connection",
      "name": "lpa",
      "provider": "provider[\"registry.terraform.io/hashicorp/azurerm\"]",
      "instances": [
        {
          "schema_version": 0,
          "attributes": {
            "app_service_id": "/subscriptions/fec1a8c7-3053-43ab-b51d-9fcc38bd9399/resourceGroups/zgebs-workbench-dev-application-rg/providers/Microsoft.Web/sites/zgebs-wb-dev-lpa-wapp-ne-0598",
            "id": "/subscriptions/fec1a8c7-3053-43ab-b51d-9fcc38bd9399/resourceGroups/zgebs-workbench-dev-application-rg/providers/Microsoft.Web/sites/zgebs-wb-dev-lpa-wapp-ne-0598/config/virtualNetwork",
            "subnet_id": "/subscriptions/fec1a8c7-3053-43ab-b51d-9fcc38bd9399/resourceGroups/zgebs-workbench-dev-neu-vnet-rg/providers/Microsoft.Network/virtualNetworks/workbench-dev-neu-vnet/subnets/zgebs-wb-dev-snet-webout-ne01",
            "timeouts": null
          },
          "sensitive_attributes": [],
          "private": "eyJlMmJmYjczMC1lY2FhLTExZTYtOGY4OC0zNDM2M2JjN2M0YzAiOnsiY3JlYXRlIjoxODAwMDAwMDAwMDAwLCJkZWxldGUiOjE4MDAwMDAwMDAwMDAsInJlYWQiOjMwMDAwMDAwMDAwMCwidXBkYXRlIjoxODAwMDAwMDAwMDAwfX0=",
          "dependencies": [
            "module.app-service.azurerm_service_plan.app",
            "module.app-service.azurerm_windows_web_app.lpa_webapp",
            "module.app-service.data.azurerm_subnet.snet_webout_ds"
          ]
        }
      ]
    },
    {
      "module": "module.app-service",
      "mode": "managed",
      "type": "azurerm_app_service_virtual_network_swift_connection",
      "name": "mzsa",
      "provider": "provider[\"registry.terraform.io/hashicorp/azurerm\"]",
      "instances": [
        {
          "schema_version": 0,
          "attributes": {
            "app_service_id": "/subscriptions/fec1a8c7-3053-43ab-b51d-9fcc38bd9399/resourceGroups/zgebs-workbench-dev-application-rg/providers/Microsoft.Web/sites/zgebs-wb-dev-mzsa-wapp-ne-0598",
            "id": "/subscriptions/fec1a8c7-3053-43ab-b51d-9fcc38bd9399/resourceGroups/zgebs-workbench-dev-application-rg/providers/Microsoft.Web/sites/zgebs-wb-dev-mzsa-wapp-ne-0598/config/virtualNetwork",
            "subnet_id": "/subscriptions/fec1a8c7-3053-43ab-b51d-9fcc38bd9399/resourceGroups/zgebs-workbench-dev-neu-vnet-rg/providers/Microsoft.Network/virtualNetworks/workbench-dev-neu-vnet/subnets/zgebs-wb-dev-snet-webout-ne01",
            "timeouts": null
          },
          "sensitive_attributes": [],
          "private": "eyJlMmJmYjczMC1lY2FhLTExZTYtOGY4OC0zNDM2M2JjN2M0YzAiOnsiY3JlYXRlIjoxODAwMDAwMDAwMDAwLCJkZWxldGUiOjE4MDAwMDAwMDAwMDAsInJlYWQiOjMwMDAwMDAwMDAwMCwidXBkYXRlIjoxODAwMDAwMDAwMDAwfX0=",
          "dependencies": [
            "module.app-service.azurerm_service_plan.app",
            "module.app-service.azurerm_windows_web_app.mzsa_webapp",
            "module.app-service.data.azurerm_subnet.snet_webout_ds"
          ]
        }
      ]
    },
    {
      "module": "module.app-service",
      "mode": "managed",
      "type": "azurerm_app_service_virtual_network_swift_connection",
      "name": "nwp",
      "provider": "provider[\"registry.terraform.io/hashicorp/azurerm\"]",
      "instances": [
        {
          "schema_version": 0,
          "attributes": {
            "app_service_id": "/subscriptions/fec1a8c7-3053-43ab-b51d-9fcc38bd9399/resourceGroups/zgebs-workbench-dev-application-rg/providers/Microsoft.Web/sites/zgebs-wb-dev-nwp-wapp-ne-0598",
            "id": "/subscriptions/fec1a8c7-3053-43ab-b51d-9fcc38bd9399/resourceGroups/zgebs-workbench-dev-application-rg/providers/Microsoft.Web/sites/zgebs-wb-dev-nwp-wapp-ne-0598/config/virtualNetwork",
            "subnet_id": "/subscriptions/fec1a8c7-3053-43ab-b51d-9fcc38bd9399/resourceGroups/zgebs-workbench-dev-neu-vnet-rg/providers/Microsoft.Network/virtualNetworks/workbench-dev-neu-vnet/subnets/zgebs-wb-dev-snet-webout-ne01",
            "timeouts": null
          },
          "sensitive_attributes": [],
          "private": "eyJlMmJmYjczMC1lY2FhLTExZTYtOGY4OC0zNDM2M2JjN2M0YzAiOnsiY3JlYXRlIjoxODAwMDAwMDAwMDAwLCJkZWxldGUiOjE4MDAwMDAwMDAwMDAsInJlYWQiOjMwMDAwMDAwMDAwMCwidXBkYXRlIjoxODAwMDAwMDAwMDAwfX0=",
          "dependencies": [
            "module.app-service.azurerm_service_plan.app",
            "module.app-service.azurerm_windows_web_app.nwp_webapp",
            "module.app-service.data.azurerm_subnet.snet_webout_ds"
          ]
        }
      ]
    },
    {
      "module": "module.app-service",
      "mode": "managed",
      "type": "azurerm_app_service_virtual_network_swift_connection",
      "name": "zhrz",
      "provider": "provider[\"registry.terraform.io/hashicorp/azurerm\"]",
      "instances": [
        {
          "schema_version": 0,
          "attributes": {
            "app_service_id": "/subscriptions/fec1a8c7-3053-43ab-b51d-9fcc38bd9399/resourceGroups/zgebs-workbench-dev-application-rg/providers/Microsoft.Web/sites/zgebs-wb-dev-zhrz-wapp-ne-0598",
            "id": "/subscriptions/fec1a8c7-3053-43ab-b51d-9fcc38bd9399/resourceGroups/zgebs-workbench-dev-application-rg/providers/Microsoft.Web/sites/zgebs-wb-dev-zhrz-wapp-ne-0598/config/virtualNetwork",
            "subnet_id": "/subscriptions/fec1a8c7-3053-43ab-b51d-9fcc38bd9399/resourceGroups/zgebs-workbench-dev-neu-vnet-rg/providers/Microsoft.Network/virtualNetworks/workbench-dev-neu-vnet/subnets/zgebs-wb-dev-snet-webout-ne01",
            "timeouts": null
          },
          "sensitive_attributes": [],
          "private": "eyJlMmJmYjczMC1lY2FhLTExZTYtOGY4OC0zNDM2M2JjN2M0YzAiOnsiY3JlYXRlIjoxODAwMDAwMDAwMDAwLCJkZWxldGUiOjE4MDAwMDAwMDAwMDAsInJlYWQiOjMwMDAwMDAwMDAwMCwidXBkYXRlIjoxODAwMDAwMDAwMDAwfX0=",
          "dependencies": [
            "module.app-service.azurerm_service_plan.app",
            "module.app-service.azurerm_windows_web_app.zhrz_webapp",
            "module.app-service.data.azurerm_subnet.snet_webout_ds"
          ]
        }
      ]
    },
    {
      "module": "module.app-service",
      "mode": "managed",
      "type": "azurerm_network_interface",
      "name": "nic_api",
      "provider": "provider[\"registry.terraform.io/hashicorp/azurerm\"]",
      "instances": [
        {
          "schema_version": 0,
          "attributes": {
            "applied_dns_servers": [],
            "dns_servers": [],
            "edge_zone": "",
            "enable_accelerated_networking": false,
            "enable_ip_forwarding": false,
            "id": "/subscriptions/fec1a8c7-3053-43ab-b51d-9fcc38bd9399/resourceGroups/zgebs-workbench-dev-application-rg/providers/Microsoft.Network/networkInterfaces/zegebs-wb-dev-apiwapp-nic-ne-01",
            "internal_dns_name_label": "",
            "internal_domain_name_suffix": "4wnkcr4utlcefbciokifdg5xch.fx.internal.cloudapp.net",
            "ip_configuration": [
              {
                "gateway_load_balancer_frontend_ip_configuration_id": "",
                "name": "internal",
                "primary": true,
                "private_ip_address": "10.0.4.4",
                "private_ip_address_allocation": "Dynamic",
                "private_ip_address_version": "IPv4",
                "public_ip_address_id": "",
                "subnet_id": "/subscriptions/fec1a8c7-3053-43ab-b51d-9fcc38bd9399/resourceGroups/zgebs-workbench-dev-neu-vnet-rg/providers/Microsoft.Network/virtualNetworks/workbench-dev-neu-vnet/subnets/zgebs-wb-dev-snet-webin-ne01"
              }
            ],
            "location": "northeurope",
            "mac_address": "",
            "name": "zegebs-wb-dev-apiwapp-nic-ne-01",
            "private_ip_address": "10.0.4.4",
            "private_ip_addresses": [
              "10.0.4.4"
            ],
            "resource_group_name": "zgebs-workbench-dev-application-rg",
            "tags": {},
            "timeouts": null,
            "virtual_machine_id": ""
          },
          "sensitive_attributes": [],
          "private": "eyJlMmJmYjczMC1lY2FhLTExZTYtOGY4OC0zNDM2M2JjN2M0YzAiOnsiY3JlYXRlIjoxODAwMDAwMDAwMDAwLCJkZWxldGUiOjE4MDAwMDAwMDAwMDAsInJlYWQiOjMwMDAwMDAwMDAwMCwidXBkYXRlIjoxODAwMDAwMDAwMDAwfX0=",
          "dependencies": [
            "module.app-service.azurerm_resource_group.app",
            "module.app-service.data.azurerm_subnet.snet_webin_ds"
          ]
        }
      ]
    },
    {
      "module": "module.app-service",
      "mode": "managed",
      "type": "azurerm_network_interface",
      "name": "nic_dgv",
      "provider": "provider[\"registry.terraform.io/hashicorp/azurerm\"]",
      "instances": [
        {
          "schema_version": 0,
          "attributes": {
            "applied_dns_servers": [],
            "dns_servers": [],
            "edge_zone": "",
            "enable_accelerated_networking": false,
            "enable_ip_forwarding": false,
            "id": "/subscriptions/fec1a8c7-3053-43ab-b51d-9fcc38bd9399/resourceGroups/zgebs-workbench-dev-application-rg/providers/Microsoft.Network/networkInterfaces/zegebs-wb-dev-dgowapp-nic-ne-01",
            "internal_dns_name_label": "",
            "internal_domain_name_suffix": "4wnkcr4utlcefbciokifdg5xch.fx.internal.cloudapp.net",
            "ip_configuration": [
              {
                "gateway_load_balancer_frontend_ip_configuration_id": "",
                "name": "internal",
                "primary": true,
                "private_ip_address": "10.0.4.7",
                "private_ip_address_allocation": "Dynamic",
                "private_ip_address_version": "IPv4",
                "public_ip_address_id": "",
                "subnet_id": "/subscriptions/fec1a8c7-3053-43ab-b51d-9fcc38bd9399/resourceGroups/zgebs-workbench-dev-neu-vnet-rg/providers/Microsoft.Network/virtualNetworks/workbench-dev-neu-vnet/subnets/zgebs-wb-dev-snet-webin-ne01"
              }
            ],
            "location": "northeurope",
            "mac_address": "",
            "name": "zegebs-wb-dev-dgowapp-nic-ne-01",
            "private_ip_address": "10.0.4.7",
            "private_ip_addresses": [
              "10.0.4.7"
            ],
            "resource_group_name": "zgebs-workbench-dev-application-rg",
            "tags": {},
            "timeouts": null,
            "virtual_machine_id": ""
          },
          "sensitive_attributes": [],
          "private": "eyJlMmJmYjczMC1lY2FhLTExZTYtOGY4OC0zNDM2M2JjN2M0YzAiOnsiY3JlYXRlIjoxODAwMDAwMDAwMDAwLCJkZWxldGUiOjE4MDAwMDAwMDAwMDAsInJlYWQiOjMwMDAwMDAwMDAwMCwidXBkYXRlIjoxODAwMDAwMDAwMDAwfX0=",
          "dependencies": [
            "module.app-service.azurerm_resource_group.app",
            "module.app-service.data.azurerm_subnet.snet_webin_ds"
          ]
        }
      ]
    },
    {
      "module": "module.app-service",
      "mode": "managed",
      "type": "azurerm_network_interface",
      "name": "nic_fcsd",
      "provider": "provider[\"registry.terraform.io/hashicorp/azurerm\"]",
      "instances": [
        {
          "schema_version": 0,
          "attributes": {
            "applied_dns_servers": [],
            "dns_servers": [],
            "edge_zone": "",
            "enable_accelerated_networking": false,
            "enable_ip_forwarding": false,
            "id": "/subscriptions/fec1a8c7-3053-43ab-b51d-9fcc38bd9399/resourceGroups/zgebs-workbench-dev-application-rg/providers/Microsoft.Network/networkInterfaces/zegebs-wb-dev-fcsdwapp-nic-ne-01",
            "internal_dns_name_label": "",
            "internal_domain_name_suffix": "4wnkcr4utlcefbciokifdg5xch.fx.internal.cloudapp.net",
            "ip_configuration": [
              {
                "gateway_load_balancer_frontend_ip_configuration_id": "",
                "name": "internal",
                "primary": true,
                "private_ip_address": "10.0.4.8",
                "private_ip_address_allocation": "Dynamic",
                "private_ip_address_version": "IPv4",
                "public_ip_address_id": "",
                "subnet_id": "/subscriptions/fec1a8c7-3053-43ab-b51d-9fcc38bd9399/resourceGroups/zgebs-workbench-dev-neu-vnet-rg/providers/Microsoft.Network/virtualNetworks/workbench-dev-neu-vnet/subnets/zgebs-wb-dev-snet-webin-ne01"
              }
            ],
            "location": "northeurope",
            "mac_address": "",
            "name": "zegebs-wb-dev-fcsdwapp-nic-ne-01",
            "private_ip_address": "10.0.4.8",
            "private_ip_addresses": [
              "10.0.4.8"
            ],
            "resource_group_name": "zgebs-workbench-dev-application-rg",
            "tags": {},
            "timeouts": null,
            "virtual_machine_id": ""
          },
          "sensitive_attributes": [],
          "private": "eyJlMmJmYjczMC1lY2FhLTExZTYtOGY4OC0zNDM2M2JjN2M0YzAiOnsiY3JlYXRlIjoxODAwMDAwMDAwMDAwLCJkZWxldGUiOjE4MDAwMDAwMDAwMDAsInJlYWQiOjMwMDAwMDAwMDAwMCwidXBkYXRlIjoxODAwMDAwMDAwMDAwfX0=",
          "dependencies": [
            "module.app-service.azurerm_resource_group.app",
            "module.app-service.data.azurerm_subnet.snet_webin_ds"
          ]
        }
      ]
    },
    {
      "module": "module.app-service",
      "mode": "managed",
      "type": "azurerm_network_interface",
      "name": "nic_lpa",
      "provider": "provider[\"registry.terraform.io/hashicorp/azurerm\"]",
      "instances": [
        {
          "schema_version": 0,
          "attributes": {
            "applied_dns_servers": [],
            "dns_servers": [],
            "edge_zone": "",
            "enable_accelerated_networking": false,
            "enable_ip_forwarding": false,
            "id": "/subscriptions/fec1a8c7-3053-43ab-b51d-9fcc38bd9399/resourceGroups/zgebs-workbench-dev-application-rg/providers/Microsoft.Network/networkInterfaces/zegebs-wb-dev-lpawapp-nic-ne-01",
            "internal_dns_name_label": "",
            "internal_domain_name_suffix": "4wnkcr4utlcefbciokifdg5xch.fx.internal.cloudapp.net",
            "ip_configuration": [
              {
                "gateway_load_balancer_frontend_ip_configuration_id": "",
                "name": "internal",
                "primary": true,
                "private_ip_address": "10.0.4.5",
                "private_ip_address_allocation": "Dynamic",
                "private_ip_address_version": "IPv4",
                "public_ip_address_id": "",
                "subnet_id": "/subscriptions/fec1a8c7-3053-43ab-b51d-9fcc38bd9399/resourceGroups/zgebs-workbench-dev-neu-vnet-rg/providers/Microsoft.Network/virtualNetworks/workbench-dev-neu-vnet/subnets/zgebs-wb-dev-snet-webin-ne01"
              }
            ],
            "location": "northeurope",
            "mac_address": "",
            "name": "zegebs-wb-dev-lpawapp-nic-ne-01",
            "private_ip_address": "10.0.4.5",
            "private_ip_addresses": [
              "10.0.4.5"
            ],
            "resource_group_name": "zgebs-workbench-dev-application-rg",
            "tags": {},
            "timeouts": null,
            "virtual_machine_id": ""
          },
          "sensitive_attributes": [],
          "private": "eyJlMmJmYjczMC1lY2FhLTExZTYtOGY4OC0zNDM2M2JjN2M0YzAiOnsiY3JlYXRlIjoxODAwMDAwMDAwMDAwLCJkZWxldGUiOjE4MDAwMDAwMDAwMDAsInJlYWQiOjMwMDAwMDAwMDAwMCwidXBkYXRlIjoxODAwMDAwMDAwMDAwfX0=",
          "dependencies": [
            "module.app-service.azurerm_resource_group.app",
            "module.app-service.data.azurerm_subnet.snet_webin_ds"
          ]
        }
      ]
    },
    {
      "module": "module.app-service",
      "mode": "managed",
      "type": "azurerm_network_interface",
      "name": "nic_mzsa",
      "provider": "provider[\"registry.terraform.io/hashicorp/azurerm\"]",
      "instances": [
        {
          "schema_version": 0,
          "attributes": {
            "applied_dns_servers": [],
            "dns_servers": [],
            "edge_zone": "",
            "enable_accelerated_networking": false,
            "enable_ip_forwarding": false,
            "id": "/subscriptions/fec1a8c7-3053-43ab-b51d-9fcc38bd9399/resourceGroups/zgebs-workbench-dev-application-rg/providers/Microsoft.Network/networkInterfaces/zegebs-wb-dev-mzsawapp-nic-ne-01",
            "internal_dns_name_label": "",
            "internal_domain_name_suffix": "4wnkcr4utlcefbciokifdg5xch.fx.internal.cloudapp.net",
            "ip_configuration": [
              {
                "gateway_load_balancer_frontend_ip_configuration_id": "",
                "name": "internal",
                "primary": true,
                "private_ip_address": "10.0.4.10",
                "private_ip_address_allocation": "Dynamic",
                "private_ip_address_version": "IPv4",
                "public_ip_address_id": "",
                "subnet_id": "/subscriptions/fec1a8c7-3053-43ab-b51d-9fcc38bd9399/resourceGroups/zgebs-workbench-dev-neu-vnet-rg/providers/Microsoft.Network/virtualNetworks/workbench-dev-neu-vnet/subnets/zgebs-wb-dev-snet-webin-ne01"
              }
            ],
            "location": "northeurope",
            "mac_address": "",
            "name": "zegebs-wb-dev-mzsawapp-nic-ne-01",
            "private_ip_address": "10.0.4.10",
            "private_ip_addresses": [
              "10.0.4.10"
            ],
            "resource_group_name": "zgebs-workbench-dev-application-rg",
            "tags": {},
            "timeouts": null,
            "virtual_machine_id": ""
          },
          "sensitive_attributes": [],
          "private": "eyJlMmJmYjczMC1lY2FhLTExZTYtOGY4OC0zNDM2M2JjN2M0YzAiOnsiY3JlYXRlIjoxODAwMDAwMDAwMDAwLCJkZWxldGUiOjE4MDAwMDAwMDAwMDAsInJlYWQiOjMwMDAwMDAwMDAwMCwidXBkYXRlIjoxODAwMDAwMDAwMDAwfX0=",
          "dependencies": [
            "module.app-service.azurerm_resource_group.app",
            "module.app-service.data.azurerm_subnet.snet_webin_ds"
          ]
        }
      ]
    },
    {
      "module": "module.app-service",
      "mode": "managed",
      "type": "azurerm_network_interface",
      "name": "nic_nwp",
      "provider": "provider[\"registry.terraform.io/hashicorp/azurerm\"]",
      "instances": [
        {
          "schema_version": 0,
          "attributes": {
            "applied_dns_servers": [],
            "dns_servers": [],
            "edge_zone": "",
            "enable_accelerated_networking": false,
            "enable_ip_forwarding": false,
            "id": "/subscriptions/fec1a8c7-3053-43ab-b51d-9fcc38bd9399/resourceGroups/zgebs-workbench-dev-application-rg/providers/Microsoft.Network/networkInterfaces/zegebs-wb-dev-nwpwapp-nic-ne-01",
            "internal_dns_name_label": "",
            "internal_domain_name_suffix": "4wnkcr4utlcefbciokifdg5xch.fx.internal.cloudapp.net",
            "ip_configuration": [
              {
                "gateway_load_balancer_frontend_ip_configuration_id": "",
                "name": "internal",
                "primary": true,
                "private_ip_address": "10.0.4.6",
                "private_ip_address_allocation": "Dynamic",
                "private_ip_address_version": "IPv4",
                "public_ip_address_id": "",
                "subnet_id": "/subscriptions/fec1a8c7-3053-43ab-b51d-9fcc38bd9399/resourceGroups/zgebs-workbench-dev-neu-vnet-rg/providers/Microsoft.Network/virtualNetworks/workbench-dev-neu-vnet/subnets/zgebs-wb-dev-snet-webin-ne01"
              }
            ],
            "location": "northeurope",
            "mac_address": "",
            "name": "zegebs-wb-dev-nwpwapp-nic-ne-01",
            "private_ip_address": "10.0.4.6",
            "private_ip_addresses": [
              "10.0.4.6"
            ],
            "resource_group_name": "zgebs-workbench-dev-application-rg",
            "tags": {},
            "timeouts": null,
            "virtual_machine_id": ""
          },
          "sensitive_attributes": [],
          "private": "eyJlMmJmYjczMC1lY2FhLTExZTYtOGY4OC0zNDM2M2JjN2M0YzAiOnsiY3JlYXRlIjoxODAwMDAwMDAwMDAwLCJkZWxldGUiOjE4MDAwMDAwMDAwMDAsInJlYWQiOjMwMDAwMDAwMDAwMCwidXBkYXRlIjoxODAwMDAwMDAwMDAwfX0=",
          "dependencies": [
            "module.app-service.azurerm_resource_group.app",
            "module.app-service.data.azurerm_subnet.snet_webin_ds"
          ]
        }
      ]
    },
    {
      "module": "module.app-service",
      "mode": "managed",
      "type": "azurerm_network_interface",
      "name": "nic_zhrz",
      "provider": "provider[\"registry.terraform.io/hashicorp/azurerm\"]",
      "instances": [
        {
          "schema_version": 0,
          "attributes": {
            "applied_dns_servers": [],
            "dns_servers": [],
            "edge_zone": "",
            "enable_accelerated_networking": false,
            "enable_ip_forwarding": false,
            "id": "/subscriptions/fec1a8c7-3053-43ab-b51d-9fcc38bd9399/resourceGroups/zgebs-workbench-dev-application-rg/providers/Microsoft.Network/networkInterfaces/zegebs-wb-dev-zhrzwapp-nic-ne-01",
            "internal_dns_name_label": "",
            "internal_domain_name_suffix": "4wnkcr4utlcefbciokifdg5xch.fx.internal.cloudapp.net",
            "ip_configuration": [
              {
                "gateway_load_balancer_frontend_ip_configuration_id": "",
                "name": "internal",
                "primary": true,
                "private_ip_address": "10.0.4.9",
                "private_ip_address_allocation": "Dynamic",
                "private_ip_address_version": "IPv4",
                "public_ip_address_id": "",
                "subnet_id": "/subscriptions/fec1a8c7-3053-43ab-b51d-9fcc38bd9399/resourceGroups/zgebs-workbench-dev-neu-vnet-rg/providers/Microsoft.Network/virtualNetworks/workbench-dev-neu-vnet/subnets/zgebs-wb-dev-snet-webin-ne01"
              }
            ],
            "location": "northeurope",
            "mac_address": "",
            "name": "zegebs-wb-dev-zhrzwapp-nic-ne-01",
            "private_ip_address": "10.0.4.9",
            "private_ip_addresses": [
              "10.0.4.9"
            ],
            "resource_group_name": "zgebs-workbench-dev-application-rg",
            "tags": {},
            "timeouts": null,
            "virtual_machine_id": ""
          },
          "sensitive_attributes": [],
          "private": "eyJlMmJmYjczMC1lY2FhLTExZTYtOGY4OC0zNDM2M2JjN2M0YzAiOnsiY3JlYXRlIjoxODAwMDAwMDAwMDAwLCJkZWxldGUiOjE4MDAwMDAwMDAwMDAsInJlYWQiOjMwMDAwMDAwMDAwMCwidXBkYXRlIjoxODAwMDAwMDAwMDAwfX0=",
          "dependencies": [
            "module.app-service.azurerm_resource_group.app",
            "module.app-service.data.azurerm_subnet.snet_webin_ds"
          ]
        }
      ]
    },
    {
      "module": "module.app-service",
      "mode": "managed",
      "type": "azurerm_private_dns_zone_virtual_network_link",
      "name": "api",
      "provider": "provider[\"registry.terraform.io/hashicorp/azurerm\"]",
      "instances": []
    },
    {
      "module": "module.app-service",
      "mode": "managed",
      "type": "azurerm_private_dns_zone_virtual_network_link",
      "name": "dgv",
      "provider": "provider[\"registry.terraform.io/hashicorp/azurerm\"]",
      "instances": []
    },
    {
      "module": "module.app-service",
      "mode": "managed",
      "type": "azurerm_private_dns_zone_virtual_network_link",
      "name": "fcsd",
      "provider": "provider[\"registry.terraform.io/hashicorp/azurerm\"]",
      "instances": []
    },
    {
      "module": "module.app-service",
      "mode": "managed",
      "type": "azurerm_private_dns_zone_virtual_network_link",
      "name": "lpa",
      "provider": "provider[\"registry.terraform.io/hashicorp/azurerm\"]",
      "instances": []
    },
    {
      "module": "module.app-service",
      "mode": "managed",
      "type": "azurerm_private_dns_zone_virtual_network_link",
      "name": "mzsa",
      "provider": "provider[\"registry.terraform.io/hashicorp/azurerm\"]",
      "instances": []
    },
    {
      "module": "module.app-service",
      "mode": "managed",
      "type": "azurerm_private_dns_zone_virtual_network_link",
      "name": "nwp",
      "provider": "provider[\"registry.terraform.io/hashicorp/azurerm\"]",
      "instances": []
    },
    {
      "module": "module.app-service",
      "mode": "managed",
      "type": "azurerm_private_dns_zone_virtual_network_link",
      "name": "zhrz",
      "provider": "provider[\"registry.terraform.io/hashicorp/azurerm\"]",
      "instances": []
    },
    {
      "module": "module.app-service",
      "mode": "managed",
      "type": "azurerm_private_endpoint",
      "name": "endpoint_api",
      "provider": "provider[\"registry.terraform.io/hashicorp/azurerm\"]",
      "instances": [
        {
          "schema_version": 0,
          "attributes": {
            "custom_dns_configs": [
              {
                "fqdn": "zgebs-wb-dev-api-wapp-ne-0598.azurewebsites.net",
                "ip_addresses": [
                  "10.0.4.13"
                ]
              },
              {
                "fqdn": "zgebs-wb-dev-api-wapp-ne-0598.scm.azurewebsites.net",
                "ip_addresses": [
                  "10.0.4.13"
                ]
              }
            ],
            "custom_network_interface_name": "",
            "id": "/subscriptions/fec1a8c7-3053-43ab-b51d-9fcc38bd9399/resourceGroups/zgebs-workbench-dev-application-rg/providers/Microsoft.Network/privateEndpoints/zgebs-wb-dev-apiwapp-pe-ne",
            "ip_configuration": [],
            "location": "northeurope",
            "name": "zgebs-wb-dev-apiwapp-pe-ne",
            "network_interface": [
              {
                "id": "/subscriptions/fec1a8c7-3053-43ab-b51d-9fcc38bd9399/resourceGroups/zgebs-workbench-dev-application-rg/providers/Microsoft.Network/networkInterfaces/zgebs-wb-dev-apiwapp-pe-ne.nic.6eebc3d9-151c-474d-b39f-562a41c97bda",
                "name": "zgebs-wb-dev-apiwapp-pe-ne.nic.6eebc3d9-151c-474d-b39f-562a41c97bda"
              }
            ],
            "private_dns_zone_configs": [],
            "private_dns_zone_group": [],
            "private_service_connection": [
              {
                "is_manual_connection": false,
                "name": "private-connection-name-api",
                "private_connection_resource_alias": "",
                "private_connection_resource_id": "/subscriptions/fec1a8c7-3053-43ab-b51d-9fcc38bd9399/resourceGroups/zgebs-workbench-dev-application-rg/providers/Microsoft.Web/sites/zgebs-wb-dev-api-wapp-ne-0598",
                "private_ip_address": "10.0.4.13",
                "request_message": "",
                "subresource_names": [
                  "sites"
                ]
              }
            ],
            "resource_group_name": "zgebs-workbench-dev-application-rg",
            "subnet_id": "/subscriptions/fec1a8c7-3053-43ab-b51d-9fcc38bd9399/resourceGroups/zgebs-workbench-dev-neu-vnet-rg/providers/Microsoft.Network/virtualNetworks/workbench-dev-neu-vnet/subnets/zgebs-wb-dev-snet-webin-ne01",
            "tags": null,
            "timeouts": null
          },
          "sensitive_attributes": [],
          "private": "eyJlMmJmYjczMC1lY2FhLTExZTYtOGY4OC0zNDM2M2JjN2M0YzAiOnsiY3JlYXRlIjozNjAwMDAwMDAwMDAwLCJkZWxldGUiOjM2MDAwMDAwMDAwMDAsInJlYWQiOjMwMDAwMDAwMDAwMCwidXBkYXRlIjozNjAwMDAwMDAwMDAwfX0=",
          "dependencies": [
            "module.app-service.azurerm_resource_group.app",
            "module.app-service.azurerm_service_plan.app",
            "module.app-service.azurerm_windows_web_app.api_webapp",
            "module.app-service.data.azurerm_subnet.snet_webin_ds"
          ]
        }
      ]
    },
    {
      "module": "module.app-service",
      "mode": "managed",
      "type": "azurerm_private_endpoint",
      "name": "endpoint_dgv",
      "provider": "provider[\"registry.terraform.io/hashicorp/azurerm\"]",
      "instances": [
        {
          "schema_version": 0,
          "attributes": {
            "custom_dns_configs": [
              {
                "fqdn": "zgebs-wb-dev-dgv-wapp-ne-0598.azurewebsites.net",
                "ip_addresses": [
                  "10.0.4.12"
                ]
              },
              {
                "fqdn": "zgebs-wb-dev-dgv-wapp-ne-0598.scm.azurewebsites.net",
                "ip_addresses": [
                  "10.0.4.12"
                ]
              }
            ],
            "custom_network_interface_name": "",
            "id": "/subscriptions/fec1a8c7-3053-43ab-b51d-9fcc38bd9399/resourceGroups/zgebs-workbench-dev-application-rg/providers/Microsoft.Network/privateEndpoints/zgebs-wb-dev-dgowapp-pe-ne",
            "ip_configuration": [],
            "location": "northeurope",
            "name": "zgebs-wb-dev-dgowapp-pe-ne",
            "network_interface": [
              {
                "id": "/subscriptions/fec1a8c7-3053-43ab-b51d-9fcc38bd9399/resourceGroups/zgebs-workbench-dev-application-rg/providers/Microsoft.Network/networkInterfaces/zgebs-wb-dev-dgowapp-pe-ne.nic.a576334c-6bdc-4e81-9a66-7f90b3cc1720",
                "name": "zgebs-wb-dev-dgowapp-pe-ne.nic.a576334c-6bdc-4e81-9a66-7f90b3cc1720"
              }
            ],
            "private_dns_zone_configs": [],
            "private_dns_zone_group": [],
            "private_service_connection": [
              {
                "is_manual_connection": false,
                "name": "private-connection-name-dgv",
                "private_connection_resource_alias": "",
                "private_connection_resource_id": "/subscriptions/fec1a8c7-3053-43ab-b51d-9fcc38bd9399/resourceGroups/zgebs-workbench-dev-application-rg/providers/Microsoft.Web/sites/zgebs-wb-dev-dgv-wapp-ne-0598",
                "private_ip_address": "10.0.4.12",
                "request_message": "",
                "subresource_names": [
                  "sites"
                ]
              }
            ],
            "resource_group_name": "zgebs-workbench-dev-application-rg",
            "subnet_id": "/subscriptions/fec1a8c7-3053-43ab-b51d-9fcc38bd9399/resourceGroups/zgebs-workbench-dev-neu-vnet-rg/providers/Microsoft.Network/virtualNetworks/workbench-dev-neu-vnet/subnets/zgebs-wb-dev-snet-webin-ne01",
            "tags": null,
            "timeouts": null
          },
          "sensitive_attributes": [],
          "private": "eyJlMmJmYjczMC1lY2FhLTExZTYtOGY4OC0zNDM2M2JjN2M0YzAiOnsiY3JlYXRlIjozNjAwMDAwMDAwMDAwLCJkZWxldGUiOjM2MDAwMDAwMDAwMDAsInJlYWQiOjMwMDAwMDAwMDAwMCwidXBkYXRlIjozNjAwMDAwMDAwMDAwfX0=",
          "dependencies": [
            "module.app-service.azurerm_resource_group.app",
            "module.app-service.azurerm_service_plan.app",
            "module.app-service.azurerm_windows_web_app.dgv_webapp",
            "module.app-service.data.azurerm_subnet.snet_webin_ds"
          ]
        }
      ]
    },
    {
      "module": "module.app-service",
      "mode": "managed",
      "type": "azurerm_private_endpoint",
      "name": "endpoint_fcsd",
      "provider": "provider[\"registry.terraform.io/hashicorp/azurerm\"]",
      "instances": [
        {
          "schema_version": 0,
          "attributes": {
            "custom_dns_configs": [
              {
                "fqdn": "zgebs-wb-dev-fcsd-wapp-ne-0598.azurewebsites.net",
                "ip_addresses": [
                  "10.0.4.11"
                ]
              },
              {
                "fqdn": "zgebs-wb-dev-fcsd-wapp-ne-0598.scm.azurewebsites.net",
                "ip_addresses": [
                  "10.0.4.11"
                ]
              }
            ],
            "custom_network_interface_name": "",
            "id": "/subscriptions/fec1a8c7-3053-43ab-b51d-9fcc38bd9399/resourceGroups/zgebs-workbench-dev-application-rg/providers/Microsoft.Network/privateEndpoints/zgebs-wb-dev-fcsdwapp-pe-ne",
            "ip_configuration": [],
            "location": "northeurope",
            "name": "zgebs-wb-dev-fcsdwapp-pe-ne",
            "network_interface": [
              {
                "id": "/subscriptions/fec1a8c7-3053-43ab-b51d-9fcc38bd9399/resourceGroups/zgebs-workbench-dev-application-rg/providers/Microsoft.Network/networkInterfaces/zgebs-wb-dev-fcsdwapp-pe-ne.nic.a71a170b-9424-401d-84d7-a16c6605f456",
                "name": "zgebs-wb-dev-fcsdwapp-pe-ne.nic.a71a170b-9424-401d-84d7-a16c6605f456"
              }
            ],
            "private_dns_zone_configs": [],
            "private_dns_zone_group": [],
            "private_service_connection": [
              {
                "is_manual_connection": false,
                "name": "private-connection-name-fcsd",
                "private_connection_resource_alias": "",
                "private_connection_resource_id": "/subscriptions/fec1a8c7-3053-43ab-b51d-9fcc38bd9399/resourceGroups/zgebs-workbench-dev-application-rg/providers/Microsoft.Web/sites/zgebs-wb-dev-fcsd-wapp-ne-0598",
                "private_ip_address": "10.0.4.11",
                "request_message": "",
                "subresource_names": [
                  "sites"
                ]
              }
            ],
            "resource_group_name": "zgebs-workbench-dev-application-rg",
            "subnet_id": "/subscriptions/fec1a8c7-3053-43ab-b51d-9fcc38bd9399/resourceGroups/zgebs-workbench-dev-neu-vnet-rg/providers/Microsoft.Network/virtualNetworks/workbench-dev-neu-vnet/subnets/zgebs-wb-dev-snet-webin-ne01",
            "tags": null,
            "timeouts": null
          },
          "sensitive_attributes": [],
          "private": "eyJlMmJmYjczMC1lY2FhLTExZTYtOGY4OC0zNDM2M2JjN2M0YzAiOnsiY3JlYXRlIjozNjAwMDAwMDAwMDAwLCJkZWxldGUiOjM2MDAwMDAwMDAwMDAsInJlYWQiOjMwMDAwMDAwMDAwMCwidXBkYXRlIjozNjAwMDAwMDAwMDAwfX0=",
          "dependencies": [
            "module.app-service.azurerm_resource_group.app",
            "module.app-service.azurerm_service_plan.app",
            "module.app-service.azurerm_windows_web_app.fcsd_webapp",
            "module.app-service.data.azurerm_subnet.snet_webin_ds"
          ]
        }
      ]
    },
    {
      "module": "module.app-service",
      "mode": "managed",
      "type": "azurerm_private_endpoint",
      "name": "endpoint_lpa",
      "provider": "provider[\"registry.terraform.io/hashicorp/azurerm\"]",
      "instances": [
        {
          "schema_version": 0,
          "attributes": {
            "custom_dns_configs": [
              {
                "fqdn": "zgebs-wb-dev-lpa-wapp-ne-0598.azurewebsites.net",
                "ip_addresses": [
                  "10.0.4.17"
                ]
              },
              {
                "fqdn": "zgebs-wb-dev-lpa-wapp-ne-0598.scm.azurewebsites.net",
                "ip_addresses": [
                  "10.0.4.17"
                ]
              }
            ],
            "custom_network_interface_name": "",
            "id": "/subscriptions/fec1a8c7-3053-43ab-b51d-9fcc38bd9399/resourceGroups/zgebs-workbench-dev-application-rg/providers/Microsoft.Network/privateEndpoints/zgebs-wb-dev-lpawapp-pe-ne",
            "ip_configuration": [],
            "location": "northeurope",
            "name": "zgebs-wb-dev-lpawapp-pe-ne",
            "network_interface": [
              {
                "id": "/subscriptions/fec1a8c7-3053-43ab-b51d-9fcc38bd9399/resourceGroups/zgebs-workbench-dev-application-rg/providers/Microsoft.Network/networkInterfaces/zgebs-wb-dev-lpawapp-pe-ne.nic.da06bc1a-e119-4188-bc9e-8570174cac23",
                "name": "zgebs-wb-dev-lpawapp-pe-ne.nic.da06bc1a-e119-4188-bc9e-8570174cac23"
              }
            ],
            "private_dns_zone_configs": [],
            "private_dns_zone_group": [],
            "private_service_connection": [
              {
                "is_manual_connection": false,
                "name": "private-connection-name-lpa",
                "private_connection_resource_alias": "",
                "private_connection_resource_id": "/subscriptions/fec1a8c7-3053-43ab-b51d-9fcc38bd9399/resourceGroups/zgebs-workbench-dev-application-rg/providers/Microsoft.Web/sites/zgebs-wb-dev-lpa-wapp-ne-0598",
                "private_ip_address": "10.0.4.17",
                "request_message": "",
                "subresource_names": [
                  "sites"
                ]
              }
            ],
            "resource_group_name": "zgebs-workbench-dev-application-rg",
            "subnet_id": "/subscriptions/fec1a8c7-3053-43ab-b51d-9fcc38bd9399/resourceGroups/zgebs-workbench-dev-neu-vnet-rg/providers/Microsoft.Network/virtualNetworks/workbench-dev-neu-vnet/subnets/zgebs-wb-dev-snet-webin-ne01",
            "tags": null,
            "timeouts": null
          },
          "sensitive_attributes": [],
          "private": "eyJlMmJmYjczMC1lY2FhLTExZTYtOGY4OC0zNDM2M2JjN2M0YzAiOnsiY3JlYXRlIjozNjAwMDAwMDAwMDAwLCJkZWxldGUiOjM2MDAwMDAwMDAwMDAsInJlYWQiOjMwMDAwMDAwMDAwMCwidXBkYXRlIjozNjAwMDAwMDAwMDAwfX0=",
          "dependencies": [
            "module.app-service.azurerm_resource_group.app",
            "module.app-service.azurerm_service_plan.app",
            "module.app-service.azurerm_windows_web_app.lpa_webapp",
            "module.app-service.data.azurerm_subnet.snet_webin_ds"
          ]
        }
      ]
    },
    {
      "module": "module.app-service",
      "mode": "managed",
      "type": "azurerm_private_endpoint",
      "name": "endpoint_mzsa",
      "provider": "provider[\"registry.terraform.io/hashicorp/azurerm\"]",
      "instances": [
        {
          "schema_version": 0,
          "attributes": {
            "custom_dns_configs": [
              {
                "fqdn": "zgebs-wb-dev-mzsa-wapp-ne-0598.azurewebsites.net",
                "ip_addresses": [
                  "10.0.4.15"
                ]
              },
              {
                "fqdn": "zgebs-wb-dev-mzsa-wapp-ne-0598.scm.azurewebsites.net",
                "ip_addresses": [
                  "10.0.4.15"
                ]
              }
            ],
            "custom_network_interface_name": "",
            "id": "/subscriptions/fec1a8c7-3053-43ab-b51d-9fcc38bd9399/resourceGroups/zgebs-workbench-dev-application-rg/providers/Microsoft.Network/privateEndpoints/zgebs-wb-dev-mzsawapp-pe-ne",
            "ip_configuration": [],
            "location": "northeurope",
            "name": "zgebs-wb-dev-mzsawapp-pe-ne",
            "network_interface": [
              {
                "id": "/subscriptions/fec1a8c7-3053-43ab-b51d-9fcc38bd9399/resourceGroups/zgebs-workbench-dev-application-rg/providers/Microsoft.Network/networkInterfaces/zgebs-wb-dev-mzsawapp-pe-ne.nic.a2e21c68-cd64-4eb9-a83d-7b58a5b45104",
                "name": "zgebs-wb-dev-mzsawapp-pe-ne.nic.a2e21c68-cd64-4eb9-a83d-7b58a5b45104"
              }
            ],
            "private_dns_zone_configs": [],
            "private_dns_zone_group": [],
            "private_service_connection": [
              {
                "is_manual_connection": false,
                "name": "private-connection-name-mzsa",
                "private_connection_resource_alias": "",
                "private_connection_resource_id": "/subscriptions/fec1a8c7-3053-43ab-b51d-9fcc38bd9399/resourceGroups/zgebs-workbench-dev-application-rg/providers/Microsoft.Web/sites/zgebs-wb-dev-mzsa-wapp-ne-0598",
                "private_ip_address": "10.0.4.15",
                "request_message": "",
                "subresource_names": [
                  "sites"
                ]
              }
            ],
            "resource_group_name": "zgebs-workbench-dev-application-rg",
            "subnet_id": "/subscriptions/fec1a8c7-3053-43ab-b51d-9fcc38bd9399/resourceGroups/zgebs-workbench-dev-neu-vnet-rg/providers/Microsoft.Network/virtualNetworks/workbench-dev-neu-vnet/subnets/zgebs-wb-dev-snet-webin-ne01",
            "tags": null,
            "timeouts": null
          },
          "sensitive_attributes": [],
          "private": "eyJlMmJmYjczMC1lY2FhLTExZTYtOGY4OC0zNDM2M2JjN2M0YzAiOnsiY3JlYXRlIjozNjAwMDAwMDAwMDAwLCJkZWxldGUiOjM2MDAwMDAwMDAwMDAsInJlYWQiOjMwMDAwMDAwMDAwMCwidXBkYXRlIjozNjAwMDAwMDAwMDAwfX0=",
          "dependencies": [
            "module.app-service.azurerm_resource_group.app",
            "module.app-service.azurerm_service_plan.app",
            "module.app-service.azurerm_windows_web_app.mzsa_webapp",
            "module.app-service.data.azurerm_subnet.snet_webin_ds"
          ]
        }
      ]
    },
    {
      "module": "module.app-service",
      "mode": "managed",
      "type": "azurerm_private_endpoint",
      "name": "endpoint_nwp",
      "provider": "provider[\"registry.terraform.io/hashicorp/azurerm\"]",
      "instances": [
        {
          "schema_version": 0,
          "attributes": {
            "custom_dns_configs": [
              {
                "fqdn": "zgebs-wb-dev-nwp-wapp-ne-0598.azurewebsites.net",
                "ip_addresses": [
                  "10.0.4.14"
                ]
              },
              {
                "fqdn": "zgebs-wb-dev-nwp-wapp-ne-0598.scm.azurewebsites.net",
                "ip_addresses": [
                  "10.0.4.14"
                ]
              }
            ],
            "custom_network_interface_name": "",
            "id": "/subscriptions/fec1a8c7-3053-43ab-b51d-9fcc38bd9399/resourceGroups/zgebs-workbench-dev-application-rg/providers/Microsoft.Network/privateEndpoints/zgebs-wb-dev-nwpwapp-pe-ne",
            "ip_configuration": [],
            "location": "northeurope",
            "name": "zgebs-wb-dev-nwpwapp-pe-ne",
            "network_interface": [
              {
                "id": "/subscriptions/fec1a8c7-3053-43ab-b51d-9fcc38bd9399/resourceGroups/zgebs-workbench-dev-application-rg/providers/Microsoft.Network/networkInterfaces/zgebs-wb-dev-nwpwapp-pe-ne.nic.1855ab73-ce35-4eb7-93ed-6b1f5a324065",
                "name": "zgebs-wb-dev-nwpwapp-pe-ne.nic.1855ab73-ce35-4eb7-93ed-6b1f5a324065"
              }
            ],
            "private_dns_zone_configs": [],
            "private_dns_zone_group": [],
            "private_service_connection": [
              {
                "is_manual_connection": false,
                "name": "private-connection-name-nwp",
                "private_connection_resource_alias": "",
                "private_connection_resource_id": "/subscriptions/fec1a8c7-3053-43ab-b51d-9fcc38bd9399/resourceGroups/zgebs-workbench-dev-application-rg/providers/Microsoft.Web/sites/zgebs-wb-dev-nwp-wapp-ne-0598",
                "private_ip_address": "10.0.4.14",
                "request_message": "",
                "subresource_names": [
                  "sites"
                ]
              }
            ],
            "resource_group_name": "zgebs-workbench-dev-application-rg",
            "subnet_id": "/subscriptions/fec1a8c7-3053-43ab-b51d-9fcc38bd9399/resourceGroups/zgebs-workbench-dev-neu-vnet-rg/providers/Microsoft.Network/virtualNetworks/workbench-dev-neu-vnet/subnets/zgebs-wb-dev-snet-webin-ne01",
            "tags": null,
            "timeouts": null
          },
          "sensitive_attributes": [],
          "private": "eyJlMmJmYjczMC1lY2FhLTExZTYtOGY4OC0zNDM2M2JjN2M0YzAiOnsiY3JlYXRlIjozNjAwMDAwMDAwMDAwLCJkZWxldGUiOjM2MDAwMDAwMDAwMDAsInJlYWQiOjMwMDAwMDAwMDAwMCwidXBkYXRlIjozNjAwMDAwMDAwMDAwfX0=",
          "dependencies": [
            "module.app-service.azurerm_resource_group.app",
            "module.app-service.azurerm_service_plan.app",
            "module.app-service.azurerm_windows_web_app.nwp_webapp",
            "module.app-service.data.azurerm_subnet.snet_webin_ds"
          ]
        }
      ]
    },
    {
      "module": "module.app-service",
      "mode": "managed",
      "type": "azurerm_private_endpoint",
      "name": "endpoint_zhrz",
      "provider": "provider[\"registry.terraform.io/hashicorp/azurerm\"]",
      "instances": [
        {
          "schema_version": 0,
          "attributes": {
            "custom_dns_configs": [
              {
                "fqdn": "zgebs-wb-dev-zhrz-wapp-ne-0598.azurewebsites.net",
                "ip_addresses": [
                  "10.0.4.16"
                ]
              },
              {
                "fqdn": "zgebs-wb-dev-zhrz-wapp-ne-0598.scm.azurewebsites.net",
                "ip_addresses": [
                  "10.0.4.16"
                ]
              }
            ],
            "custom_network_interface_name": "",
            "id": "/subscriptions/fec1a8c7-3053-43ab-b51d-9fcc38bd9399/resourceGroups/zgebs-workbench-dev-application-rg/providers/Microsoft.Network/privateEndpoints/zgebs-wb-dev-zhrzwapp-pe-ne",
            "ip_configuration": [],
            "location": "northeurope",
            "name": "zgebs-wb-dev-zhrzwapp-pe-ne",
            "network_interface": [
              {
                "id": "/subscriptions/fec1a8c7-3053-43ab-b51d-9fcc38bd9399/resourceGroups/zgebs-workbench-dev-application-rg/providers/Microsoft.Network/networkInterfaces/zgebs-wb-dev-zhrzwapp-pe-ne.nic.78ee18fa-2201-46e8-9a88-fd1a169f3f72",
                "name": "zgebs-wb-dev-zhrzwapp-pe-ne.nic.78ee18fa-2201-46e8-9a88-fd1a169f3f72"
              }
            ],
            "private_dns_zone_configs": [],
            "private_dns_zone_group": [],
            "private_service_connection": [
              {
                "is_manual_connection": false,
                "name": "private-connection-name-zhrz",
                "private_connection_resource_alias": "",
                "private_connection_resource_id": "/subscriptions/fec1a8c7-3053-43ab-b51d-9fcc38bd9399/resourceGroups/zgebs-workbench-dev-application-rg/providers/Microsoft.Web/sites/zgebs-wb-dev-zhrz-wapp-ne-0598",
                "private_ip_address": "10.0.4.16",
                "request_message": "",
                "subresource_names": [
                  "sites"
                ]
              }
            ],
            "resource_group_name": "zgebs-workbench-dev-application-rg",
            "subnet_id": "/subscriptions/fec1a8c7-3053-43ab-b51d-9fcc38bd9399/resourceGroups/zgebs-workbench-dev-neu-vnet-rg/providers/Microsoft.Network/virtualNetworks/workbench-dev-neu-vnet/subnets/zgebs-wb-dev-snet-webin-ne01",
            "tags": null,
            "timeouts": null
          },
          "sensitive_attributes": [],
          "private": "eyJlMmJmYjczMC1lY2FhLTExZTYtOGY4OC0zNDM2M2JjN2M0YzAiOnsiY3JlYXRlIjozNjAwMDAwMDAwMDAwLCJkZWxldGUiOjM2MDAwMDAwMDAwMDAsInJlYWQiOjMwMDAwMDAwMDAwMCwidXBkYXRlIjozNjAwMDAwMDAwMDAwfX0=",
          "dependencies": [
            "module.app-service.azurerm_resource_group.app",
            "module.app-service.azurerm_service_plan.app",
            "module.app-service.azurerm_windows_web_app.zhrz_webapp",
            "module.app-service.data.azurerm_subnet.snet_webin_ds"
          ]
        }
      ]
    },
    {
      "module": "module.app-service",
      "mode": "managed",
      "type": "azurerm_resource_group",
      "name": "app",
      "provider": "provider[\"registry.terraform.io/hashicorp/azurerm\"]",
      "instances": [
        {
          "schema_version": 0,
          "attributes": {
            "id": "/subscriptions/fec1a8c7-3053-43ab-b51d-9fcc38bd9399/resourceGroups/zgebs-workbench-dev-application-rg",
            "location": "northeurope",
            "name": "zgebs-workbench-dev-application-rg",
            "tags": {},
            "timeouts": null
          },
          "sensitive_attributes": [],
          "private": "eyJlMmJmYjczMC1lY2FhLTExZTYtOGY4OC0zNDM2M2JjN2M0YzAiOnsiY3JlYXRlIjo1NDAwMDAwMDAwMDAwLCJkZWxldGUiOjU0MDAwMDAwMDAwMDAsInJlYWQiOjMwMDAwMDAwMDAwMCwidXBkYXRlIjo1NDAwMDAwMDAwMDAwfX0="
        }
      ]
    },
    {
      "module": "module.app-service",
      "mode": "managed",
      "type": "azurerm_service_plan",
      "name": "app",
      "provider": "provider[\"registry.terraform.io/hashicorp/azurerm\"]",
      "instances": [
        {
          "schema_version": 0,
          "attributes": {
            "app_service_environment_id": "",
            "id": "/subscriptions/fec1a8c7-3053-43ab-b51d-9fcc38bd9399/resourceGroups/zgebs-workbench-dev-application-rg/providers/Microsoft.Web/serverfarms/plan-1987010878",
            "kind": "app",
            "location": "northeurope",
            "maximum_elastic_worker_count": 1,
            "name": "plan-1987010878",
            "os_type": "Windows",
            "per_site_scaling_enabled": false,
            "reserved": false,
            "resource_group_name": "zgebs-workbench-dev-application-rg",
            "sku_name": "P1v2",
            "tags": null,
            "timeouts": null,
            "worker_count": 1,
            "zone_balancing_enabled": false
          },
          "sensitive_attributes": [],
          "private": "eyJlMmJmYjczMC1lY2FhLTExZTYtOGY4OC0zNDM2M2JjN2M0YzAiOnsiY3JlYXRlIjozNjAwMDAwMDAwMDAwLCJkZWxldGUiOjM2MDAwMDAwMDAwMDAsInJlYWQiOjMwMDAwMDAwMDAwMCwidXBkYXRlIjozNjAwMDAwMDAwMDAwfX0="
        }
      ]
    },
    {
      "module": "module.app-service",
      "mode": "managed",
      "type": "azurerm_windows_web_app",
      "name": "api_webapp",
      "provider": "provider[\"registry.terraform.io/hashicorp/azurerm\"]",
      "instances": [
        {
          "schema_version": 0,
          "attributes": {
            "app_settings": null,
            "auth_settings": [],
            "auth_settings_v2": [],
            "backup": [],
            "client_affinity_enabled": false,
            "client_certificate_enabled": false,
            "client_certificate_exclusion_paths": "",
            "client_certificate_mode": "Required",
            "connection_string": [],
            "custom_domain_verification_id": "EF7ACC1196953A72EBB1B51C1D448D1699325C9A9CF7820D51A90BE70736BE63",
            "default_hostname": "zgebs-wb-dev-api-wapp-ne-0598.azurewebsites.net",
            "enabled": true,
            "https_only": false,
            "id": "/subscriptions/fec1a8c7-3053-43ab-b51d-9fcc38bd9399/resourceGroups/zgebs-workbench-dev-application-rg/providers/Microsoft.Web/sites/zgebs-wb-dev-api-wapp-ne-0598",
            "identity": [],
            "key_vault_reference_identity_id": "SystemAssigned",
            "kind": "app",
            "location": "northeurope",
            "logs": [],
            "name": "zgebs-wb-dev-api-wapp-ne-0598",
            "outbound_ip_address_list": [
              "20.105.84.63",
              "20.105.84.70",
              "20.105.84.81",
              "20.105.84.88",
              "20.105.84.97",
              "20.105.84.105",
              "20.107.224.11"
            ],
            "outbound_ip_addresses": "20.105.84.63,20.105.84.70,20.105.84.81,20.105.84.88,20.105.84.97,20.105.84.105,20.107.224.11",
            "possible_outbound_ip_address_list": [
              "20.105.83.105",
              "20.105.83.188",
              "20.105.83.204",
              "20.105.83.224",
              "20.105.84.46",
              "20.105.84.61",
              "20.105.84.63",
              "20.105.84.70",
              "20.105.84.81",
              "20.105.84.88",
              "20.105.84.97",
              "20.105.84.105",
              "20.105.84.112",
              "20.105.84.121",
              "20.105.84.161",
              "20.105.84.183",
              "20.105.84.221",
              "20.105.84.222",
              "20.105.81.111",
              "20.105.84.232",
              "20.105.85.15",
              "20.105.85.21",
              "20.105.85.22",
              "20.105.85.31",
              "20.105.85.34",
              "20.105.85.44",
              "20.105.85.50",
              "20.105.85.79",
              "20.105.80.52",
              "20.105.80.53",
              "20.107.224.11"
            ],
            "possible_outbound_ip_addresses": "20.105.83.105,20.105.83.188,20.105.83.204,20.105.83.224,20.105.84.46,20.105.84.61,20.105.84.63,20.105.84.70,20.105.84.81,20.105.84.88,20.105.84.97,20.105.84.105,20.105.84.112,20.105.84.121,20.105.84.161,20.105.84.183,20.105.84.221,20.105.84.222,20.105.81.111,20.105.84.232,20.105.85.15,20.105.85.21,20.105.85.22,20.105.85.31,20.105.85.34,20.105.85.44,20.105.85.50,20.105.85.79,20.105.80.52,20.105.80.53,20.107.224.11",
            "resource_group_name": "zgebs-workbench-dev-application-rg",
            "service_plan_id": "/subscriptions/fec1a8c7-3053-43ab-b51d-9fcc38bd9399/resourceGroups/zgebs-workbench-dev-application-rg/providers/Microsoft.Web/serverfarms/plan-1987010878",
            "site_config": [
              {
                "always_on": true,
                "api_definition_url": "",
                "api_management_api_id": "",
                "app_command_line": "",
                "application_stack": [
                  {
                    "current_stack": "",
                    "docker_container_name": "",
                    "docker_container_registry": "",
                    "docker_container_tag": "",
                    "dotnet_core_version": "",
                    "dotnet_version": "",
                    "java_container": "",
                    "java_container_version": "",
                    "java_embedded_server_enabled": false,
                    "java_version": "",
                    "node_version": "",
                    "php_version": "5.6",
                    "python": false,
                    "python_version": "",
                    "tomcat_version": ""
                  }
                ],
                "auto_heal_enabled": false,
                "auto_heal_setting": [],
                "container_registry_managed_identity_client_id": "",
                "container_registry_use_managed_identity": false,
                "cors": [],
                "default_documents": [
                  "Default.htm",
                  "Default.html",
                  "Default.asp",
                  "index.htm",
                  "index.html",
                  "iisstart.htm",
                  "default.aspx",
                  "index.php",
                  "hostingstart.html"
                ],
                "detailed_error_logging_enabled": false,
                "ftps_state": "Disabled",
                "health_check_eviction_time_in_min": 0,
                "health_check_path": "",
                "http2_enabled": false,
                "ip_restriction": [],
                "linux_fx_version": "",
                "load_balancing_mode": "LeastRequests",
                "local_mysql_enabled": false,
                "managed_pipeline_mode": "Integrated",
                "minimum_tls_version": "1.2",
                "remote_debugging_enabled": false,
                "remote_debugging_version": "VS2019",
                "scm_ip_restriction": [],
                "scm_minimum_tls_version": "1.2",
                "scm_type": "None",
                "scm_use_main_ip_restriction": false,
                "use_32_bit_worker": true,
                "virtual_application": [],
                "vnet_route_all_enabled": false,
                "websockets_enabled": false,
                "windows_fx_version": "",
                "worker_count": 1
              }
            ],
            "site_credential": [
              {
                "name": "$zgebs-wb-dev-api-wapp-ne-0598",
                "password": "cW7HPF8QN3wwKAjCN4wu6KZo6QgwaQbcyQuQA43Pcgu3ZRRtE2smWhqsdbsD"
              }
            ],
            "sticky_settings": [],
            "storage_account": [],
            "tags": null,
            "timeouts": null,
            "virtual_network_subnet_id": "",
            "zip_deploy_file": ""
          },
          "sensitive_attributes": [],
          "private": "eyJlMmJmYjczMC1lY2FhLTExZTYtOGY4OC0zNDM2M2JjN2M0YzAiOnsiY3JlYXRlIjoxODAwMDAwMDAwMDAwLCJkZWxldGUiOjE4MDAwMDAwMDAwMDAsInJlYWQiOjMwMDAwMDAwMDAwMCwidXBkYXRlIjoxODAwMDAwMDAwMDAwfX0=",
          "dependencies": [
            "module.app-service.azurerm_service_plan.app"
          ]
        }
      ]
    },
    {
      "module": "module.app-service",
      "mode": "managed",
      "type": "azurerm_windows_web_app",
      "name": "dgv_webapp",
      "provider": "provider[\"registry.terraform.io/hashicorp/azurerm\"]",
      "instances": [
        {
          "schema_version": 0,
          "attributes": {
            "app_settings": null,
            "auth_settings": [],
            "auth_settings_v2": [],
            "backup": [],
            "client_affinity_enabled": false,
            "client_certificate_enabled": false,
            "client_certificate_exclusion_paths": "",
            "client_certificate_mode": "Required",
            "connection_string": [],
            "custom_domain_verification_id": "EF7ACC1196953A72EBB1B51C1D448D1699325C9A9CF7820D51A90BE70736BE63",
            "default_hostname": "zgebs-wb-dev-dgv-wapp-ne-0598.azurewebsites.net",
            "enabled": true,
            "https_only": false,
            "id": "/subscriptions/fec1a8c7-3053-43ab-b51d-9fcc38bd9399/resourceGroups/zgebs-workbench-dev-application-rg/providers/Microsoft.Web/sites/zgebs-wb-dev-dgv-wapp-ne-0598",
            "identity": [],
            "key_vault_reference_identity_id": "SystemAssigned",
            "kind": "app",
            "location": "northeurope",
            "logs": [],
            "name": "zgebs-wb-dev-dgv-wapp-ne-0598",
            "outbound_ip_address_list": [
              "20.105.84.63",
              "20.105.84.70",
              "20.105.84.81",
              "20.105.84.88",
              "20.105.84.97",
              "20.105.84.105",
              "20.107.224.11"
            ],
            "outbound_ip_addresses": "20.105.84.63,20.105.84.70,20.105.84.81,20.105.84.88,20.105.84.97,20.105.84.105,20.107.224.11",
            "possible_outbound_ip_address_list": [
              "20.105.83.105",
              "20.105.83.188",
              "20.105.83.204",
              "20.105.83.224",
              "20.105.84.46",
              "20.105.84.61",
              "20.105.84.63",
              "20.105.84.70",
              "20.105.84.81",
              "20.105.84.88",
              "20.105.84.97",
              "20.105.84.105",
              "20.105.84.112",
              "20.105.84.121",
              "20.105.84.161",
              "20.105.84.183",
              "20.105.84.221",
              "20.105.84.222",
              "20.105.81.111",
              "20.105.84.232",
              "20.105.85.15",
              "20.105.85.21",
              "20.105.85.22",
              "20.105.85.31",
              "20.105.85.34",
              "20.105.85.44",
              "20.105.85.50",
              "20.105.85.79",
              "20.105.80.52",
              "20.105.80.53",
              "20.107.224.11"
            ],
            "possible_outbound_ip_addresses": "20.105.83.105,20.105.83.188,20.105.83.204,20.105.83.224,20.105.84.46,20.105.84.61,20.105.84.63,20.105.84.70,20.105.84.81,20.105.84.88,20.105.84.97,20.105.84.105,20.105.84.112,20.105.84.121,20.105.84.161,20.105.84.183,20.105.84.221,20.105.84.222,20.105.81.111,20.105.84.232,20.105.85.15,20.105.85.21,20.105.85.22,20.105.85.31,20.105.85.34,20.105.85.44,20.105.85.50,20.105.85.79,20.105.80.52,20.105.80.53,20.107.224.11",
            "resource_group_name": "zgebs-workbench-dev-application-rg",
            "service_plan_id": "/subscriptions/fec1a8c7-3053-43ab-b51d-9fcc38bd9399/resourceGroups/zgebs-workbench-dev-application-rg/providers/Microsoft.Web/serverfarms/plan-1987010878",
            "site_config": [
              {
                "always_on": true,
                "api_definition_url": "",
                "api_management_api_id": "",
                "app_command_line": "",
                "application_stack": [
                  {
                    "current_stack": "",
                    "docker_container_name": "",
                    "docker_container_registry": "",
                    "docker_container_tag": "",
                    "dotnet_core_version": "",
                    "dotnet_version": "",
                    "java_container": "",
                    "java_container_version": "",
                    "java_embedded_server_enabled": false,
                    "java_version": "",
                    "node_version": "",
                    "php_version": "5.6",
                    "python": false,
                    "python_version": "",
                    "tomcat_version": ""
                  }
                ],
                "auto_heal_enabled": false,
                "auto_heal_setting": [],
                "container_registry_managed_identity_client_id": "",
                "container_registry_use_managed_identity": false,
                "cors": [],
                "default_documents": [
                  "Default.htm",
                  "Default.html",
                  "Default.asp",
                  "index.htm",
                  "index.html",
                  "iisstart.htm",
                  "default.aspx",
                  "index.php",
                  "hostingstart.html"
                ],
                "detailed_error_logging_enabled": false,
                "ftps_state": "Disabled",
                "health_check_eviction_time_in_min": 0,
                "health_check_path": "",
                "http2_enabled": false,
                "ip_restriction": [],
                "linux_fx_version": "",
                "load_balancing_mode": "LeastRequests",
                "local_mysql_enabled": false,
                "managed_pipeline_mode": "Integrated",
                "minimum_tls_version": "1.2",
                "remote_debugging_enabled": false,
                "remote_debugging_version": "VS2019",
                "scm_ip_restriction": [],
                "scm_minimum_tls_version": "1.2",
                "scm_type": "None",
                "scm_use_main_ip_restriction": false,
                "use_32_bit_worker": true,
                "virtual_application": [],
                "vnet_route_all_enabled": false,
                "websockets_enabled": false,
                "windows_fx_version": "",
                "worker_count": 1
              }
            ],
            "site_credential": [
              {
                "name": "$zgebs-wb-dev-dgv-wapp-ne-0598",
                "password": "ErKdDgX4Jer9MtnkZZiFptrSRLeNcDFvZaS9mjwocxFZaziFiNsxLEhAZeKw"
              }
            ],
            "sticky_settings": [],
            "storage_account": [],
            "tags": null,
            "timeouts": null,
            "virtual_network_subnet_id": "",
            "zip_deploy_file": ""
          },
          "sensitive_attributes": [],
          "private": "eyJlMmJmYjczMC1lY2FhLTExZTYtOGY4OC0zNDM2M2JjN2M0YzAiOnsiY3JlYXRlIjoxODAwMDAwMDAwMDAwLCJkZWxldGUiOjE4MDAwMDAwMDAwMDAsInJlYWQiOjMwMDAwMDAwMDAwMCwidXBkYXRlIjoxODAwMDAwMDAwMDAwfX0=",
          "dependencies": [
            "module.app-service.azurerm_service_plan.app"
          ]
        }
      ]
    },
    {
      "module": "module.app-service",
      "mode": "managed",
      "type": "azurerm_windows_web_app",
      "name": "fcsd_webapp",
      "provider": "provider[\"registry.terraform.io/hashicorp/azurerm\"]",
      "instances": [
        {
          "schema_version": 0,
          "attributes": {
            "app_settings": null,
            "auth_settings": [],
            "auth_settings_v2": [],
            "backup": [],
            "client_affinity_enabled": false,
            "client_certificate_enabled": false,
            "client_certificate_exclusion_paths": "",
            "client_certificate_mode": "Required",
            "connection_string": [],
            "custom_domain_verification_id": "EF7ACC1196953A72EBB1B51C1D448D1699325C9A9CF7820D51A90BE70736BE63",
            "default_hostname": "zgebs-wb-dev-fcsd-wapp-ne-0598.azurewebsites.net",
            "enabled": true,
            "https_only": false,
            "id": "/subscriptions/fec1a8c7-3053-43ab-b51d-9fcc38bd9399/resourceGroups/zgebs-workbench-dev-application-rg/providers/Microsoft.Web/sites/zgebs-wb-dev-fcsd-wapp-ne-0598",
            "identity": [],
            "key_vault_reference_identity_id": "SystemAssigned",
            "kind": "app",
            "location": "northeurope",
            "logs": [],
            "name": "zgebs-wb-dev-fcsd-wapp-ne-0598",
            "outbound_ip_address_list": [
              "20.105.84.63",
              "20.105.84.70",
              "20.105.84.81",
              "20.105.84.88",
              "20.105.84.97",
              "20.105.84.105",
              "20.107.224.11"
            ],
            "outbound_ip_addresses": "20.105.84.63,20.105.84.70,20.105.84.81,20.105.84.88,20.105.84.97,20.105.84.105,20.107.224.11",
            "possible_outbound_ip_address_list": [
              "20.105.83.105",
              "20.105.83.188",
              "20.105.83.204",
              "20.105.83.224",
              "20.105.84.46",
              "20.105.84.61",
              "20.105.84.63",
              "20.105.84.70",
              "20.105.84.81",
              "20.105.84.88",
              "20.105.84.97",
              "20.105.84.105",
              "20.105.84.112",
              "20.105.84.121",
              "20.105.84.161",
              "20.105.84.183",
              "20.105.84.221",
              "20.105.84.222",
              "20.105.81.111",
              "20.105.84.232",
              "20.105.85.15",
              "20.105.85.21",
              "20.105.85.22",
              "20.105.85.31",
              "20.105.85.34",
              "20.105.85.44",
              "20.105.85.50",
              "20.105.85.79",
              "20.105.80.52",
              "20.105.80.53",
              "20.107.224.11"
            ],
            "possible_outbound_ip_addresses": "20.105.83.105,20.105.83.188,20.105.83.204,20.105.83.224,20.105.84.46,20.105.84.61,20.105.84.63,20.105.84.70,20.105.84.81,20.105.84.88,20.105.84.97,20.105.84.105,20.105.84.112,20.105.84.121,20.105.84.161,20.105.84.183,20.105.84.221,20.105.84.222,20.105.81.111,20.105.84.232,20.105.85.15,20.105.85.21,20.105.85.22,20.105.85.31,20.105.85.34,20.105.85.44,20.105.85.50,20.105.85.79,20.105.80.52,20.105.80.53,20.107.224.11",
            "resource_group_name": "zgebs-workbench-dev-application-rg",
            "service_plan_id": "/subscriptions/fec1a8c7-3053-43ab-b51d-9fcc38bd9399/resourceGroups/zgebs-workbench-dev-application-rg/providers/Microsoft.Web/serverfarms/plan-1987010878",
            "site_config": [
              {
                "always_on": true,
                "api_definition_url": "",
                "api_management_api_id": "",
                "app_command_line": "",
                "application_stack": [
                  {
                    "current_stack": "",
                    "docker_container_name": "",
                    "docker_container_registry": "",
                    "docker_container_tag": "",
                    "dotnet_core_version": "",
                    "dotnet_version": "",
                    "java_container": "",
                    "java_container_version": "",
                    "java_embedded_server_enabled": false,
                    "java_version": "",
                    "node_version": "",
                    "php_version": "5.6",
                    "python": false,
                    "python_version": "",
                    "tomcat_version": ""
                  }
                ],
                "auto_heal_enabled": false,
                "auto_heal_setting": [],
                "container_registry_managed_identity_client_id": "",
                "container_registry_use_managed_identity": false,
                "cors": [],
                "default_documents": [
                  "Default.htm",
                  "Default.html",
                  "Default.asp",
                  "index.htm",
                  "index.html",
                  "iisstart.htm",
                  "default.aspx",
                  "index.php",
                  "hostingstart.html"
                ],
                "detailed_error_logging_enabled": false,
                "ftps_state": "Disabled",
                "health_check_eviction_time_in_min": 0,
                "health_check_path": "",
                "http2_enabled": false,
                "ip_restriction": [],
                "linux_fx_version": "",
                "load_balancing_mode": "LeastRequests",
                "local_mysql_enabled": false,
                "managed_pipeline_mode": "Integrated",
                "minimum_tls_version": "1.2",
                "remote_debugging_enabled": false,
                "remote_debugging_version": "VS2019",
                "scm_ip_restriction": [],
                "scm_minimum_tls_version": "1.2",
                "scm_type": "None",
                "scm_use_main_ip_restriction": false,
                "use_32_bit_worker": true,
                "virtual_application": [],
                "vnet_route_all_enabled": false,
                "websockets_enabled": false,
                "windows_fx_version": "",
                "worker_count": 1
              }
            ],
            "site_credential": [
              {
                "name": "$zgebs-wb-dev-fcsd-wapp-ne-0598",
                "password": "3HwTeZ3NjCxs4tBo990zmGvruFY5Syb1XSyQDSyggwc3DgCYqyTobRQWfjQq"
              }
            ],
            "sticky_settings": [],
            "storage_account": [],
            "tags": null,
            "timeouts": null,
            "virtual_network_subnet_id": "",
            "zip_deploy_file": ""
          },
          "sensitive_attributes": [],
          "private": "eyJlMmJmYjczMC1lY2FhLTExZTYtOGY4OC0zNDM2M2JjN2M0YzAiOnsiY3JlYXRlIjoxODAwMDAwMDAwMDAwLCJkZWxldGUiOjE4MDAwMDAwMDAwMDAsInJlYWQiOjMwMDAwMDAwMDAwMCwidXBkYXRlIjoxODAwMDAwMDAwMDAwfX0=",
          "dependencies": [
            "module.app-service.azurerm_service_plan.app"
          ]
        }
      ]
    },
    {
      "module": "module.app-service",
      "mode": "managed",
      "type": "azurerm_windows_web_app",
      "name": "lpa_webapp",
      "provider": "provider[\"registry.terraform.io/hashicorp/azurerm\"]",
      "instances": [
        {
          "schema_version": 0,
          "attributes": {
            "app_settings": null,
            "auth_settings": [],
            "auth_settings_v2": [],
            "backup": [],
            "client_affinity_enabled": false,
            "client_certificate_enabled": false,
            "client_certificate_exclusion_paths": "",
            "client_certificate_mode": "Required",
            "connection_string": [],
            "custom_domain_verification_id": "EF7ACC1196953A72EBB1B51C1D448D1699325C9A9CF7820D51A90BE70736BE63",
            "default_hostname": "zgebs-wb-dev-lpa-wapp-ne-0598.azurewebsites.net",
            "enabled": true,
            "https_only": false,
            "id": "/subscriptions/fec1a8c7-3053-43ab-b51d-9fcc38bd9399/resourceGroups/zgebs-workbench-dev-application-rg/providers/Microsoft.Web/sites/zgebs-wb-dev-lpa-wapp-ne-0598",
            "identity": [],
            "key_vault_reference_identity_id": "SystemAssigned",
            "kind": "app",
            "location": "northeurope",
            "logs": [],
            "name": "zgebs-wb-dev-lpa-wapp-ne-0598",
            "outbound_ip_address_list": [
              "20.105.84.63",
              "20.105.84.70",
              "20.105.84.81",
              "20.105.84.88",
              "20.105.84.97",
              "20.105.84.105",
              "20.107.224.11"
            ],
            "outbound_ip_addresses": "20.105.84.63,20.105.84.70,20.105.84.81,20.105.84.88,20.105.84.97,20.105.84.105,20.107.224.11",
            "possible_outbound_ip_address_list": [
              "20.105.83.105",
              "20.105.83.188",
              "20.105.83.204",
              "20.105.83.224",
              "20.105.84.46",
              "20.105.84.61",
              "20.105.84.63",
              "20.105.84.70",
              "20.105.84.81",
              "20.105.84.88",
              "20.105.84.97",
              "20.105.84.105",
              "20.105.84.112",
              "20.105.84.121",
              "20.105.84.161",
              "20.105.84.183",
              "20.105.84.221",
              "20.105.84.222",
              "20.105.81.111",
              "20.105.84.232",
              "20.105.85.15",
              "20.105.85.21",
              "20.105.85.22",
              "20.105.85.31",
              "20.105.85.34",
              "20.105.85.44",
              "20.105.85.50",
              "20.105.85.79",
              "20.105.80.52",
              "20.105.80.53",
              "20.107.224.11"
            ],
            "possible_outbound_ip_addresses": "20.105.83.105,20.105.83.188,20.105.83.204,20.105.83.224,20.105.84.46,20.105.84.61,20.105.84.63,20.105.84.70,20.105.84.81,20.105.84.88,20.105.84.97,20.105.84.105,20.105.84.112,20.105.84.121,20.105.84.161,20.105.84.183,20.105.84.221,20.105.84.222,20.105.81.111,20.105.84.232,20.105.85.15,20.105.85.21,20.105.85.22,20.105.85.31,20.105.85.34,20.105.85.44,20.105.85.50,20.105.85.79,20.105.80.52,20.105.80.53,20.107.224.11",
            "resource_group_name": "zgebs-workbench-dev-application-rg",
            "service_plan_id": "/subscriptions/fec1a8c7-3053-43ab-b51d-9fcc38bd9399/resourceGroups/zgebs-workbench-dev-application-rg/providers/Microsoft.Web/serverfarms/plan-1987010878",
            "site_config": [
              {
                "always_on": true,
                "api_definition_url": "",
                "api_management_api_id": "",
                "app_command_line": "",
                "application_stack": [
                  {
                    "current_stack": "",
                    "docker_container_name": "",
                    "docker_container_registry": "",
                    "docker_container_tag": "",
                    "dotnet_core_version": "",
                    "dotnet_version": "",
                    "java_container": "",
                    "java_container_version": "",
                    "java_embedded_server_enabled": false,
                    "java_version": "",
                    "node_version": "",
                    "php_version": "5.6",
                    "python": false,
                    "python_version": "",
                    "tomcat_version": ""
                  }
                ],
                "auto_heal_enabled": false,
                "auto_heal_setting": [],
                "container_registry_managed_identity_client_id": "",
                "container_registry_use_managed_identity": false,
                "cors": [],
                "default_documents": [
                  "Default.htm",
                  "Default.html",
                  "Default.asp",
                  "index.htm",
                  "index.html",
                  "iisstart.htm",
                  "default.aspx",
                  "index.php",
                  "hostingstart.html"
                ],
                "detailed_error_logging_enabled": false,
                "ftps_state": "Disabled",
                "health_check_eviction_time_in_min": 0,
                "health_check_path": "",
                "http2_enabled": false,
                "ip_restriction": [],
                "linux_fx_version": "",
                "load_balancing_mode": "LeastRequests",
                "local_mysql_enabled": false,
                "managed_pipeline_mode": "Integrated",
                "minimum_tls_version": "1.2",
                "remote_debugging_enabled": false,
                "remote_debugging_version": "VS2019",
                "scm_ip_restriction": [],
                "scm_minimum_tls_version": "1.2",
                "scm_type": "None",
                "scm_use_main_ip_restriction": false,
                "use_32_bit_worker": true,
                "virtual_application": [],
                "vnet_route_all_enabled": false,
                "websockets_enabled": false,
                "windows_fx_version": "",
                "worker_count": 1
              }
            ],
            "site_credential": [
              {
                "name": "$zgebs-wb-dev-lpa-wapp-ne-0598",
                "password": "pqlhqe5xoAtWMaYL2ClPdwbfhQZwBH5MEP2pAqEqqRgBea1SXabLz7X0xvCr"
              }
            ],
            "sticky_settings": [],
            "storage_account": [],
            "tags": null,
            "timeouts": null,
            "virtual_network_subnet_id": "",
            "zip_deploy_file": ""
          },
          "sensitive_attributes": [],
          "private": "eyJlMmJmYjczMC1lY2FhLTExZTYtOGY4OC0zNDM2M2JjN2M0YzAiOnsiY3JlYXRlIjoxODAwMDAwMDAwMDAwLCJkZWxldGUiOjE4MDAwMDAwMDAwMDAsInJlYWQiOjMwMDAwMDAwMDAwMCwidXBkYXRlIjoxODAwMDAwMDAwMDAwfX0=",
          "dependencies": [
            "module.app-service.azurerm_service_plan.app"
          ]
        }
      ]
    },
    {
      "module": "module.app-service",
      "mode": "managed",
      "type": "azurerm_windows_web_app",
      "name": "mzsa_webapp",
      "provider": "provider[\"registry.terraform.io/hashicorp/azurerm\"]",
      "instances": [
        {
          "schema_version": 0,
          "attributes": {
            "app_settings": null,
            "auth_settings": [],
            "auth_settings_v2": [],
            "backup": [],
            "client_affinity_enabled": false,
            "client_certificate_enabled": false,
            "client_certificate_exclusion_paths": "",
            "client_certificate_mode": "Required",
            "connection_string": [],
            "custom_domain_verification_id": "EF7ACC1196953A72EBB1B51C1D448D1699325C9A9CF7820D51A90BE70736BE63",
            "default_hostname": "zgebs-wb-dev-mzsa-wapp-ne-0598.azurewebsites.net",
            "enabled": true,
            "https_only": false,
            "id": "/subscriptions/fec1a8c7-3053-43ab-b51d-9fcc38bd9399/resourceGroups/zgebs-workbench-dev-application-rg/providers/Microsoft.Web/sites/zgebs-wb-dev-mzsa-wapp-ne-0598",
            "identity": [],
            "key_vault_reference_identity_id": "SystemAssigned",
            "kind": "app",
            "location": "northeurope",
            "logs": [],
            "name": "zgebs-wb-dev-mzsa-wapp-ne-0598",
            "outbound_ip_address_list": [
              "20.105.84.63",
              "20.105.84.70",
              "20.105.84.81",
              "20.105.84.88",
              "20.105.84.97",
              "20.105.84.105",
              "20.107.224.11"
            ],
            "outbound_ip_addresses": "20.105.84.63,20.105.84.70,20.105.84.81,20.105.84.88,20.105.84.97,20.105.84.105,20.107.224.11",
            "possible_outbound_ip_address_list": [
              "20.105.83.105",
              "20.105.83.188",
              "20.105.83.204",
              "20.105.83.224",
              "20.105.84.46",
              "20.105.84.61",
              "20.105.84.63",
              "20.105.84.70",
              "20.105.84.81",
              "20.105.84.88",
              "20.105.84.97",
              "20.105.84.105",
              "20.105.84.112",
              "20.105.84.121",
              "20.105.84.161",
              "20.105.84.183",
              "20.105.84.221",
              "20.105.84.222",
              "20.105.81.111",
              "20.105.84.232",
              "20.105.85.15",
              "20.105.85.21",
              "20.105.85.22",
              "20.105.85.31",
              "20.105.85.34",
              "20.105.85.44",
              "20.105.85.50",
              "20.105.85.79",
              "20.105.80.52",
              "20.105.80.53",
              "20.107.224.11"
            ],
            "possible_outbound_ip_addresses": "20.105.83.105,20.105.83.188,20.105.83.204,20.105.83.224,20.105.84.46,20.105.84.61,20.105.84.63,20.105.84.70,20.105.84.81,20.105.84.88,20.105.84.97,20.105.84.105,20.105.84.112,20.105.84.121,20.105.84.161,20.105.84.183,20.105.84.221,20.105.84.222,20.105.81.111,20.105.84.232,20.105.85.15,20.105.85.21,20.105.85.22,20.105.85.31,20.105.85.34,20.105.85.44,20.105.85.50,20.105.85.79,20.105.80.52,20.105.80.53,20.107.224.11",
            "resource_group_name": "zgebs-workbench-dev-application-rg",
            "service_plan_id": "/subscriptions/fec1a8c7-3053-43ab-b51d-9fcc38bd9399/resourceGroups/zgebs-workbench-dev-application-rg/providers/Microsoft.Web/serverfarms/plan-1987010878",
            "site_config": [
              {
                "always_on": true,
                "api_definition_url": "",
                "api_management_api_id": "",
                "app_command_line": "",
                "application_stack": [
                  {
                    "current_stack": "",
                    "docker_container_name": "",
                    "docker_container_registry": "",
                    "docker_container_tag": "",
                    "dotnet_core_version": "",
                    "dotnet_version": "",
                    "java_container": "",
                    "java_container_version": "",
                    "java_embedded_server_enabled": false,
                    "java_version": "",
                    "node_version": "",
                    "php_version": "5.6",
                    "python": false,
                    "python_version": "",
                    "tomcat_version": ""
                  }
                ],
                "auto_heal_enabled": false,
                "auto_heal_setting": [],
                "container_registry_managed_identity_client_id": "",
                "container_registry_use_managed_identity": false,
                "cors": [],
                "default_documents": [
                  "Default.htm",
                  "Default.html",
                  "Default.asp",
                  "index.htm",
                  "index.html",
                  "iisstart.htm",
                  "default.aspx",
                  "index.php",
                  "hostingstart.html"
                ],
                "detailed_error_logging_enabled": false,
                "ftps_state": "Disabled",
                "health_check_eviction_time_in_min": 0,
                "health_check_path": "",
                "http2_enabled": false,
                "ip_restriction": [],
                "linux_fx_version": "",
                "load_balancing_mode": "LeastRequests",
                "local_mysql_enabled": false,
                "managed_pipeline_mode": "Integrated",
                "minimum_tls_version": "1.2",
                "remote_debugging_enabled": false,
                "remote_debugging_version": "VS2019",
                "scm_ip_restriction": [],
                "scm_minimum_tls_version": "1.2",
                "scm_type": "None",
                "scm_use_main_ip_restriction": false,
                "use_32_bit_worker": true,
                "virtual_application": [],
                "vnet_route_all_enabled": false,
                "websockets_enabled": false,
                "windows_fx_version": "",
                "worker_count": 1
              }
            ],
            "site_credential": [
              {
                "name": "$zgebs-wb-dev-mzsa-wapp-ne-0598",
                "password": "suSpLSHjfaeBhvcPuTR7QHRWffFGr8JR5ds9gzFppZByhjlTgDy1JeukX0hF"
              }
            ],
            "sticky_settings": [],
            "storage_account": [],
            "tags": null,
            "timeouts": null,
            "virtual_network_subnet_id": "",
            "zip_deploy_file": ""
          },
          "sensitive_attributes": [],
          "private": "eyJlMmJmYjczMC1lY2FhLTExZTYtOGY4OC0zNDM2M2JjN2M0YzAiOnsiY3JlYXRlIjoxODAwMDAwMDAwMDAwLCJkZWxldGUiOjE4MDAwMDAwMDAwMDAsInJlYWQiOjMwMDAwMDAwMDAwMCwidXBkYXRlIjoxODAwMDAwMDAwMDAwfX0=",
          "dependencies": [
            "module.app-service.azurerm_service_plan.app"
          ]
        }
      ]
    },
    {
      "module": "module.app-service",
      "mode": "managed",
      "type": "azurerm_windows_web_app",
      "name": "nwp_webapp",
      "provider": "provider[\"registry.terraform.io/hashicorp/azurerm\"]",
      "instances": [
        {
          "schema_version": 0,
          "attributes": {
            "app_settings": null,
            "auth_settings": [],
            "auth_settings_v2": [],
            "backup": [],
            "client_affinity_enabled": false,
            "client_certificate_enabled": false,
            "client_certificate_exclusion_paths": "",
            "client_certificate_mode": "Required",
            "connection_string": [],
            "custom_domain_verification_id": "EF7ACC1196953A72EBB1B51C1D448D1699325C9A9CF7820D51A90BE70736BE63",
            "default_hostname": "zgebs-wb-dev-nwp-wapp-ne-0598.azurewebsites.net",
            "enabled": true,
            "https_only": false,
            "id": "/subscriptions/fec1a8c7-3053-43ab-b51d-9fcc38bd9399/resourceGroups/zgebs-workbench-dev-application-rg/providers/Microsoft.Web/sites/zgebs-wb-dev-nwp-wapp-ne-0598",
            "identity": [],
            "key_vault_reference_identity_id": "SystemAssigned",
            "kind": "app",
            "location": "northeurope",
            "logs": [],
            "name": "zgebs-wb-dev-nwp-wapp-ne-0598",
            "outbound_ip_address_list": [
              "20.105.84.63",
              "20.105.84.70",
              "20.105.84.81",
              "20.105.84.88",
              "20.105.84.97",
              "20.105.84.105",
              "20.107.224.11"
            ],
            "outbound_ip_addresses": "20.105.84.63,20.105.84.70,20.105.84.81,20.105.84.88,20.105.84.97,20.105.84.105,20.107.224.11",
            "possible_outbound_ip_address_list": [
              "20.105.83.105",
              "20.105.83.188",
              "20.105.83.204",
              "20.105.83.224",
              "20.105.84.46",
              "20.105.84.61",
              "20.105.84.63",
              "20.105.84.70",
              "20.105.84.81",
              "20.105.84.88",
              "20.105.84.97",
              "20.105.84.105",
              "20.105.84.112",
              "20.105.84.121",
              "20.105.84.161",
              "20.105.84.183",
              "20.105.84.221",
              "20.105.84.222",
              "20.105.81.111",
              "20.105.84.232",
              "20.105.85.15",
              "20.105.85.21",
              "20.105.85.22",
              "20.105.85.31",
              "20.105.85.34",
              "20.105.85.44",
              "20.105.85.50",
              "20.105.85.79",
              "20.105.80.52",
              "20.105.80.53",
              "20.107.224.11"
            ],
            "possible_outbound_ip_addresses": "20.105.83.105,20.105.83.188,20.105.83.204,20.105.83.224,20.105.84.46,20.105.84.61,20.105.84.63,20.105.84.70,20.105.84.81,20.105.84.88,20.105.84.97,20.105.84.105,20.105.84.112,20.105.84.121,20.105.84.161,20.105.84.183,20.105.84.221,20.105.84.222,20.105.81.111,20.105.84.232,20.105.85.15,20.105.85.21,20.105.85.22,20.105.85.31,20.105.85.34,20.105.85.44,20.105.85.50,20.105.85.79,20.105.80.52,20.105.80.53,20.107.224.11",
            "resource_group_name": "zgebs-workbench-dev-application-rg",
            "service_plan_id": "/subscriptions/fec1a8c7-3053-43ab-b51d-9fcc38bd9399/resourceGroups/zgebs-workbench-dev-application-rg/providers/Microsoft.Web/serverfarms/plan-1987010878",
            "site_config": [
              {
                "always_on": true,
                "api_definition_url": "",
                "api_management_api_id": "",
                "app_command_line": "",
                "application_stack": [
                  {
                    "current_stack": "",
                    "docker_container_name": "",
                    "docker_container_registry": "",
                    "docker_container_tag": "",
                    "dotnet_core_version": "",
                    "dotnet_version": "",
                    "java_container": "",
                    "java_container_version": "",
                    "java_embedded_server_enabled": false,
                    "java_version": "",
                    "node_version": "",
                    "php_version": "5.6",
                    "python": false,
                    "python_version": "",
                    "tomcat_version": ""
                  }
                ],
                "auto_heal_enabled": false,
                "auto_heal_setting": [],
                "container_registry_managed_identity_client_id": "",
                "container_registry_use_managed_identity": false,
                "cors": [],
                "default_documents": [
                  "Default.htm",
                  "Default.html",
                  "Default.asp",
                  "index.htm",
                  "index.html",
                  "iisstart.htm",
                  "default.aspx",
                  "index.php",
                  "hostingstart.html"
                ],
                "detailed_error_logging_enabled": false,
                "ftps_state": "Disabled",
                "health_check_eviction_time_in_min": 0,
                "health_check_path": "",
                "http2_enabled": false,
                "ip_restriction": [],
                "linux_fx_version": "",
                "load_balancing_mode": "LeastRequests",
                "local_mysql_enabled": false,
                "managed_pipeline_mode": "Integrated",
                "minimum_tls_version": "1.2",
                "remote_debugging_enabled": false,
                "remote_debugging_version": "VS2019",
                "scm_ip_restriction": [],
                "scm_minimum_tls_version": "1.2",
                "scm_type": "None",
                "scm_use_main_ip_restriction": false,
                "use_32_bit_worker": true,
                "virtual_application": [],
                "vnet_route_all_enabled": false,
                "websockets_enabled": false,
                "windows_fx_version": "",
                "worker_count": 1
              }
            ],
            "site_credential": [
              {
                "name": "$zgebs-wb-dev-nwp-wapp-ne-0598",
                "password": "k8sQjRQwECCS2G0b6WXjC7Srk9HqS0HXQNSipRtdgxXQK7vWfYdH91Zbha8E"
              }
            ],
            "sticky_settings": [],
            "storage_account": [],
            "tags": null,
            "timeouts": null,
            "virtual_network_subnet_id": "",
            "zip_deploy_file": ""
          },
          "sensitive_attributes": [],
          "private": "eyJlMmJmYjczMC1lY2FhLTExZTYtOGY4OC0zNDM2M2JjN2M0YzAiOnsiY3JlYXRlIjoxODAwMDAwMDAwMDAwLCJkZWxldGUiOjE4MDAwMDAwMDAwMDAsInJlYWQiOjMwMDAwMDAwMDAwMCwidXBkYXRlIjoxODAwMDAwMDAwMDAwfX0=",
          "dependencies": [
            "module.app-service.azurerm_service_plan.app"
          ]
        }
      ]
    },
    {
      "module": "module.app-service",
      "mode": "managed",
      "type": "azurerm_windows_web_app",
      "name": "zhrz_webapp",
      "provider": "provider[\"registry.terraform.io/hashicorp/azurerm\"]",
      "instances": [
        {
          "schema_version": 0,
          "attributes": {
            "app_settings": null,
            "auth_settings": [],
            "auth_settings_v2": [],
            "backup": [],
            "client_affinity_enabled": false,
            "client_certificate_enabled": false,
            "client_certificate_exclusion_paths": "",
            "client_certificate_mode": "Required",
            "connection_string": [],
            "custom_domain_verification_id": "EF7ACC1196953A72EBB1B51C1D448D1699325C9A9CF7820D51A90BE70736BE63",
            "default_hostname": "zgebs-wb-dev-zhrz-wapp-ne-0598.azurewebsites.net",
            "enabled": true,
            "https_only": false,
            "id": "/subscriptions/fec1a8c7-3053-43ab-b51d-9fcc38bd9399/resourceGroups/zgebs-workbench-dev-application-rg/providers/Microsoft.Web/sites/zgebs-wb-dev-zhrz-wapp-ne-0598",
            "identity": [],
            "key_vault_reference_identity_id": "SystemAssigned",
            "kind": "app",
            "location": "northeurope",
            "logs": [],
            "name": "zgebs-wb-dev-zhrz-wapp-ne-0598",
            "outbound_ip_address_list": [
              "20.105.84.63",
              "20.105.84.70",
              "20.105.84.81",
              "20.105.84.88",
              "20.105.84.97",
              "20.105.84.105",
              "20.107.224.11"
            ],
            "outbound_ip_addresses": "20.105.84.63,20.105.84.70,20.105.84.81,20.105.84.88,20.105.84.97,20.105.84.105,20.107.224.11",
            "possible_outbound_ip_address_list": [
              "20.105.83.105",
              "20.105.83.188",
              "20.105.83.204",
              "20.105.83.224",
              "20.105.84.46",
              "20.105.84.61",
              "20.105.84.63",
              "20.105.84.70",
              "20.105.84.81",
              "20.105.84.88",
              "20.105.84.97",
              "20.105.84.105",
              "20.105.84.112",
              "20.105.84.121",
              "20.105.84.161",
              "20.105.84.183",
              "20.105.84.221",
              "20.105.84.222",
              "20.105.81.111",
              "20.105.84.232",
              "20.105.85.15",
              "20.105.85.21",
              "20.105.85.22",
              "20.105.85.31",
              "20.105.85.34",
              "20.105.85.44",
              "20.105.85.50",
              "20.105.85.79",
              "20.105.80.52",
              "20.105.80.53",
              "20.107.224.11"
            ],
            "possible_outbound_ip_addresses": "20.105.83.105,20.105.83.188,20.105.83.204,20.105.83.224,20.105.84.46,20.105.84.61,20.105.84.63,20.105.84.70,20.105.84.81,20.105.84.88,20.105.84.97,20.105.84.105,20.105.84.112,20.105.84.121,20.105.84.161,20.105.84.183,20.105.84.221,20.105.84.222,20.105.81.111,20.105.84.232,20.105.85.15,20.105.85.21,20.105.85.22,20.105.85.31,20.105.85.34,20.105.85.44,20.105.85.50,20.105.85.79,20.105.80.52,20.105.80.53,20.107.224.11",
            "resource_group_name": "zgebs-workbench-dev-application-rg",
            "service_plan_id": "/subscriptions/fec1a8c7-3053-43ab-b51d-9fcc38bd9399/resourceGroups/zgebs-workbench-dev-application-rg/providers/Microsoft.Web/serverfarms/plan-1987010878",
            "site_config": [
              {
                "always_on": true,
                "api_definition_url": "",
                "api_management_api_id": "",
                "app_command_line": "",
                "application_stack": [
                  {
                    "current_stack": "",
                    "docker_container_name": "",
                    "docker_container_registry": "",
                    "docker_container_tag": "",
                    "dotnet_core_version": "",
                    "dotnet_version": "",
                    "java_container": "",
                    "java_container_version": "",
                    "java_embedded_server_enabled": false,
                    "java_version": "",
                    "node_version": "",
                    "php_version": "5.6",
                    "python": false,
                    "python_version": "",
                    "tomcat_version": ""
                  }
                ],
                "auto_heal_enabled": false,
                "auto_heal_setting": [],
                "container_registry_managed_identity_client_id": "",
                "container_registry_use_managed_identity": false,
                "cors": [],
                "default_documents": [
                  "Default.htm",
                  "Default.html",
                  "Default.asp",
                  "index.htm",
                  "index.html",
                  "iisstart.htm",
                  "default.aspx",
                  "index.php",
                  "hostingstart.html"
                ],
                "detailed_error_logging_enabled": false,
                "ftps_state": "Disabled",
                "health_check_eviction_time_in_min": 0,
                "health_check_path": "",
                "http2_enabled": false,
                "ip_restriction": [],
                "linux_fx_version": "",
                "load_balancing_mode": "LeastRequests",
                "local_mysql_enabled": false,
                "managed_pipeline_mode": "Integrated",
                "minimum_tls_version": "1.2",
                "remote_debugging_enabled": false,
                "remote_debugging_version": "VS2019",
                "scm_ip_restriction": [],
                "scm_minimum_tls_version": "1.2",
                "scm_type": "None",
                "scm_use_main_ip_restriction": false,
                "use_32_bit_worker": true,
                "virtual_application": [],
                "vnet_route_all_enabled": false,
                "websockets_enabled": false,
                "windows_fx_version": "",
                "worker_count": 1
              }
            ],
            "site_credential": [
              {
                "name": "$zgebs-wb-dev-zhrz-wapp-ne-0598",
                "password": "7hjv1N61lisLbc5oxlfwwtm2Bcs7p0qSR333dLZplzcnp2WECXqPfszcAlFh"
              }
            ],
            "sticky_settings": [],
            "storage_account": [],
            "tags": null,
            "timeouts": null,
            "virtual_network_subnet_id": "",
            "zip_deploy_file": ""
          },
          "sensitive_attributes": [],
          "private": "eyJlMmJmYjczMC1lY2FhLTExZTYtOGY4OC0zNDM2M2JjN2M0YzAiOnsiY3JlYXRlIjoxODAwMDAwMDAwMDAwLCJkZWxldGUiOjE4MDAwMDAwMDAwMDAsInJlYWQiOjMwMDAwMDAwMDAwMCwidXBkYXRlIjoxODAwMDAwMDAwMDAwfX0=",
          "dependencies": [
            "module.app-service.azurerm_service_plan.app"
          ]
        }
      ]
    }
  ],
  "check_results": []
}
