{
  "version": 4,
  "terraform_version": "1.3.3",
  "serial": 12,
  "lineage": "a7090562-1e63-0b9e-b3cf-4a0393f2e057",
  "outputs": {},
  "resources": [
    {
      "module": "module.storage",
      "mode": "managed",
      "type": "azurerm_storage_account",
      "name": "storage",
      "provider": "provider[\"registry.terraform.io/hashicorp/azurerm\"]",
      "instances": []
    },
    {
      "module": "module.storage-containers[\"blob_container_1\"]",
      "mode": "data",
      "type": "azurerm_resource_group",
      "name": "storageds",
      "provider": "provider[\"registry.terraform.io/hashicorp/azurerm\"]",
      "instances": [
        {
          "schema_version": 0,
          "attributes": {
            "id": "/subscriptions/fec1a8c7-3053-43ab-b51d-9fcc38bd9399/resourceGroups/zgebs-workbench-dev-storage-rg",
            "location": "centralindia",
            "name": "zgebs-workbench-dev-storage-rg",
            "tags": {},
            "timeouts": null
          },
          "sensitive_attributes": []
        }
      ]
    },
    {
      "module": "module.storage-containers[\"blob_container_1\"]",
      "mode": "data",
      "type": "azurerm_storage_account",
      "name": "storageds",
      "provider": "provider[\"registry.terraform.io/hashicorp/azurerm\"]",
      "instances": [
        {
          "schema_version": 0,
          "attributes": {
            "access_tier": "Hot",
            "account_kind": "StorageV2",
            "account_replication_type": "GRS",
            "account_tier": "Standard",
            "allow_nested_items_to_be_public": true,
            "azure_files_authentication": [],
            "custom_domain": null,
            "enable_https_traffic_only": true,
            "id": "/subscriptions/fec1a8c7-3053-43ab-b51d-9fcc38bd9399/resourceGroups/zgebs-workbench-dev-storage-rg/providers/Microsoft.Storage/storageAccounts/zgbswbdevstorage1123",
            "identity": [],
            "infrastructure_encryption_enabled": false,
            "is_hns_enabled": false,
            "location": "centralindia",
            "min_tls_version": "TLS1_2",
            "name": "zgbswbdevstorage1123",
            "nfsv3_enabled": false,
            "primary_access_key": "6n1i5iHn55MByL4zjliC6dD6jGFP/H8RsXy9vxIMn6ipO9cHV9nn74IxgtWwac5Iqi2N3O0Xu8u0+AStTEAj4A==",
            "primary_blob_connection_string": "DefaultEndpointsProtocol=https;BlobEndpoint=https://zgbswbdevstorage1123.blob.core.windows.net/;AccountName=zgbswbdevstorage1123;AccountKey=6n1i5iHn55MByL4zjliC6dD6jGFP/H8RsXy9vxIMn6ipO9cHV9nn74IxgtWwac5Iqi2N3O0Xu8u0+AStTEAj4A==",
            "primary_blob_endpoint": "https://zgbswbdevstorage1123.blob.core.windows.net/",
            "primary_blob_host": "zgbswbdevstorage1123.blob.core.windows.net",
            "primary_connection_string": "DefaultEndpointsProtocol=https;AccountName=zgbswbdevstorage1123;AccountKey=6n1i5iHn55MByL4zjliC6dD6jGFP/H8RsXy9vxIMn6ipO9cHV9nn74IxgtWwac5Iqi2N3O0Xu8u0+AStTEAj4A==;EndpointSuffix=core.windows.net",
            "primary_dfs_endpoint": "https://zgbswbdevstorage1123.dfs.core.windows.net/",
            "primary_dfs_host": "zgbswbdevstorage1123.dfs.core.windows.net",
            "primary_file_endpoint": "https://zgbswbdevstorage1123.file.core.windows.net/",
            "primary_file_host": "zgbswbdevstorage1123.file.core.windows.net",
            "primary_location": "centralindia",
            "primary_queue_endpoint": "https://zgbswbdevstorage1123.queue.core.windows.net/",
            "primary_queue_host": "zgbswbdevstorage1123.queue.core.windows.net",
            "primary_table_endpoint": "https://zgbswbdevstorage1123.table.core.windows.net/",
            "primary_table_host": "zgbswbdevstorage1123.table.core.windows.net",
            "primary_web_endpoint": "https://zgbswbdevstorage1123.z29.web.core.windows.net/",
            "primary_web_host": "zgbswbdevstorage1123.z29.web.core.windows.net",
            "queue_encryption_key_type": "Service",
            "resource_group_name": "zgebs-workbench-dev-storage-rg",
            "secondary_access_key": "MoJGUPWe/Tltd5+cGSAAxdz7PvCzPCGpDDWow5GRqP6lTud8k7VXOfcHxFVkqlAbWuewOxkCPsDo+AStdh+UfQ==",
            "secondary_blob_connection_string": "",
            "secondary_blob_endpoint": null,
            "secondary_blob_host": null,
            "secondary_connection_string": "DefaultEndpointsProtocol=https;AccountName=zgbswbdevstorage1123;AccountKey=MoJGUPWe/Tltd5+cGSAAxdz7PvCzPCGpDDWow5GRqP6lTud8k7VXOfcHxFVkqlAbWuewOxkCPsDo+AStdh+UfQ==;EndpointSuffix=core.windows.net",
            "secondary_dfs_endpoint": null,
            "secondary_dfs_host": null,
            "secondary_file_endpoint": null,
            "secondary_file_host": null,
            "secondary_location": "southindia",
            "secondary_queue_endpoint": null,
            "secondary_queue_host": null,
            "secondary_table_endpoint": null,
            "secondary_table_host": null,
            "secondary_web_endpoint": null,
            "secondary_web_host": null,
            "table_encryption_key_type": "Service",
            "tags": {},
            "timeouts": null
          },
          "sensitive_attributes": []
        }
      ]
    },
    {
      "module": "module.storage-containers[\"blob_container_1\"]",
      "mode": "managed",
      "type": "azurerm_storage_blob",
      "name": "blobstorage",
      "provider": "provider[\"registry.terraform.io/hashicorp/azurerm\"]",
      "instances": [
        {
          "schema_version": 1,
          "attributes": {
            "access_tier": "Hot",
            "cache_control": "",
            "content_md5": "",
            "content_type": "application/octet-stream",
            "id": "https://zgbswbdevstorage1123.blob.core.windows.net/zgebs-wb-dev-dgv-publicftpblob0198/Blob",
            "metadata": {},
            "name": "Blob",
            "parallelism": 8,
            "size": 0,
            "source": null,
            "source_content": null,
            "source_uri": null,
            "storage_account_name": "zgbswbdevstorage1123",
            "storage_container_name": "zgebs-wb-dev-dgv-publicftpblob0198",
            "timeouts": null,
            "type": "Block",
            "url": "https://zgbswbdevstorage1123.blob.core.windows.net/zgebs-wb-dev-dgv-publicftpblob0198/Blob"
          },
          "sensitive_attributes": [],
          "private": "eyJlMmJmYjczMC1lY2FhLTExZTYtOGY4OC0zNDM2M2JjN2M0YzAiOnsiY3JlYXRlIjoxODAwMDAwMDAwMDAwLCJkZWxldGUiOjE4MDAwMDAwMDAwMDAsInJlYWQiOjMwMDAwMDAwMDAwMCwidXBkYXRlIjoxODAwMDAwMDAwMDAwfSwic2NoZW1hX3ZlcnNpb24iOiIxIn0=",
          "dependencies": [
            "module.storage-containers.azurerm_storage_container.storage",
            "module.storage-containers.data.azurerm_storage_account.storageds"
          ]
        }
      ]
    },
    {
      "module": "module.storage-containers[\"blob_container_1\"]",
      "mode": "managed",
      "type": "azurerm_storage_container",
      "name": "storage",
      "provider": "provider[\"registry.terraform.io/hashicorp/azurerm\"]",
      "instances": [
        {
          "schema_version": 1,
          "attributes": {
            "container_access_type": "blob",
            "has_immutability_policy": false,
            "has_legal_hold": false,
            "id": "https://zgbswbdevstorage1123.blob.core.windows.net/zgebs-wb-dev-dgv-publicftpblob0198",
            "metadata": {},
            "name": "zgebs-wb-dev-dgv-publicftpblob0198",
            "resource_manager_id": "/subscriptions/fec1a8c7-3053-43ab-b51d-9fcc38bd9399/resourceGroups/zgebs-workbench-dev-storage-rg/providers/Microsoft.Storage/storageAccounts/zgbswbdevstorage1123/blobServices/default/containers/zgebs-wb-dev-dgv-publicftpblob0198",
            "storage_account_name": "zgbswbdevstorage1123",
            "timeouts": null
          },
          "sensitive_attributes": [],
          "private": "eyJlMmJmYjczMC1lY2FhLTExZTYtOGY4OC0zNDM2M2JjN2M0YzAiOnsiY3JlYXRlIjoxODAwMDAwMDAwMDAwLCJkZWxldGUiOjE4MDAwMDAwMDAwMDAsInJlYWQiOjMwMDAwMDAwMDAwMCwidXBkYXRlIjoxODAwMDAwMDAwMDAwfSwic2NoZW1hX3ZlcnNpb24iOiIxIn0=",
          "dependencies": [
            "module.storage-containers.data.azurerm_storage_account.storageds"
          ]
        }
      ]
    },
    {
      "module": "module.storage-containers[\"blob_container_2\"]",
      "mode": "data",
      "type": "azurerm_resource_group",
      "name": "storageds",
      "provider": "provider[\"registry.terraform.io/hashicorp/azurerm\"]",
      "instances": [
        {
          "schema_version": 0,
          "attributes": {
            "id": "/subscriptions/fec1a8c7-3053-43ab-b51d-9fcc38bd9399/resourceGroups/zgebs-workbench-dev-storage-rg",
            "location": "centralindia",
            "name": "zgebs-workbench-dev-storage-rg",
            "tags": {},
            "timeouts": null
          },
          "sensitive_attributes": []
        }
      ]
    },
    {
      "module": "module.storage-containers[\"blob_container_2\"]",
      "mode": "data",
      "type": "azurerm_storage_account",
      "name": "storageds",
      "provider": "provider[\"registry.terraform.io/hashicorp/azurerm\"]",
      "instances": [
        {
          "schema_version": 0,
          "attributes": {
            "access_tier": "Hot",
            "account_kind": "StorageV2",
            "account_replication_type": "GRS",
            "account_tier": "Standard",
            "allow_nested_items_to_be_public": true,
            "azure_files_authentication": [],
            "custom_domain": null,
            "enable_https_traffic_only": true,
            "id": "/subscriptions/fec1a8c7-3053-43ab-b51d-9fcc38bd9399/resourceGroups/zgebs-workbench-dev-storage-rg/providers/Microsoft.Storage/storageAccounts/zgbswbdevstorage1123",
            "identity": [],
            "infrastructure_encryption_enabled": false,
            "is_hns_enabled": false,
            "location": "centralindia",
            "min_tls_version": "TLS1_2",
            "name": "zgbswbdevstorage1123",
            "nfsv3_enabled": false,
            "primary_access_key": "6n1i5iHn55MByL4zjliC6dD6jGFP/H8RsXy9vxIMn6ipO9cHV9nn74IxgtWwac5Iqi2N3O0Xu8u0+AStTEAj4A==",
            "primary_blob_connection_string": "DefaultEndpointsProtocol=https;BlobEndpoint=https://zgbswbdevstorage1123.blob.core.windows.net/;AccountName=zgbswbdevstorage1123;AccountKey=6n1i5iHn55MByL4zjliC6dD6jGFP/H8RsXy9vxIMn6ipO9cHV9nn74IxgtWwac5Iqi2N3O0Xu8u0+AStTEAj4A==",
            "primary_blob_endpoint": "https://zgbswbdevstorage1123.blob.core.windows.net/",
            "primary_blob_host": "zgbswbdevstorage1123.blob.core.windows.net",
            "primary_connection_string": "DefaultEndpointsProtocol=https;AccountName=zgbswbdevstorage1123;AccountKey=6n1i5iHn55MByL4zjliC6dD6jGFP/H8RsXy9vxIMn6ipO9cHV9nn74IxgtWwac5Iqi2N3O0Xu8u0+AStTEAj4A==;EndpointSuffix=core.windows.net",
            "primary_dfs_endpoint": "https://zgbswbdevstorage1123.dfs.core.windows.net/",
            "primary_dfs_host": "zgbswbdevstorage1123.dfs.core.windows.net",
            "primary_file_endpoint": "https://zgbswbdevstorage1123.file.core.windows.net/",
            "primary_file_host": "zgbswbdevstorage1123.file.core.windows.net",
            "primary_location": "centralindia",
            "primary_queue_endpoint": "https://zgbswbdevstorage1123.queue.core.windows.net/",
            "primary_queue_host": "zgbswbdevstorage1123.queue.core.windows.net",
            "primary_table_endpoint": "https://zgbswbdevstorage1123.table.core.windows.net/",
            "primary_table_host": "zgbswbdevstorage1123.table.core.windows.net",
            "primary_web_endpoint": "https://zgbswbdevstorage1123.z29.web.core.windows.net/",
            "primary_web_host": "zgbswbdevstorage1123.z29.web.core.windows.net",
            "queue_encryption_key_type": "Service",
            "resource_group_name": "zgebs-workbench-dev-storage-rg",
            "secondary_access_key": "MoJGUPWe/Tltd5+cGSAAxdz7PvCzPCGpDDWow5GRqP6lTud8k7VXOfcHxFVkqlAbWuewOxkCPsDo+AStdh+UfQ==",
            "secondary_blob_connection_string": "",
            "secondary_blob_endpoint": null,
            "secondary_blob_host": null,
            "secondary_connection_string": "DefaultEndpointsProtocol=https;AccountName=zgbswbdevstorage1123;AccountKey=MoJGUPWe/Tltd5+cGSAAxdz7PvCzPCGpDDWow5GRqP6lTud8k7VXOfcHxFVkqlAbWuewOxkCPsDo+AStdh+UfQ==;EndpointSuffix=core.windows.net",
            "secondary_dfs_endpoint": null,
            "secondary_dfs_host": null,
            "secondary_file_endpoint": null,
            "secondary_file_host": null,
            "secondary_location": "southindia",
            "secondary_queue_endpoint": null,
            "secondary_queue_host": null,
            "secondary_table_endpoint": null,
            "secondary_table_host": null,
            "secondary_web_endpoint": null,
            "secondary_web_host": null,
            "table_encryption_key_type": "Service",
            "tags": {},
            "timeouts": null
          },
          "sensitive_attributes": []
        }
      ]
    },
    {
      "module": "module.storage-containers[\"blob_container_2\"]",
      "mode": "managed",
      "type": "azurerm_storage_blob",
      "name": "blobstorage",
      "provider": "provider[\"registry.terraform.io/hashicorp/azurerm\"]",
      "instances": [
        {
          "schema_version": 1,
          "attributes": {
            "access_tier": "Hot",
            "cache_control": "",
            "content_md5": "",
            "content_type": "application/octet-stream",
            "id": "https://zgbswbdevstorage1123.blob.core.windows.net/zgebs-wb-dev-fscdinv-publicftpblob0198/Blob",
            "metadata": {},
            "name": "Blob",
            "parallelism": 8,
            "size": 0,
            "source": null,
            "source_content": null,
            "source_uri": null,
            "storage_account_name": "zgbswbdevstorage1123",
            "storage_container_name": "zgebs-wb-dev-fscdinv-publicftpblob0198",
            "timeouts": null,
            "type": "Block",
            "url": "https://zgbswbdevstorage1123.blob.core.windows.net/zgebs-wb-dev-fscdinv-publicftpblob0198/Blob"
          },
          "sensitive_attributes": [],
          "private": "eyJlMmJmYjczMC1lY2FhLTExZTYtOGY4OC0zNDM2M2JjN2M0YzAiOnsiY3JlYXRlIjoxODAwMDAwMDAwMDAwLCJkZWxldGUiOjE4MDAwMDAwMDAwMDAsInJlYWQiOjMwMDAwMDAwMDAwMCwidXBkYXRlIjoxODAwMDAwMDAwMDAwfSwic2NoZW1hX3ZlcnNpb24iOiIxIn0=",
          "dependencies": [
            "module.storage-containers.azurerm_storage_container.storage",
            "module.storage-containers.data.azurerm_storage_account.storageds"
          ]
        }
      ]
    },
    {
      "module": "module.storage-containers[\"blob_container_2\"]",
      "mode": "managed",
      "type": "azurerm_storage_container",
      "name": "storage",
      "provider": "provider[\"registry.terraform.io/hashicorp/azurerm\"]",
      "instances": [
        {
          "schema_version": 1,
          "attributes": {
            "container_access_type": "blob",
            "has_immutability_policy": false,
            "has_legal_hold": false,
            "id": "https://zgbswbdevstorage1123.blob.core.windows.net/zgebs-wb-dev-fscdinv-publicftpblob0198",
            "metadata": {},
            "name": "zgebs-wb-dev-fscdinv-publicftpblob0198",
            "resource_manager_id": "/subscriptions/fec1a8c7-3053-43ab-b51d-9fcc38bd9399/resourceGroups/zgebs-workbench-dev-storage-rg/providers/Microsoft.Storage/storageAccounts/zgbswbdevstorage1123/blobServices/default/containers/zgebs-wb-dev-fscdinv-publicftpblob0198",
            "storage_account_name": "zgbswbdevstorage1123",
            "timeouts": null
          },
          "sensitive_attributes": [],
          "private": "eyJlMmJmYjczMC1lY2FhLTExZTYtOGY4OC0zNDM2M2JjN2M0YzAiOnsiY3JlYXRlIjoxODAwMDAwMDAwMDAwLCJkZWxldGUiOjE4MDAwMDAwMDAwMDAsInJlYWQiOjMwMDAwMDAwMDAwMCwidXBkYXRlIjoxODAwMDAwMDAwMDAwfSwic2NoZW1hX3ZlcnNpb24iOiIxIn0=",
          "dependencies": [
            "module.storage-containers.data.azurerm_storage_account.storageds"
          ]
        }
      ]
    },
    {
      "module": "module.storage-containers[\"blob_container_3\"]",
      "mode": "data",
      "type": "azurerm_resource_group",
      "name": "storageds",
      "provider": "provider[\"registry.terraform.io/hashicorp/azurerm\"]",
      "instances": [
        {
          "schema_version": 0,
          "attributes": {
            "id": "/subscriptions/fec1a8c7-3053-43ab-b51d-9fcc38bd9399/resourceGroups/zgebs-workbench-dev-storage-rg",
            "location": "centralindia",
            "name": "zgebs-workbench-dev-storage-rg",
            "tags": {},
            "timeouts": null
          },
          "sensitive_attributes": []
        }
      ]
    },
    {
      "module": "module.storage-containers[\"blob_container_3\"]",
      "mode": "data",
      "type": "azurerm_storage_account",
      "name": "storageds",
      "provider": "provider[\"registry.terraform.io/hashicorp/azurerm\"]",
      "instances": [
        {
          "schema_version": 0,
          "attributes": {
            "access_tier": "Hot",
            "account_kind": "StorageV2",
            "account_replication_type": "GRS",
            "account_tier": "Standard",
            "allow_nested_items_to_be_public": true,
            "azure_files_authentication": [],
            "custom_domain": null,
            "enable_https_traffic_only": true,
            "id": "/subscriptions/fec1a8c7-3053-43ab-b51d-9fcc38bd9399/resourceGroups/zgebs-workbench-dev-storage-rg/providers/Microsoft.Storage/storageAccounts/zgbswbdevstorage1123",
            "identity": [],
            "infrastructure_encryption_enabled": false,
            "is_hns_enabled": false,
            "location": "centralindia",
            "min_tls_version": "TLS1_2",
            "name": "zgbswbdevstorage1123",
            "nfsv3_enabled": false,
            "primary_access_key": "6n1i5iHn55MByL4zjliC6dD6jGFP/H8RsXy9vxIMn6ipO9cHV9nn74IxgtWwac5Iqi2N3O0Xu8u0+AStTEAj4A==",
            "primary_blob_connection_string": "DefaultEndpointsProtocol=https;BlobEndpoint=https://zgbswbdevstorage1123.blob.core.windows.net/;AccountName=zgbswbdevstorage1123;AccountKey=6n1i5iHn55MByL4zjliC6dD6jGFP/H8RsXy9vxIMn6ipO9cHV9nn74IxgtWwac5Iqi2N3O0Xu8u0+AStTEAj4A==",
            "primary_blob_endpoint": "https://zgbswbdevstorage1123.blob.core.windows.net/",
            "primary_blob_host": "zgbswbdevstorage1123.blob.core.windows.net",
            "primary_connection_string": "DefaultEndpointsProtocol=https;AccountName=zgbswbdevstorage1123;AccountKey=6n1i5iHn55MByL4zjliC6dD6jGFP/H8RsXy9vxIMn6ipO9cHV9nn74IxgtWwac5Iqi2N3O0Xu8u0+AStTEAj4A==;EndpointSuffix=core.windows.net",
            "primary_dfs_endpoint": "https://zgbswbdevstorage1123.dfs.core.windows.net/",
            "primary_dfs_host": "zgbswbdevstorage1123.dfs.core.windows.net",
            "primary_file_endpoint": "https://zgbswbdevstorage1123.file.core.windows.net/",
            "primary_file_host": "zgbswbdevstorage1123.file.core.windows.net",
            "primary_location": "centralindia",
            "primary_queue_endpoint": "https://zgbswbdevstorage1123.queue.core.windows.net/",
            "primary_queue_host": "zgbswbdevstorage1123.queue.core.windows.net",
            "primary_table_endpoint": "https://zgbswbdevstorage1123.table.core.windows.net/",
            "primary_table_host": "zgbswbdevstorage1123.table.core.windows.net",
            "primary_web_endpoint": "https://zgbswbdevstorage1123.z29.web.core.windows.net/",
            "primary_web_host": "zgbswbdevstorage1123.z29.web.core.windows.net",
            "queue_encryption_key_type": "Service",
            "resource_group_name": "zgebs-workbench-dev-storage-rg",
            "secondary_access_key": "MoJGUPWe/Tltd5+cGSAAxdz7PvCzPCGpDDWow5GRqP6lTud8k7VXOfcHxFVkqlAbWuewOxkCPsDo+AStdh+UfQ==",
            "secondary_blob_connection_string": "",
            "secondary_blob_endpoint": null,
            "secondary_blob_host": null,
            "secondary_connection_string": "DefaultEndpointsProtocol=https;AccountName=zgbswbdevstorage1123;AccountKey=MoJGUPWe/Tltd5+cGSAAxdz7PvCzPCGpDDWow5GRqP6lTud8k7VXOfcHxFVkqlAbWuewOxkCPsDo+AStdh+UfQ==;EndpointSuffix=core.windows.net",
            "secondary_dfs_endpoint": null,
            "secondary_dfs_host": null,
            "secondary_file_endpoint": null,
            "secondary_file_host": null,
            "secondary_location": "southindia",
            "secondary_queue_endpoint": null,
            "secondary_queue_host": null,
            "secondary_table_endpoint": null,
            "secondary_table_host": null,
            "secondary_web_endpoint": null,
            "secondary_web_host": null,
            "table_encryption_key_type": "Service",
            "tags": {},
            "timeouts": null
          },
          "sensitive_attributes": []
        }
      ]
    },
    {
      "module": "module.storage-containers[\"blob_container_3\"]",
      "mode": "managed",
      "type": "azurerm_storage_blob",
      "name": "blobstorage",
      "provider": "provider[\"registry.terraform.io/hashicorp/azurerm\"]",
      "instances": [
        {
          "schema_version": 1,
          "attributes": {
            "access_tier": "Hot",
            "cache_control": "",
            "content_md5": "",
            "content_type": "application/octet-stream",
            "id": "https://zgbswbdevstorage1123.blob.core.windows.net/zgebs-wb-dev-fcsdbp-publicftpblob0198/Blob",
            "metadata": {},
            "name": "Blob",
            "parallelism": 8,
            "size": 0,
            "source": null,
            "source_content": null,
            "source_uri": null,
            "storage_account_name": "zgbswbdevstorage1123",
            "storage_container_name": "zgebs-wb-dev-fcsdbp-publicftpblob0198",
            "timeouts": null,
            "type": "Block",
            "url": "https://zgbswbdevstorage1123.blob.core.windows.net/zgebs-wb-dev-fcsdbp-publicftpblob0198/Blob"
          },
          "sensitive_attributes": [],
          "private": "eyJlMmJmYjczMC1lY2FhLTExZTYtOGY4OC0zNDM2M2JjN2M0YzAiOnsiY3JlYXRlIjoxODAwMDAwMDAwMDAwLCJkZWxldGUiOjE4MDAwMDAwMDAwMDAsInJlYWQiOjMwMDAwMDAwMDAwMCwidXBkYXRlIjoxODAwMDAwMDAwMDAwfSwic2NoZW1hX3ZlcnNpb24iOiIxIn0=",
          "dependencies": [
            "module.storage-containers.azurerm_storage_container.storage",
            "module.storage-containers.data.azurerm_storage_account.storageds"
          ]
        }
      ]
    },
    {
      "module": "module.storage-containers[\"blob_container_3\"]",
      "mode": "managed",
      "type": "azurerm_storage_container",
      "name": "storage",
      "provider": "provider[\"registry.terraform.io/hashicorp/azurerm\"]",
      "instances": [
        {
          "schema_version": 1,
          "attributes": {
            "container_access_type": "blob",
            "has_immutability_policy": false,
            "has_legal_hold": false,
            "id": "https://zgbswbdevstorage1123.blob.core.windows.net/zgebs-wb-dev-fcsdbp-publicftpblob0198",
            "metadata": {},
            "name": "zgebs-wb-dev-fcsdbp-publicftpblob0198",
            "resource_manager_id": "/subscriptions/fec1a8c7-3053-43ab-b51d-9fcc38bd9399/resourceGroups/zgebs-workbench-dev-storage-rg/providers/Microsoft.Storage/storageAccounts/zgbswbdevstorage1123/blobServices/default/containers/zgebs-wb-dev-fcsdbp-publicftpblob0198",
            "storage_account_name": "zgbswbdevstorage1123",
            "timeouts": null
          },
          "sensitive_attributes": [],
          "private": "eyJlMmJmYjczMC1lY2FhLTExZTYtOGY4OC0zNDM2M2JjN2M0YzAiOnsiY3JlYXRlIjoxODAwMDAwMDAwMDAwLCJkZWxldGUiOjE4MDAwMDAwMDAwMDAsInJlYWQiOjMwMDAwMDAwMDAwMCwidXBkYXRlIjoxODAwMDAwMDAwMDAwfSwic2NoZW1hX3ZlcnNpb24iOiIxIn0=",
          "dependencies": [
            "module.storage-containers.data.azurerm_storage_account.storageds"
          ]
        }
      ]
    },
    {
      "module": "module.storage-containers[\"blob_container_4\"]",
      "mode": "data",
      "type": "azurerm_resource_group",
      "name": "storageds",
      "provider": "provider[\"registry.terraform.io/hashicorp/azurerm\"]",
      "instances": [
        {
          "schema_version": 0,
          "attributes": {
            "id": "/subscriptions/fec1a8c7-3053-43ab-b51d-9fcc38bd9399/resourceGroups/zgebs-workbench-dev-storage-rg",
            "location": "centralindia",
            "name": "zgebs-workbench-dev-storage-rg",
            "tags": {},
            "timeouts": null
          },
          "sensitive_attributes": []
        }
      ]
    },
    {
      "module": "module.storage-containers[\"blob_container_4\"]",
      "mode": "data",
      "type": "azurerm_storage_account",
      "name": "storageds",
      "provider": "provider[\"registry.terraform.io/hashicorp/azurerm\"]",
      "instances": [
        {
          "schema_version": 0,
          "attributes": {
            "access_tier": "Hot",
            "account_kind": "StorageV2",
            "account_replication_type": "GRS",
            "account_tier": "Standard",
            "allow_nested_items_to_be_public": true,
            "azure_files_authentication": [],
            "custom_domain": null,
            "enable_https_traffic_only": true,
            "id": "/subscriptions/fec1a8c7-3053-43ab-b51d-9fcc38bd9399/resourceGroups/zgebs-workbench-dev-storage-rg/providers/Microsoft.Storage/storageAccounts/zgbswbdevstorage1123",
            "identity": [],
            "infrastructure_encryption_enabled": false,
            "is_hns_enabled": false,
            "location": "centralindia",
            "min_tls_version": "TLS1_2",
            "name": "zgbswbdevstorage1123",
            "nfsv3_enabled": false,
            "primary_access_key": "6n1i5iHn55MByL4zjliC6dD6jGFP/H8RsXy9vxIMn6ipO9cHV9nn74IxgtWwac5Iqi2N3O0Xu8u0+AStTEAj4A==",
            "primary_blob_connection_string": "DefaultEndpointsProtocol=https;BlobEndpoint=https://zgbswbdevstorage1123.blob.core.windows.net/;AccountName=zgbswbdevstorage1123;AccountKey=6n1i5iHn55MByL4zjliC6dD6jGFP/H8RsXy9vxIMn6ipO9cHV9nn74IxgtWwac5Iqi2N3O0Xu8u0+AStTEAj4A==",
            "primary_blob_endpoint": "https://zgbswbdevstorage1123.blob.core.windows.net/",
            "primary_blob_host": "zgbswbdevstorage1123.blob.core.windows.net",
            "primary_connection_string": "DefaultEndpointsProtocol=https;AccountName=zgbswbdevstorage1123;AccountKey=6n1i5iHn55MByL4zjliC6dD6jGFP/H8RsXy9vxIMn6ipO9cHV9nn74IxgtWwac5Iqi2N3O0Xu8u0+AStTEAj4A==;EndpointSuffix=core.windows.net",
            "primary_dfs_endpoint": "https://zgbswbdevstorage1123.dfs.core.windows.net/",
            "primary_dfs_host": "zgbswbdevstorage1123.dfs.core.windows.net",
            "primary_file_endpoint": "https://zgbswbdevstorage1123.file.core.windows.net/",
            "primary_file_host": "zgbswbdevstorage1123.file.core.windows.net",
            "primary_location": "centralindia",
            "primary_queue_endpoint": "https://zgbswbdevstorage1123.queue.core.windows.net/",
            "primary_queue_host": "zgbswbdevstorage1123.queue.core.windows.net",
            "primary_table_endpoint": "https://zgbswbdevstorage1123.table.core.windows.net/",
            "primary_table_host": "zgbswbdevstorage1123.table.core.windows.net",
            "primary_web_endpoint": "https://zgbswbdevstorage1123.z29.web.core.windows.net/",
            "primary_web_host": "zgbswbdevstorage1123.z29.web.core.windows.net",
            "queue_encryption_key_type": "Service",
            "resource_group_name": "zgebs-workbench-dev-storage-rg",
            "secondary_access_key": "MoJGUPWe/Tltd5+cGSAAxdz7PvCzPCGpDDWow5GRqP6lTud8k7VXOfcHxFVkqlAbWuewOxkCPsDo+AStdh+UfQ==",
            "secondary_blob_connection_string": "",
            "secondary_blob_endpoint": null,
            "secondary_blob_host": null,
            "secondary_connection_string": "DefaultEndpointsProtocol=https;AccountName=zgbswbdevstorage1123;AccountKey=MoJGUPWe/Tltd5+cGSAAxdz7PvCzPCGpDDWow5GRqP6lTud8k7VXOfcHxFVkqlAbWuewOxkCPsDo+AStdh+UfQ==;EndpointSuffix=core.windows.net",
            "secondary_dfs_endpoint": null,
            "secondary_dfs_host": null,
            "secondary_file_endpoint": null,
            "secondary_file_host": null,
            "secondary_location": "southindia",
            "secondary_queue_endpoint": null,
            "secondary_queue_host": null,
            "secondary_table_endpoint": null,
            "secondary_table_host": null,
            "secondary_web_endpoint": null,
            "secondary_web_host": null,
            "table_encryption_key_type": "Service",
            "tags": {},
            "timeouts": null
          },
          "sensitive_attributes": []
        }
      ]
    },
    {
      "module": "module.storage-containers[\"blob_container_4\"]",
      "mode": "managed",
      "type": "azurerm_storage_blob",
      "name": "blobstorage",
      "provider": "provider[\"registry.terraform.io/hashicorp/azurerm\"]",
      "instances": [
        {
          "schema_version": 1,
          "attributes": {
            "access_tier": "Hot",
            "cache_control": "",
            "content_md5": "",
            "content_type": "application/octet-stream",
            "id": "https://zgbswbdevstorage1123.blob.core.windows.net/zgebs-wb-dev-myz-publicftpblob0198/Blob",
            "metadata": {},
            "name": "Blob",
            "parallelism": 8,
            "size": 0,
            "source": null,
            "source_content": null,
            "source_uri": null,
            "storage_account_name": "zgbswbdevstorage1123",
            "storage_container_name": "zgebs-wb-dev-myz-publicftpblob0198",
            "timeouts": null,
            "type": "Block",
            "url": "https://zgbswbdevstorage1123.blob.core.windows.net/zgebs-wb-dev-myz-publicftpblob0198/Blob"
          },
          "sensitive_attributes": [],
          "private": "eyJlMmJmYjczMC1lY2FhLTExZTYtOGY4OC0zNDM2M2JjN2M0YzAiOnsiY3JlYXRlIjoxODAwMDAwMDAwMDAwLCJkZWxldGUiOjE4MDAwMDAwMDAwMDAsInJlYWQiOjMwMDAwMDAwMDAwMCwidXBkYXRlIjoxODAwMDAwMDAwMDAwfSwic2NoZW1hX3ZlcnNpb24iOiIxIn0=",
          "dependencies": [
            "module.storage-containers.azurerm_storage_container.storage",
            "module.storage-containers.data.azurerm_storage_account.storageds"
          ]
        }
      ]
    },
    {
      "module": "module.storage-containers[\"blob_container_4\"]",
      "mode": "managed",
      "type": "azurerm_storage_container",
      "name": "storage",
      "provider": "provider[\"registry.terraform.io/hashicorp/azurerm\"]",
      "instances": [
        {
          "schema_version": 1,
          "attributes": {
            "container_access_type": "blob",
            "has_immutability_policy": false,
            "has_legal_hold": false,
            "id": "https://zgbswbdevstorage1123.blob.core.windows.net/zgebs-wb-dev-myz-publicftpblob0198",
            "metadata": {},
            "name": "zgebs-wb-dev-myz-publicftpblob0198",
            "resource_manager_id": "/subscriptions/fec1a8c7-3053-43ab-b51d-9fcc38bd9399/resourceGroups/zgebs-workbench-dev-storage-rg/providers/Microsoft.Storage/storageAccounts/zgbswbdevstorage1123/blobServices/default/containers/zgebs-wb-dev-myz-publicftpblob0198",
            "storage_account_name": "zgbswbdevstorage1123",
            "timeouts": null
          },
          "sensitive_attributes": [],
          "private": "eyJlMmJmYjczMC1lY2FhLTExZTYtOGY4OC0zNDM2M2JjN2M0YzAiOnsiY3JlYXRlIjoxODAwMDAwMDAwMDAwLCJkZWxldGUiOjE4MDAwMDAwMDAwMDAsInJlYWQiOjMwMDAwMDAwMDAwMCwidXBkYXRlIjoxODAwMDAwMDAwMDAwfSwic2NoZW1hX3ZlcnNpb24iOiIxIn0=",
          "dependencies": [
            "module.storage-containers.data.azurerm_storage_account.storageds"
          ]
        }
      ]
    },
    {
      "module": "module.storage-containers[\"blob_container_5\"]",
      "mode": "data",
      "type": "azurerm_resource_group",
      "name": "storageds",
      "provider": "provider[\"registry.terraform.io/hashicorp/azurerm\"]",
      "instances": [
        {
          "schema_version": 0,
          "attributes": {
            "id": "/subscriptions/fec1a8c7-3053-43ab-b51d-9fcc38bd9399/resourceGroups/zgebs-workbench-dev-storage-rg",
            "location": "centralindia",
            "name": "zgebs-workbench-dev-storage-rg",
            "tags": {},
            "timeouts": null
          },
          "sensitive_attributes": []
        }
      ]
    },
    {
      "module": "module.storage-containers[\"blob_container_5\"]",
      "mode": "data",
      "type": "azurerm_storage_account",
      "name": "storageds",
      "provider": "provider[\"registry.terraform.io/hashicorp/azurerm\"]",
      "instances": [
        {
          "schema_version": 0,
          "attributes": {
            "access_tier": "Hot",
            "account_kind": "StorageV2",
            "account_replication_type": "GRS",
            "account_tier": "Standard",
            "allow_nested_items_to_be_public": true,
            "azure_files_authentication": [],
            "custom_domain": null,
            "enable_https_traffic_only": true,
            "id": "/subscriptions/fec1a8c7-3053-43ab-b51d-9fcc38bd9399/resourceGroups/zgebs-workbench-dev-storage-rg/providers/Microsoft.Storage/storageAccounts/zgbswbdevstorage1123",
            "identity": [],
            "infrastructure_encryption_enabled": false,
            "is_hns_enabled": false,
            "location": "centralindia",
            "min_tls_version": "TLS1_2",
            "name": "zgbswbdevstorage1123",
            "nfsv3_enabled": false,
            "primary_access_key": "6n1i5iHn55MByL4zjliC6dD6jGFP/H8RsXy9vxIMn6ipO9cHV9nn74IxgtWwac5Iqi2N3O0Xu8u0+AStTEAj4A==",
            "primary_blob_connection_string": "DefaultEndpointsProtocol=https;BlobEndpoint=https://zgbswbdevstorage1123.blob.core.windows.net/;AccountName=zgbswbdevstorage1123;AccountKey=6n1i5iHn55MByL4zjliC6dD6jGFP/H8RsXy9vxIMn6ipO9cHV9nn74IxgtWwac5Iqi2N3O0Xu8u0+AStTEAj4A==",
            "primary_blob_endpoint": "https://zgbswbdevstorage1123.blob.core.windows.net/",
            "primary_blob_host": "zgbswbdevstorage1123.blob.core.windows.net",
            "primary_connection_string": "DefaultEndpointsProtocol=https;AccountName=zgbswbdevstorage1123;AccountKey=6n1i5iHn55MByL4zjliC6dD6jGFP/H8RsXy9vxIMn6ipO9cHV9nn74IxgtWwac5Iqi2N3O0Xu8u0+AStTEAj4A==;EndpointSuffix=core.windows.net",
            "primary_dfs_endpoint": "https://zgbswbdevstorage1123.dfs.core.windows.net/",
            "primary_dfs_host": "zgbswbdevstorage1123.dfs.core.windows.net",
            "primary_file_endpoint": "https://zgbswbdevstorage1123.file.core.windows.net/",
            "primary_file_host": "zgbswbdevstorage1123.file.core.windows.net",
            "primary_location": "centralindia",
            "primary_queue_endpoint": "https://zgbswbdevstorage1123.queue.core.windows.net/",
            "primary_queue_host": "zgbswbdevstorage1123.queue.core.windows.net",
            "primary_table_endpoint": "https://zgbswbdevstorage1123.table.core.windows.net/",
            "primary_table_host": "zgbswbdevstorage1123.table.core.windows.net",
            "primary_web_endpoint": "https://zgbswbdevstorage1123.z29.web.core.windows.net/",
            "primary_web_host": "zgbswbdevstorage1123.z29.web.core.windows.net",
            "queue_encryption_key_type": "Service",
            "resource_group_name": "zgebs-workbench-dev-storage-rg",
            "secondary_access_key": "MoJGUPWe/Tltd5+cGSAAxdz7PvCzPCGpDDWow5GRqP6lTud8k7VXOfcHxFVkqlAbWuewOxkCPsDo+AStdh+UfQ==",
            "secondary_blob_connection_string": "",
            "secondary_blob_endpoint": null,
            "secondary_blob_host": null,
            "secondary_connection_string": "DefaultEndpointsProtocol=https;AccountName=zgbswbdevstorage1123;AccountKey=MoJGUPWe/Tltd5+cGSAAxdz7PvCzPCGpDDWow5GRqP6lTud8k7VXOfcHxFVkqlAbWuewOxkCPsDo+AStdh+UfQ==;EndpointSuffix=core.windows.net",
            "secondary_dfs_endpoint": null,
            "secondary_dfs_host": null,
            "secondary_file_endpoint": null,
            "secondary_file_host": null,
            "secondary_location": "southindia",
            "secondary_queue_endpoint": null,
            "secondary_queue_host": null,
            "secondary_table_endpoint": null,
            "secondary_table_host": null,
            "secondary_web_endpoint": null,
            "secondary_web_host": null,
            "table_encryption_key_type": "Service",
            "tags": {},
            "timeouts": null
          },
          "sensitive_attributes": []
        }
      ]
    },
    {
      "module": "module.storage-containers[\"blob_container_5\"]",
      "mode": "managed",
      "type": "azurerm_storage_blob",
      "name": "blobstorage",
      "provider": "provider[\"registry.terraform.io/hashicorp/azurerm\"]",
      "instances": [
        {
          "schema_version": 1,
          "attributes": {
            "access_tier": "Hot",
            "cache_control": "",
            "content_md5": "",
            "content_type": "application/octet-stream",
            "id": "https://zgbswbdevstorage1123.blob.core.windows.net/zgebs-wb-dev-rwb-publicftpblob0198/Blob",
            "metadata": {},
            "name": "Blob",
            "parallelism": 8,
            "size": 0,
            "source": null,
            "source_content": null,
            "source_uri": null,
            "storage_account_name": "zgbswbdevstorage1123",
            "storage_container_name": "zgebs-wb-dev-rwb-publicftpblob0198",
            "timeouts": null,
            "type": "Block",
            "url": "https://zgbswbdevstorage1123.blob.core.windows.net/zgebs-wb-dev-rwb-publicftpblob0198/Blob"
          },
          "sensitive_attributes": [],
          "private": "eyJlMmJmYjczMC1lY2FhLTExZTYtOGY4OC0zNDM2M2JjN2M0YzAiOnsiY3JlYXRlIjoxODAwMDAwMDAwMDAwLCJkZWxldGUiOjE4MDAwMDAwMDAwMDAsInJlYWQiOjMwMDAwMDAwMDAwMCwidXBkYXRlIjoxODAwMDAwMDAwMDAwfSwic2NoZW1hX3ZlcnNpb24iOiIxIn0=",
          "dependencies": [
            "module.storage-containers.azurerm_storage_container.storage",
            "module.storage-containers.data.azurerm_storage_account.storageds"
          ]
        }
      ]
    },
    {
      "module": "module.storage-containers[\"blob_container_5\"]",
      "mode": "managed",
      "type": "azurerm_storage_container",
      "name": "storage",
      "provider": "provider[\"registry.terraform.io/hashicorp/azurerm\"]",
      "instances": [
        {
          "schema_version": 1,
          "attributes": {
            "container_access_type": "blob",
            "has_immutability_policy": false,
            "has_legal_hold": false,
            "id": "https://zgbswbdevstorage1123.blob.core.windows.net/zgebs-wb-dev-rwb-publicftpblob0198",
            "metadata": {},
            "name": "zgebs-wb-dev-rwb-publicftpblob0198",
            "resource_manager_id": "/subscriptions/fec1a8c7-3053-43ab-b51d-9fcc38bd9399/resourceGroups/zgebs-workbench-dev-storage-rg/providers/Microsoft.Storage/storageAccounts/zgbswbdevstorage1123/blobServices/default/containers/zgebs-wb-dev-rwb-publicftpblob0198",
            "storage_account_name": "zgbswbdevstorage1123",
            "timeouts": null
          },
          "sensitive_attributes": [],
          "private": "eyJlMmJmYjczMC1lY2FhLTExZTYtOGY4OC0zNDM2M2JjN2M0YzAiOnsiY3JlYXRlIjoxODAwMDAwMDAwMDAwLCJkZWxldGUiOjE4MDAwMDAwMDAwMDAsInJlYWQiOjMwMDAwMDAwMDAwMCwidXBkYXRlIjoxODAwMDAwMDAwMDAwfSwic2NoZW1hX3ZlcnNpb24iOiIxIn0=",
          "dependencies": [
            "module.storage-containers.data.azurerm_storage_account.storageds"
          ]
        }
      ]
    }
  ],
  "check_results": []
}
