{
  "version": 4,
  "terraform_version": "1.3.3",
  "serial": 3,
  "lineage": "d4634271-6053-38de-7a74-8a36a4afc1b2",
  "outputs": {},
  "resources": [
    {
      "module": "module.storage",
      "mode": "managed",
      "type": "azurerm_resource_group",
      "name": "storage",
      "provider": "provider[\"registry.terraform.io/hashicorp/azurerm\"]",
      "instances": [
        {
          "schema_version": 0,
          "attributes": {
            "id": "/subscriptions/fec1a8c7-3053-43ab-b51d-9fcc38bd9399/resourceGroups/zgebs-workbench-dev-storage-rg",
            "location": "centralindia",
            "name": "zgebs-workbench-dev-storage-rg",
            "tags": null,
            "timeouts": null
          },
          "sensitive_attributes": [],
          "private": "eyJlMmJmYjczMC1lY2FhLTExZTYtOGY4OC0zNDM2M2JjN2M0YzAiOnsiY3JlYXRlIjo1NDAwMDAwMDAwMDAwLCJkZWxldGUiOjU0MDAwMDAwMDAwMDAsInJlYWQiOjMwMDAwMDAwMDAwMCwidXBkYXRlIjo1NDAwMDAwMDAwMDAwfX0="
        }
      ]
    },
    {
      "module": "module.storage",
      "mode": "managed",
      "type": "azurerm_storage_account",
      "name": "storage",
      "provider": "provider[\"registry.terraform.io/hashicorp/azurerm\"]",
      "instances": [
        {
          "schema_version": 3,
          "attributes": {
            "access_tier": "Hot",
            "account_kind": "StorageV2",
            "account_replication_type": "GRS",
            "account_tier": "Standard",
            "allow_nested_items_to_be_public": true,
            "allowed_copy_scope": "",
            "azure_files_authentication": [],
            "blob_properties": [
              {
                "change_feed_enabled": false,
                "change_feed_retention_in_days": 0,
                "container_delete_retention_policy": [],
                "cors_rule": [],
                "default_service_version": "",
                "delete_retention_policy": [],
                "last_access_time_enabled": false,
                "restore_policy": [],
                "versioning_enabled": false
              }
            ],
            "cross_tenant_replication_enabled": true,
            "custom_domain": [],
            "customer_managed_key": [],
            "default_to_oauth_authentication": false,
            "edge_zone": "",
            "enable_https_traffic_only": true,
            "id": "/subscriptions/fec1a8c7-3053-43ab-b51d-9fcc38bd9399/resourceGroups/zgebs-workbench-dev-storage-rg/providers/Microsoft.Storage/storageAccounts/zgbswbdevstorage1123",
            "identity": [],
            "immutability_policy": [],
            "infrastructure_encryption_enabled": false,
            "is_hns_enabled": false,
            "large_file_share_enabled": null,
            "location": "centralindia",
            "min_tls_version": "TLS1_2",
            "name": "zgbswbdevstorage1123",
            "network_rules": [
              {
                "bypass": [
                  "AzureServices"
                ],
                "default_action": "Allow",
                "ip_rules": [],
                "private_link_access": [],
                "virtual_network_subnet_ids": []
              }
            ],
            "nfsv3_enabled": false,
            "primary_access_key": "RhwPp6+qKMyUgGmYgLM5FrYgeg4ru1YMfXSARnbZeA7YUDt49zYjRo7yL6SKC2IqvvcOEZMqg3F6+AStflBPoA==",
            "primary_blob_connection_string": "DefaultEndpointsProtocol=https;BlobEndpoint=https://zgbswbdevstorage1123.blob.core.windows.net/;AccountName=zgbswbdevstorage1123;AccountKey=RhwPp6+qKMyUgGmYgLM5FrYgeg4ru1YMfXSARnbZeA7YUDt49zYjRo7yL6SKC2IqvvcOEZMqg3F6+AStflBPoA==",
            "primary_blob_endpoint": "https://zgbswbdevstorage1123.blob.core.windows.net/",
            "primary_blob_host": "zgbswbdevstorage1123.blob.core.windows.net",
            "primary_connection_string": "DefaultEndpointsProtocol=https;AccountName=zgbswbdevstorage1123;AccountKey=RhwPp6+qKMyUgGmYgLM5FrYgeg4ru1YMfXSARnbZeA7YUDt49zYjRo7yL6SKC2IqvvcOEZMqg3F6+AStflBPoA==;EndpointSuffix=core.windows.net",
            "primary_dfs_endpoint": "https://zgbswbdevstorage1123.dfs.core.windows.net/",
            "primary_dfs_host": "zgbswbdevstorage1123.dfs.core.windows.net",
            "primary_file_endpoint": "https://zgbswbdevstorage1123.file.core.windows.net/",
            "primary_file_host": "zgbswbdevstorage1123.file.core.windows.net",
            "primary_location": "centralindia",
            "primary_queue_endpoint": "https://zgbswbdevstorage1123.queue.core.windows.net/",
            "primary_queue_host": "zgbswbdevstorage1123.queue.core.windows.net",
            "primary_table_endpoint": "https://zgbswbdevstorage1123.table.core.windows.net/",
            "primary_table_host": "zgbswbdevstorage1123.table.core.windows.net",
            "primary_web_endpoint": "https://zgbswbdevstorage1123.z29.web.core.windows.net/",
            "primary_web_host": "zgbswbdevstorage1123.z29.web.core.windows.net",
            "public_network_access_enabled": true,
            "queue_encryption_key_type": "Service",
            "queue_properties": [
              {
                "cors_rule": [],
                "hour_metrics": [
                  {
                    "enabled": true,
                    "include_apis": true,
                    "retention_policy_days": 7,
                    "version": "1.0"
                  }
                ],
                "logging": [
                  {
                    "delete": false,
                    "read": false,
                    "retention_policy_days": 0,
                    "version": "1.0",
                    "write": false
                  }
                ],
                "minute_metrics": [
                  {
                    "enabled": false,
                    "include_apis": false,
                    "retention_policy_days": 0,
                    "version": "1.0"
                  }
                ]
              }
            ],
            "resource_group_name": "zgebs-workbench-dev-storage-rg",
            "routing": [],
            "sas_policy": [],
            "secondary_access_key": "79yUNvBmRmjU13OGDAEt0jWUkhMHQ8q+0pb3h5ieC9P3Jimi3wTv/MrVaPGhHu6StQ17y1cJXJx9+AStIlsGRA==",
            "secondary_blob_connection_string": "",
            "secondary_blob_endpoint": null,
            "secondary_blob_host": null,
            "secondary_connection_string": "DefaultEndpointsProtocol=https;AccountName=zgbswbdevstorage1123;AccountKey=79yUNvBmRmjU13OGDAEt0jWUkhMHQ8q+0pb3h5ieC9P3Jimi3wTv/MrVaPGhHu6StQ17y1cJXJx9+AStIlsGRA==;EndpointSuffix=core.windows.net",
            "secondary_dfs_endpoint": null,
            "secondary_dfs_host": null,
            "secondary_file_endpoint": null,
            "secondary_file_host": null,
            "secondary_location": "southindia",
            "secondary_queue_endpoint": null,
            "secondary_queue_host": null,
            "secondary_table_endpoint": null,
            "secondary_table_host": null,
            "secondary_web_endpoint": null,
            "secondary_web_host": null,
            "sftp_enabled": false,
            "share_properties": [
              {
                "cors_rule": [],
                "retention_policy": [
                  {
                    "days": 7
                  }
                ],
                "smb": []
              }
            ],
            "shared_access_key_enabled": true,
            "static_website": [],
            "table_encryption_key_type": "Service",
            "tags": null,
            "timeouts": null
          },
          "sensitive_attributes": [],
          "private": "eyJlMmJmYjczMC1lY2FhLTExZTYtOGY4OC0zNDM2M2JjN2M0YzAiOnsiY3JlYXRlIjozNjAwMDAwMDAwMDAwLCJkZWxldGUiOjM2MDAwMDAwMDAwMDAsInJlYWQiOjMwMDAwMDAwMDAwMCwidXBkYXRlIjozNjAwMDAwMDAwMDAwfSwic2NoZW1hX3ZlcnNpb24iOiIzIn0=",
          "dependencies": [
            "module.storage.azurerm_resource_group.storage"
          ]
        }
      ]
    }
  ],
  "check_results": []
}
