{
  "version": 4,
  "terraform_version": "1.3.3",
  "serial": 3,
  "lineage": "d9a6acc6-5784-4213-6deb-0c7352e7cf09",
  "outputs": {},
  "resources": [
    {
      "module": "module.app-insights",
      "mode": "data",
      "type": "azurerm_resource_group",
      "name": "appds",
      "provider": "provider[\"registry.terraform.io/hashicorp/azurerm\"]",
      "instances": [
        {
          "schema_version": 0,
          "attributes": {
            "id": "/subscriptions/fec1a8c7-3053-43ab-b51d-9fcc38bd9399/resourceGroups/zgebs-workbench-dev-application-rg",
            "location": "northeurope",
            "name": "zgebs-workbench-dev-application-rg",
            "tags": {},
            "timeouts": null
          },
          "sensitive_attributes": []
        }
      ]
    },
    {
      "module": "module.app-insights",
      "mode": "managed",
      "type": "azurerm_application_insights",
      "name": "appinsights",
      "provider": "provider[\"registry.terraform.io/hashicorp/azurerm\"]",
      "instances": [
        {
          "schema_version": 1,
          "attributes": {
            "app_id": "fc4a7815-9415-4dc0-b6e1-a143612e3290",
            "application_type": "web",
            "connection_string": "InstrumentationKey=548c9ad9-a3d9-4bb2-b63f-197694216c72;IngestionEndpoint=https://northeurope-2.in.applicationinsights.azure.com/;LiveEndpoint=https://northeurope.livediagnostics.monitor.azure.com/",
            "daily_data_cap_in_gb": 100,
            "daily_data_cap_notifications_disabled": false,
            "disable_ip_masking": false,
            "force_customer_storage_for_profiler": false,
            "id": "/subscriptions/fec1a8c7-3053-43ab-b51d-9fcc38bd9399/resourceGroups/zgebs-workbench-dev-application-rg/providers/Microsoft.Insights/components/zgebs-wb-dev-shared-ai-ne01",
            "instrumentation_key": "548c9ad9-a3d9-4bb2-b63f-197694216c72",
            "internet_ingestion_enabled": true,
            "internet_query_enabled": true,
            "local_authentication_disabled": false,
            "location": "northeurope",
            "name": "zgebs-wb-dev-shared-ai-ne01",
            "resource_group_name": "zgebs-workbench-dev-application-rg",
            "retention_in_days": 90,
            "sampling_percentage": 100,
            "tags": null,
            "timeouts": null,
            "workspace_id": "/subscriptions/fec1a8c7-3053-43ab-b51d-9fcc38bd9399/resourceGroups/zgebs-workbench-dev-application-rg/providers/Microsoft.OperationalInsights/workspaces/zgebs-web-dev-law-ne01"
          },
          "sensitive_attributes": [],
          "private": "eyJlMmJmYjczMC1lY2FhLTExZTYtOGY4OC0zNDM2M2JjN2M0YzAiOnsiY3JlYXRlIjozNjAwMDAwMDAwMDAwLCJkZWxldGUiOjE4MDAwMDAwMDAwMDAsInJlYWQiOjMwMDAwMDAwMDAwMCwidXBkYXRlIjoxODAwMDAwMDAwMDAwfSwic2NoZW1hX3ZlcnNpb24iOiIxIn0=",
          "dependencies": [
            "module.app-insights.azurerm_log_analytics_workspace.logaw",
            "module.app-insights.data.azurerm_resource_group.appds"
          ]
        }
      ]
    },
    {
      "module": "module.app-insights",
      "mode": "managed",
      "type": "azurerm_log_analytics_workspace",
      "name": "logaw",
      "provider": "provider[\"registry.terraform.io/hashicorp/azurerm\"]",
      "instances": [
        {
          "schema_version": 3,
          "attributes": {
            "allow_resource_only_permissions": true,
            "cmk_for_query_forced": false,
            "daily_quota_gb": -1,
            "id": "/subscriptions/fec1a8c7-3053-43ab-b51d-9fcc38bd9399/resourceGroups/zgebs-workbench-dev-application-rg/providers/Microsoft.OperationalInsights/workspaces/zgebs-web-dev-law-ne01",
            "internet_ingestion_enabled": true,
            "internet_query_enabled": true,
            "local_authentication_disabled": false,
            "location": "northeurope",
            "name": "zgebs-web-dev-law-ne01",
            "primary_shared_key": "7PlAwZeJrijvzbtMLE2clRXfiS4GwYZ+8pK0QVp4QyX7EniASUGeggYx39A/oDG55YRR9tYLeIMmjQtTNvEA3A==",
            "reservation_capacity_in_gb_per_day": null,
            "resource_group_name": "zgebs-workbench-dev-application-rg",
            "retention_in_days": 30,
            "secondary_shared_key": "xpEDd4HdtzBx6vEo8MTPMs60+1A6A20gZs+WkAu9iQzBwuWlwUE8WMprxCUa+P+bMR9+z2Yr0J6Hq0PjSZc/uQ==",
            "sku": "PerGB2018",
            "tags": null,
            "timeouts": null,
            "workspace_id": "6aff6dbf-b514-4228-94d9-23bb7255b484"
          },
          "sensitive_attributes": [],
          "private": "eyJlMmJmYjczMC1lY2FhLTExZTYtOGY4OC0zNDM2M2JjN2M0YzAiOnsiY3JlYXRlIjoxODAwMDAwMDAwMDAwLCJkZWxldGUiOjE4MDAwMDAwMDAwMDAsInJlYWQiOjMwMDAwMDAwMDAwMCwidXBkYXRlIjoxODAwMDAwMDAwMDAwfSwic2NoZW1hX3ZlcnNpb24iOiIzIn0=",
          "dependencies": [
            "module.app-insights.data.azurerm_resource_group.appds"
          ]
        }
      ]
    }
  ],
  "check_results": []
}
