{
  "version": 4,
  "terraform_version": "1.3.3",
  "serial": 6,
  "lineage": "9e28869c-7ac7-05ff-b010-02a56c18544a",
  "outputs": {},
  "resources": [
    {
      "module": "module.keyvault",
      "mode": "data",
      "type": "azurerm_client_config",
      "name": "current",
      "provider": "provider[\"registry.terraform.io/hashicorp/azurerm\"]",
      "instances": [
        {
          "schema_version": 0,
          "attributes": {
            "client_id": "04b07795-8ddb-461a-bbee-02f9e1bf7b46",
            "id": "Y2xpZW50Q29uZmlncy9jbGllbnRJZD0wNGIwNzc5NS04ZGRiLTQ2MWEtYmJlZS0wMmY5ZTFiZjdiNDY7b2JqZWN0SWQ9ZWFhYzUxYjQtMGY4MS00ZDY1LTg4MTEtMjJiNjRmMjQ5NmZhO3N1YnNjcmlwdGlvbklkPWZlYzFhOGM3LTMwNTMtNDNhYi1iNTFkLTlmY2MzOGJkOTM5OTt0ZW5hbnRJZD03YmUzNjQyNy0yY2RjLTQyNTUtOGZjZS0wNzRkNGM1MjBiMDQ=",
            "object_id": "eaac51b4-0f81-4d65-8811-22b64f2496fa",
            "subscription_id": "fec1a8c7-3053-43ab-b51d-9fcc38bd9399",
            "tenant_id": "7be36427-2cdc-4255-8fce-074d4c520b04",
            "timeouts": null
          },
          "sensitive_attributes": []
        }
      ]
    },
    {
      "module": "module.keyvault",
      "mode": "managed",
      "type": "azurerm_key_vault",
      "name": "kv",
      "provider": "provider[\"registry.terraform.io/hashicorp/azurerm\"]",
      "instances": [
        {
          "schema_version": 2,
          "attributes": {
            "access_policy": [
              {
                "application_id": "",
                "certificate_permissions": null,
                "key_permissions": [
                  "Get",
                  "Create",
                  "Delete",
                  "Encrypt",
                  "Backup",
                  "List",
                  "Recover",
                  "Update"
                ],
                "object_id": "eaac51b4-0f81-4d65-8811-22b64f2496fa",
                "secret_permissions": [
                  "Get",
                  "Backup",
                  "Delete",
                  "List",
                  "Purge",
                  "Recover",
                  "Restore",
                  "Set"
                ],
                "storage_permissions": [
                  "Get",
                  "Delete",
                  "Backup",
                  "List",
                  "Update"
                ],
                "tenant_id": "7be36427-2cdc-4255-8fce-074d4c520b04"
              }
            ],
            "contact": [],
            "enable_rbac_authorization": false,
            "enabled_for_deployment": false,
            "enabled_for_disk_encryption": true,
            "enabled_for_template_deployment": false,
            "id": "/subscriptions/fec1a8c7-3053-43ab-b51d-9fcc38bd9399/resourceGroups/zgebs-workbench-dev-keyvault-rg/providers/Microsoft.KeyVault/vaults/zgebs-wb-dev-shrdkv-198",
            "location": "northeurope",
            "name": "zgebs-wb-dev-shrdkv-198",
            "network_acls": [
              {
                "bypass": "AzureServices",
                "default_action": "Allow",
                "ip_rules": [],
                "virtual_network_subnet_ids": []
              }
            ],
            "public_network_access_enabled": true,
            "purge_protection_enabled": false,
            "resource_group_name": "zgebs-workbench-dev-keyvault-rg",
            "sku_name": "standard",
            "soft_delete_retention_days": 90,
            "tags": null,
            "tenant_id": "7be36427-2cdc-4255-8fce-074d4c520b04",
            "timeouts": null,
            "vault_uri": "https://zgebs-wb-dev-shrdkv-198.vault.azure.net/"
          },
          "sensitive_attributes": [],
          "private": "eyJlMmJmYjczMC1lY2FhLTExZTYtOGY4OC0zNDM2M2JjN2M0YzAiOnsiY3JlYXRlIjoxODAwMDAwMDAwMDAwLCJkZWxldGUiOjE4MDAwMDAwMDAwMDAsInJlYWQiOjMwMDAwMDAwMDAwMCwidXBkYXRlIjoxODAwMDAwMDAwMDAwfSwic2NoZW1hX3ZlcnNpb24iOiIyIn0=",
          "dependencies": [
            "module.keyvault.azurerm_resource_group.keyvault",
            "module.keyvault.data.azurerm_client_config.current"
          ]
        }
      ]
    },
    {
      "module": "module.keyvault",
      "mode": "managed",
      "type": "azurerm_resource_group",
      "name": "keyvault",
      "provider": "provider[\"registry.terraform.io/hashicorp/azurerm\"]",
      "instances": [
        {
          "schema_version": 0,
          "attributes": {
            "id": "/subscriptions/fec1a8c7-3053-43ab-b51d-9fcc38bd9399/resourceGroups/zgebs-workbench-dev-keyvault-rg",
            "location": "northeurope",
            "name": "zgebs-workbench-dev-keyvault-rg",
            "tags": {},
            "timeouts": null
          },
          "sensitive_attributes": [],
          "private": "eyJlMmJmYjczMC1lY2FhLTExZTYtOGY4OC0zNDM2M2JjN2M0YzAiOnsiY3JlYXRlIjo1NDAwMDAwMDAwMDAwLCJkZWxldGUiOjU0MDAwMDAwMDAwMDAsInJlYWQiOjMwMDAwMDAwMDAwMCwidXBkYXRlIjo1NDAwMDAwMDAwMDAwfX0="
        }
      ]
    }
  ],
  "check_results": []
}
