{
  "version": 4,
  "terraform_version": "1.3.3",
  "serial": 5,
  "lineage": "d3114608-b00c-0244-c68a-89d33141d55d",
  "outputs": {},
  "resources": [
    {
      "module": "module.function-app[\"function_app_1\"]",
      "mode": "data",
      "type": "azurerm_resource_group",
      "name": "appds",
      "provider": "provider[\"registry.terraform.io/hashicorp/azurerm\"]",
      "instances": [
        {
          "schema_version": 0,
          "attributes": {
            "id": "/subscriptions/fec1a8c7-3053-43ab-b51d-9fcc38bd9399/resourceGroups/zgebs-workbench-dev-application-rg",
            "location": "northeurope",
            "name": "zgebs-workbench-dev-application-rg",
            "tags": {},
            "timeouts": null
          },
          "sensitive_attributes": []
        }
      ]
    },
    {
      "module": "module.function-app[\"function_app_1\"]",
      "mode": "data",
      "type": "azurerm_resource_group",
      "name": "storageds",
      "provider": "provider[\"registry.terraform.io/hashicorp/azurerm\"]",
      "instances": [
        {
          "schema_version": 0,
          "attributes": {
            "id": "/subscriptions/fec1a8c7-3053-43ab-b51d-9fcc38bd9399/resourceGroups/zgebs-workbench-dev-storage-rg",
            "location": "centralindia",
            "name": "zgebs-workbench-dev-storage-rg",
            "tags": {},
            "timeouts": null
          },
          "sensitive_attributes": []
        }
      ]
    },
    {
      "module": "module.function-app[\"function_app_1\"]",
      "mode": "data",
      "type": "azurerm_service_plan",
      "name": "functionplan",
      "provider": "provider[\"registry.terraform.io/hashicorp/azurerm\"]",
      "instances": [
        {
          "schema_version": 0,
          "attributes": {
            "app_service_environment_id": "",
            "id": "/subscriptions/fec1a8c7-3053-43ab-b51d-9fcc38bd9399/resourceGroups/zgebs-workbench-dev-application-rg/providers/Microsoft.Web/serverfarms/plan-289123301204",
            "kind": "app",
            "location": "northeurope",
            "maximum_elastic_worker_count": 1,
            "name": "plan-289123301204",
            "os_type": "Windows",
            "per_site_scaling_enabled": false,
            "reserved": false,
            "resource_group_name": "zgebs-workbench-dev-application-rg",
            "sku_name": "P1v2",
            "tags": {},
            "timeouts": null,
            "worker_count": 1,
            "zone_balancing_enabled": false
          },
          "sensitive_attributes": []
        }
      ]
    },
    {
      "module": "module.function-app[\"function_app_1\"]",
      "mode": "data",
      "type": "azurerm_storage_account",
      "name": "storageds",
      "provider": "provider[\"registry.terraform.io/hashicorp/azurerm\"]",
      "instances": [
        {
          "schema_version": 0,
          "attributes": {
            "access_tier": "Hot",
            "account_kind": "StorageV2",
            "account_replication_type": "GRS",
            "account_tier": "Standard",
            "allow_nested_items_to_be_public": true,
            "azure_files_authentication": [],
            "custom_domain": null,
            "enable_https_traffic_only": true,
            "id": "/subscriptions/fec1a8c7-3053-43ab-b51d-9fcc38bd9399/resourceGroups/zgebs-workbench-dev-storage-rg/providers/Microsoft.Storage/storageAccounts/zgbswbdevstorage1123",
            "identity": [],
            "infrastructure_encryption_enabled": false,
            "is_hns_enabled": false,
            "location": "centralindia",
            "min_tls_version": "TLS1_2",
            "name": "zgbswbdevstorage1123",
            "nfsv3_enabled": false,
            "primary_access_key": "oUJFMH9G5hiqrTQbfFKmN/2SpQ5a2AtcT/9cKOtzAOkSGwnxmMGDF6vMLcTcYPDSso3+czSd4Ctk+AStPmbsJg==",
            "primary_blob_connection_string": "DefaultEndpointsProtocol=https;BlobEndpoint=https://zgbswbdevstorage1123.blob.core.windows.net/;AccountName=zgbswbdevstorage1123;AccountKey=oUJFMH9G5hiqrTQbfFKmN/2SpQ5a2AtcT/9cKOtzAOkSGwnxmMGDF6vMLcTcYPDSso3+czSd4Ctk+AStPmbsJg==",
            "primary_blob_endpoint": "https://zgbswbdevstorage1123.blob.core.windows.net/",
            "primary_blob_host": "zgbswbdevstorage1123.blob.core.windows.net",
            "primary_connection_string": "DefaultEndpointsProtocol=https;AccountName=zgbswbdevstorage1123;AccountKey=oUJFMH9G5hiqrTQbfFKmN/2SpQ5a2AtcT/9cKOtzAOkSGwnxmMGDF6vMLcTcYPDSso3+czSd4Ctk+AStPmbsJg==;EndpointSuffix=core.windows.net",
            "primary_dfs_endpoint": "https://zgbswbdevstorage1123.dfs.core.windows.net/",
            "primary_dfs_host": "zgbswbdevstorage1123.dfs.core.windows.net",
            "primary_file_endpoint": "https://zgbswbdevstorage1123.file.core.windows.net/",
            "primary_file_host": "zgbswbdevstorage1123.file.core.windows.net",
            "primary_location": "centralindia",
            "primary_queue_endpoint": "https://zgbswbdevstorage1123.queue.core.windows.net/",
            "primary_queue_host": "zgbswbdevstorage1123.queue.core.windows.net",
            "primary_table_endpoint": "https://zgbswbdevstorage1123.table.core.windows.net/",
            "primary_table_host": "zgbswbdevstorage1123.table.core.windows.net",
            "primary_web_endpoint": "https://zgbswbdevstorage1123.z29.web.core.windows.net/",
            "primary_web_host": "zgbswbdevstorage1123.z29.web.core.windows.net",
            "queue_encryption_key_type": "Service",
            "resource_group_name": "zgebs-workbench-dev-storage-rg",
            "secondary_access_key": "oMO/dlgYudL2Z2mguSC+umHgmX2UNR8DluQlkaGqKdckJjeH9cACPV9A3HWBHixnP6S47UtxpS6z+AStE8lsYA==",
            "secondary_blob_connection_string": "",
            "secondary_blob_endpoint": null,
            "secondary_blob_host": null,
            "secondary_connection_string": "DefaultEndpointsProtocol=https;AccountName=zgbswbdevstorage1123;AccountKey=oMO/dlgYudL2Z2mguSC+umHgmX2UNR8DluQlkaGqKdckJjeH9cACPV9A3HWBHixnP6S47UtxpS6z+AStE8lsYA==;EndpointSuffix=core.windows.net",
            "secondary_dfs_endpoint": null,
            "secondary_dfs_host": null,
            "secondary_file_endpoint": null,
            "secondary_file_host": null,
            "secondary_location": "southindia",
            "secondary_queue_endpoint": null,
            "secondary_queue_host": null,
            "secondary_table_endpoint": null,
            "secondary_table_host": null,
            "secondary_web_endpoint": null,
            "secondary_web_host": null,
            "table_encryption_key_type": "Service",
            "tags": {},
            "timeouts": null
          },
          "sensitive_attributes": []
        }
      ]
    },
    {
      "module": "module.function-app[\"function_app_1\"]",
      "mode": "managed",
      "type": "azurerm_windows_function_app",
      "name": "example",
      "provider": "provider[\"registry.terraform.io/hashicorp/azurerm\"]",
      "instances": [
        {
          "schema_version": 0,
          "attributes": {
            "app_settings": null,
            "auth_settings": [],
            "auth_settings_v2": [],
            "backup": [],
            "builtin_logging_enabled": true,
            "client_certificate_enabled": false,
            "client_certificate_exclusion_paths": "",
            "client_certificate_mode": "Optional",
            "connection_string": [],
            "content_share_force_disabled": false,
            "custom_domain_verification_id": "EF7ACC1196953A72EBB1B51C1D448D1699325C9A9CF7820D51A90BE70736BE63",
            "daily_memory_time_quota": 0,
            "default_hostname": "zgebs-wb-dev-myz-fapp-ne-0198.azurewebsites.net",
            "enabled": true,
            "functions_extension_version": "~4",
            "https_only": false,
            "id": "/subscriptions/fec1a8c7-3053-43ab-b51d-9fcc38bd9399/resourceGroups/zgebs-workbench-dev-application-rg/providers/Microsoft.Web/sites/zgebs-wb-dev-myz-fapp-ne-0198",
            "identity": [],
            "key_vault_reference_identity_id": "SystemAssigned",
            "kind": "functionapp",
            "location": "northeurope",
            "name": "zgebs-wb-dev-myz-fapp-ne-0198",
            "outbound_ip_address_list": [
              "20.105.84.63",
              "20.105.84.70",
              "20.105.84.81",
              "20.105.84.88",
              "20.105.84.97",
              "20.105.84.105",
              "20.107.224.11"
            ],
            "outbound_ip_addresses": "20.105.84.63,20.105.84.70,20.105.84.81,20.105.84.88,20.105.84.97,20.105.84.105,20.107.224.11",
            "possible_outbound_ip_address_list": [
              "20.105.83.105",
              "20.105.83.188",
              "20.105.83.204",
              "20.105.83.224",
              "20.105.84.46",
              "20.105.84.61",
              "20.105.84.63",
              "20.105.84.70",
              "20.105.84.81",
              "20.105.84.88",
              "20.105.84.97",
              "20.105.84.105",
              "20.105.84.112",
              "20.105.84.121",
              "20.105.84.161",
              "20.105.84.183",
              "20.105.84.221",
              "20.105.84.222",
              "20.105.81.111",
              "20.105.84.232",
              "20.105.85.15",
              "20.105.85.21",
              "20.105.85.22",
              "20.105.85.31",
              "20.105.85.34",
              "20.105.85.44",
              "20.105.85.50",
              "20.105.85.79",
              "20.105.80.52",
              "20.105.80.53",
              "20.107.224.11"
            ],
            "possible_outbound_ip_addresses": "20.105.83.105,20.105.83.188,20.105.83.204,20.105.83.224,20.105.84.46,20.105.84.61,20.105.84.63,20.105.84.70,20.105.84.81,20.105.84.88,20.105.84.97,20.105.84.105,20.105.84.112,20.105.84.121,20.105.84.161,20.105.84.183,20.105.84.221,20.105.84.222,20.105.81.111,20.105.84.232,20.105.85.15,20.105.85.21,20.105.85.22,20.105.85.31,20.105.85.34,20.105.85.44,20.105.85.50,20.105.85.79,20.105.80.52,20.105.80.53,20.107.224.11",
            "resource_group_name": "zgebs-workbench-dev-application-rg",
            "service_plan_id": "/subscriptions/fec1a8c7-3053-43ab-b51d-9fcc38bd9399/resourceGroups/zgebs-workbench-dev-application-rg/providers/Microsoft.Web/serverfarms/plan-289123301204",
            "site_config": [
              {
                "always_on": false,
                "api_definition_url": "",
                "api_management_api_id": "",
                "app_command_line": "",
                "app_scale_limit": 0,
                "app_service_logs": [],
                "application_insights_connection_string": "",
                "application_insights_key": "",
                "application_stack": [
                  {
                    "dotnet_version": "v4.0",
                    "java_version": "",
                    "node_version": "",
                    "powershell_core_version": "",
                    "use_custom_runtime": false,
                    "use_dotnet_isolated_runtime": false
                  }
                ],
                "cors": [],
                "default_documents": [
                  "Default.htm",
                  "Default.html",
                  "Default.asp",
                  "index.htm",
                  "index.html",
                  "iisstart.htm",
                  "default.aspx",
                  "index.php"
                ],
                "detailed_error_logging_enabled": false,
                "elastic_instance_minimum": 0,
                "ftps_state": "Disabled",
                "health_check_eviction_time_in_min": 0,
                "health_check_path": "",
                "http2_enabled": false,
                "ip_restriction": [],
                "load_balancing_mode": "LeastRequests",
                "managed_pipeline_mode": "Integrated",
                "minimum_tls_version": "1.2",
                "pre_warmed_instance_count": 0,
                "remote_debugging_enabled": false,
                "remote_debugging_version": "",
                "runtime_scale_monitoring_enabled": false,
                "scm_ip_restriction": [],
                "scm_minimum_tls_version": "1.2",
                "scm_type": "None",
                "scm_use_main_ip_restriction": false,
                "use_32_bit_worker": true,
                "vnet_route_all_enabled": false,
                "websockets_enabled": false,
                "windows_fx_version": "",
                "worker_count": 1
              }
            ],
            "site_credential": [
              {
                "name": "$zgebs-wb-dev-myz-fapp-ne-0198",
                "password": "rTLDYWsQxkdxT7EZaNBwFKKvXt5X6m80aSuAig0ndu7g6rQCbTBhyaB6KpDM"
              }
            ],
            "sticky_settings": [],
            "storage_account": [],
            "storage_account_access_key": "",
            "storage_account_name": "zgbswbdevstorage1123",
            "storage_key_vault_secret_id": "",
            "storage_uses_managed_identity": false,
            "tags": null,
            "timeouts": null,
            "virtual_network_subnet_id": ""
          },
          "sensitive_attributes": [],
          "private": "eyJlMmJmYjczMC1lY2FhLTExZTYtOGY4OC0zNDM2M2JjN2M0YzAiOnsiY3JlYXRlIjoxODAwMDAwMDAwMDAwLCJkZWxldGUiOjE4MDAwMDAwMDAwMDAsInJlYWQiOjMwMDAwMDAwMDAwMCwidXBkYXRlIjoxODAwMDAwMDAwMDAwfX0=",
          "dependencies": [
            "module.function-app.data.azurerm_resource_group.appds",
            "module.function-app.data.azurerm_service_plan.functionplan",
            "module.function-app.data.azurerm_storage_account.storageds"
          ]
        }
      ]
    },
    {
      "module": "module.function-app[\"function_app_2\"]",
      "mode": "data",
      "type": "azurerm_resource_group",
      "name": "appds",
      "provider": "provider[\"registry.terraform.io/hashicorp/azurerm\"]",
      "instances": [
        {
          "schema_version": 0,
          "attributes": {
            "id": "/subscriptions/fec1a8c7-3053-43ab-b51d-9fcc38bd9399/resourceGroups/zgebs-workbench-dev-application-rg",
            "location": "northeurope",
            "name": "zgebs-workbench-dev-application-rg",
            "tags": {},
            "timeouts": null
          },
          "sensitive_attributes": []
        }
      ]
    },
    {
      "module": "module.function-app[\"function_app_2\"]",
      "mode": "data",
      "type": "azurerm_resource_group",
      "name": "storageds",
      "provider": "provider[\"registry.terraform.io/hashicorp/azurerm\"]",
      "instances": [
        {
          "schema_version": 0,
          "attributes": {
            "id": "/subscriptions/fec1a8c7-3053-43ab-b51d-9fcc38bd9399/resourceGroups/zgebs-workbench-dev-storage-rg",
            "location": "centralindia",
            "name": "zgebs-workbench-dev-storage-rg",
            "tags": {},
            "timeouts": null
          },
          "sensitive_attributes": []
        }
      ]
    },
    {
      "module": "module.function-app[\"function_app_2\"]",
      "mode": "data",
      "type": "azurerm_service_plan",
      "name": "functionplan",
      "provider": "provider[\"registry.terraform.io/hashicorp/azurerm\"]",
      "instances": [
        {
          "schema_version": 0,
          "attributes": {
            "app_service_environment_id": "",
            "id": "/subscriptions/fec1a8c7-3053-43ab-b51d-9fcc38bd9399/resourceGroups/zgebs-workbench-dev-application-rg/providers/Microsoft.Web/serverfarms/plan-289123301204",
            "kind": "app",
            "location": "northeurope",
            "maximum_elastic_worker_count": 1,
            "name": "plan-289123301204",
            "os_type": "Windows",
            "per_site_scaling_enabled": false,
            "reserved": false,
            "resource_group_name": "zgebs-workbench-dev-application-rg",
            "sku_name": "P1v2",
            "tags": {},
            "timeouts": null,
            "worker_count": 1,
            "zone_balancing_enabled": false
          },
          "sensitive_attributes": []
        }
      ]
    },
    {
      "module": "module.function-app[\"function_app_2\"]",
      "mode": "data",
      "type": "azurerm_storage_account",
      "name": "storageds",
      "provider": "provider[\"registry.terraform.io/hashicorp/azurerm\"]",
      "instances": [
        {
          "schema_version": 0,
          "attributes": {
            "access_tier": "Hot",
            "account_kind": "StorageV2",
            "account_replication_type": "GRS",
            "account_tier": "Standard",
            "allow_nested_items_to_be_public": true,
            "azure_files_authentication": [],
            "custom_domain": null,
            "enable_https_traffic_only": true,
            "id": "/subscriptions/fec1a8c7-3053-43ab-b51d-9fcc38bd9399/resourceGroups/zgebs-workbench-dev-storage-rg/providers/Microsoft.Storage/storageAccounts/zgbswbdevstorage1123",
            "identity": [],
            "infrastructure_encryption_enabled": false,
            "is_hns_enabled": false,
            "location": "centralindia",
            "min_tls_version": "TLS1_2",
            "name": "zgbswbdevstorage1123",
            "nfsv3_enabled": false,
            "primary_access_key": "oUJFMH9G5hiqrTQbfFKmN/2SpQ5a2AtcT/9cKOtzAOkSGwnxmMGDF6vMLcTcYPDSso3+czSd4Ctk+AStPmbsJg==",
            "primary_blob_connection_string": "DefaultEndpointsProtocol=https;BlobEndpoint=https://zgbswbdevstorage1123.blob.core.windows.net/;AccountName=zgbswbdevstorage1123;AccountKey=oUJFMH9G5hiqrTQbfFKmN/2SpQ5a2AtcT/9cKOtzAOkSGwnxmMGDF6vMLcTcYPDSso3+czSd4Ctk+AStPmbsJg==",
            "primary_blob_endpoint": "https://zgbswbdevstorage1123.blob.core.windows.net/",
            "primary_blob_host": "zgbswbdevstorage1123.blob.core.windows.net",
            "primary_connection_string": "DefaultEndpointsProtocol=https;AccountName=zgbswbdevstorage1123;AccountKey=oUJFMH9G5hiqrTQbfFKmN/2SpQ5a2AtcT/9cKOtzAOkSGwnxmMGDF6vMLcTcYPDSso3+czSd4Ctk+AStPmbsJg==;EndpointSuffix=core.windows.net",
            "primary_dfs_endpoint": "https://zgbswbdevstorage1123.dfs.core.windows.net/",
            "primary_dfs_host": "zgbswbdevstorage1123.dfs.core.windows.net",
            "primary_file_endpoint": "https://zgbswbdevstorage1123.file.core.windows.net/",
            "primary_file_host": "zgbswbdevstorage1123.file.core.windows.net",
            "primary_location": "centralindia",
            "primary_queue_endpoint": "https://zgbswbdevstorage1123.queue.core.windows.net/",
            "primary_queue_host": "zgbswbdevstorage1123.queue.core.windows.net",
            "primary_table_endpoint": "https://zgbswbdevstorage1123.table.core.windows.net/",
            "primary_table_host": "zgbswbdevstorage1123.table.core.windows.net",
            "primary_web_endpoint": "https://zgbswbdevstorage1123.z29.web.core.windows.net/",
            "primary_web_host": "zgbswbdevstorage1123.z29.web.core.windows.net",
            "queue_encryption_key_type": "Service",
            "resource_group_name": "zgebs-workbench-dev-storage-rg",
            "secondary_access_key": "oMO/dlgYudL2Z2mguSC+umHgmX2UNR8DluQlkaGqKdckJjeH9cACPV9A3HWBHixnP6S47UtxpS6z+AStE8lsYA==",
            "secondary_blob_connection_string": "",
            "secondary_blob_endpoint": null,
            "secondary_blob_host": null,
            "secondary_connection_string": "DefaultEndpointsProtocol=https;AccountName=zgbswbdevstorage1123;AccountKey=oMO/dlgYudL2Z2mguSC+umHgmX2UNR8DluQlkaGqKdckJjeH9cACPV9A3HWBHixnP6S47UtxpS6z+AStE8lsYA==;EndpointSuffix=core.windows.net",
            "secondary_dfs_endpoint": null,
            "secondary_dfs_host": null,
            "secondary_file_endpoint": null,
            "secondary_file_host": null,
            "secondary_location": "southindia",
            "secondary_queue_endpoint": null,
            "secondary_queue_host": null,
            "secondary_table_endpoint": null,
            "secondary_table_host": null,
            "secondary_web_endpoint": null,
            "secondary_web_host": null,
            "table_encryption_key_type": "Service",
            "tags": {},
            "timeouts": null
          },
          "sensitive_attributes": []
        }
      ]
    },
    {
      "module": "module.function-app[\"function_app_2\"]",
      "mode": "managed",
      "type": "azurerm_windows_function_app",
      "name": "example",
      "provider": "provider[\"registry.terraform.io/hashicorp/azurerm\"]",
      "instances": [
        {
          "schema_version": 0,
          "attributes": {
            "app_settings": null,
            "auth_settings": [],
            "auth_settings_v2": [],
            "backup": [],
            "builtin_logging_enabled": true,
            "client_certificate_enabled": false,
            "client_certificate_exclusion_paths": "",
            "client_certificate_mode": "Optional",
            "connection_string": [],
            "content_share_force_disabled": false,
            "custom_domain_verification_id": "EF7ACC1196953A72EBB1B51C1D448D1699325C9A9CF7820D51A90BE70736BE63",
            "daily_memory_time_quota": 0,
            "default_hostname": "zgebs-wb-dev-myz-func0198.azurewebsites.net",
            "enabled": true,
            "functions_extension_version": "~4",
            "https_only": false,
            "id": "/subscriptions/fec1a8c7-3053-43ab-b51d-9fcc38bd9399/resourceGroups/zgebs-workbench-dev-application-rg/providers/Microsoft.Web/sites/zgebs-wb-dev-myz-func0198",
            "identity": [],
            "key_vault_reference_identity_id": "SystemAssigned",
            "kind": "functionapp",
            "location": "northeurope",
            "name": "zgebs-wb-dev-myz-func0198",
            "outbound_ip_address_list": [
              "20.105.84.63",
              "20.105.84.70",
              "20.105.84.81",
              "20.105.84.88",
              "20.105.84.97",
              "20.105.84.105",
              "20.107.224.11"
            ],
            "outbound_ip_addresses": "20.105.84.63,20.105.84.70,20.105.84.81,20.105.84.88,20.105.84.97,20.105.84.105,20.107.224.11",
            "possible_outbound_ip_address_list": [
              "20.105.83.105",
              "20.105.83.188",
              "20.105.83.204",
              "20.105.83.224",
              "20.105.84.46",
              "20.105.84.61",
              "20.105.84.63",
              "20.105.84.70",
              "20.105.84.81",
              "20.105.84.88",
              "20.105.84.97",
              "20.105.84.105",
              "20.105.84.112",
              "20.105.84.121",
              "20.105.84.161",
              "20.105.84.183",
              "20.105.84.221",
              "20.105.84.222",
              "20.105.81.111",
              "20.105.84.232",
              "20.105.85.15",
              "20.105.85.21",
              "20.105.85.22",
              "20.105.85.31",
              "20.105.85.34",
              "20.105.85.44",
              "20.105.85.50",
              "20.105.85.79",
              "20.105.80.52",
              "20.105.80.53",
              "20.107.224.11"
            ],
            "possible_outbound_ip_addresses": "20.105.83.105,20.105.83.188,20.105.83.204,20.105.83.224,20.105.84.46,20.105.84.61,20.105.84.63,20.105.84.70,20.105.84.81,20.105.84.88,20.105.84.97,20.105.84.105,20.105.84.112,20.105.84.121,20.105.84.161,20.105.84.183,20.105.84.221,20.105.84.222,20.105.81.111,20.105.84.232,20.105.85.15,20.105.85.21,20.105.85.22,20.105.85.31,20.105.85.34,20.105.85.44,20.105.85.50,20.105.85.79,20.105.80.52,20.105.80.53,20.107.224.11",
            "resource_group_name": "zgebs-workbench-dev-application-rg",
            "service_plan_id": "/subscriptions/fec1a8c7-3053-43ab-b51d-9fcc38bd9399/resourceGroups/zgebs-workbench-dev-application-rg/providers/Microsoft.Web/serverfarms/plan-289123301204",
            "site_config": [
              {
                "always_on": false,
                "api_definition_url": "",
                "api_management_api_id": "",
                "app_command_line": "",
                "app_scale_limit": 0,
                "app_service_logs": [],
                "application_insights_connection_string": "",
                "application_insights_key": "",
                "application_stack": [
                  {
                    "dotnet_version": "v4.0",
                    "java_version": "",
                    "node_version": "",
                    "powershell_core_version": "",
                    "use_custom_runtime": false,
                    "use_dotnet_isolated_runtime": false
                  }
                ],
                "cors": [],
                "default_documents": [
                  "Default.htm",
                  "Default.html",
                  "Default.asp",
                  "index.htm",
                  "index.html",
                  "iisstart.htm",
                  "default.aspx",
                  "index.php"
                ],
                "detailed_error_logging_enabled": false,
                "elastic_instance_minimum": 0,
                "ftps_state": "Disabled",
                "health_check_eviction_time_in_min": 0,
                "health_check_path": "",
                "http2_enabled": false,
                "ip_restriction": [],
                "load_balancing_mode": "LeastRequests",
                "managed_pipeline_mode": "Integrated",
                "minimum_tls_version": "1.2",
                "pre_warmed_instance_count": 0,
                "remote_debugging_enabled": false,
                "remote_debugging_version": "",
                "runtime_scale_monitoring_enabled": false,
                "scm_ip_restriction": [],
                "scm_minimum_tls_version": "1.2",
                "scm_type": "None",
                "scm_use_main_ip_restriction": false,
                "use_32_bit_worker": true,
                "vnet_route_all_enabled": false,
                "websockets_enabled": false,
                "windows_fx_version": "",
                "worker_count": 1
              }
            ],
            "site_credential": [
              {
                "name": "$zgebs-wb-dev-myz-func0198",
                "password": "b8dbrQhnG94RT9W8WE7Zl3sqNqlEYJ1lhMHk7ehhiAsjyvYsHW9WzMpi5Bmq"
              }
            ],
            "sticky_settings": [],
            "storage_account": [],
            "storage_account_access_key": "",
            "storage_account_name": "zgbswbdevstorage1123",
            "storage_key_vault_secret_id": "",
            "storage_uses_managed_identity": false,
            "tags": null,
            "timeouts": null,
            "virtual_network_subnet_id": ""
          },
          "sensitive_attributes": [],
          "private": "eyJlMmJmYjczMC1lY2FhLTExZTYtOGY4OC0zNDM2M2JjN2M0YzAiOnsiY3JlYXRlIjoxODAwMDAwMDAwMDAwLCJkZWxldGUiOjE4MDAwMDAwMDAwMDAsInJlYWQiOjMwMDAwMDAwMDAwMCwidXBkYXRlIjoxODAwMDAwMDAwMDAwfX0=",
          "dependencies": [
            "module.function-app.data.azurerm_resource_group.appds",
            "module.function-app.data.azurerm_service_plan.functionplan",
            "module.function-app.data.azurerm_storage_account.storageds"
          ]
        }
      ]
    },
    {
      "module": "module.function-app[\"function_app_3\"]",
      "mode": "data",
      "type": "azurerm_resource_group",
      "name": "appds",
      "provider": "provider[\"registry.terraform.io/hashicorp/azurerm\"]",
      "instances": [
        {
          "schema_version": 0,
          "attributes": {
            "id": "/subscriptions/fec1a8c7-3053-43ab-b51d-9fcc38bd9399/resourceGroups/zgebs-workbench-dev-application-rg",
            "location": "northeurope",
            "name": "zgebs-workbench-dev-application-rg",
            "tags": {},
            "timeouts": null
          },
          "sensitive_attributes": []
        }
      ]
    },
    {
      "module": "module.function-app[\"function_app_3\"]",
      "mode": "data",
      "type": "azurerm_resource_group",
      "name": "storageds",
      "provider": "provider[\"registry.terraform.io/hashicorp/azurerm\"]",
      "instances": [
        {
          "schema_version": 0,
          "attributes": {
            "id": "/subscriptions/fec1a8c7-3053-43ab-b51d-9fcc38bd9399/resourceGroups/zgebs-workbench-dev-storage-rg",
            "location": "centralindia",
            "name": "zgebs-workbench-dev-storage-rg",
            "tags": {},
            "timeouts": null
          },
          "sensitive_attributes": []
        }
      ]
    },
    {
      "module": "module.function-app[\"function_app_3\"]",
      "mode": "data",
      "type": "azurerm_service_plan",
      "name": "functionplan",
      "provider": "provider[\"registry.terraform.io/hashicorp/azurerm\"]",
      "instances": [
        {
          "schema_version": 0,
          "attributes": {
            "app_service_environment_id": "",
            "id": "/subscriptions/fec1a8c7-3053-43ab-b51d-9fcc38bd9399/resourceGroups/zgebs-workbench-dev-application-rg/providers/Microsoft.Web/serverfarms/plan-289123301204",
            "kind": "app",
            "location": "northeurope",
            "maximum_elastic_worker_count": 1,
            "name": "plan-289123301204",
            "os_type": "Windows",
            "per_site_scaling_enabled": false,
            "reserved": false,
            "resource_group_name": "zgebs-workbench-dev-application-rg",
            "sku_name": "P1v2",
            "tags": {},
            "timeouts": null,
            "worker_count": 1,
            "zone_balancing_enabled": false
          },
          "sensitive_attributes": []
        }
      ]
    },
    {
      "module": "module.function-app[\"function_app_3\"]",
      "mode": "data",
      "type": "azurerm_storage_account",
      "name": "storageds",
      "provider": "provider[\"registry.terraform.io/hashicorp/azurerm\"]",
      "instances": [
        {
          "schema_version": 0,
          "attributes": {
            "access_tier": "Hot",
            "account_kind": "StorageV2",
            "account_replication_type": "GRS",
            "account_tier": "Standard",
            "allow_nested_items_to_be_public": true,
            "azure_files_authentication": [],
            "custom_domain": null,
            "enable_https_traffic_only": true,
            "id": "/subscriptions/fec1a8c7-3053-43ab-b51d-9fcc38bd9399/resourceGroups/zgebs-workbench-dev-storage-rg/providers/Microsoft.Storage/storageAccounts/zgbswbdevstorage1123",
            "identity": [],
            "infrastructure_encryption_enabled": false,
            "is_hns_enabled": false,
            "location": "centralindia",
            "min_tls_version": "TLS1_2",
            "name": "zgbswbdevstorage1123",
            "nfsv3_enabled": false,
            "primary_access_key": "oUJFMH9G5hiqrTQbfFKmN/2SpQ5a2AtcT/9cKOtzAOkSGwnxmMGDF6vMLcTcYPDSso3+czSd4Ctk+AStPmbsJg==",
            "primary_blob_connection_string": "DefaultEndpointsProtocol=https;BlobEndpoint=https://zgbswbdevstorage1123.blob.core.windows.net/;AccountName=zgbswbdevstorage1123;AccountKey=oUJFMH9G5hiqrTQbfFKmN/2SpQ5a2AtcT/9cKOtzAOkSGwnxmMGDF6vMLcTcYPDSso3+czSd4Ctk+AStPmbsJg==",
            "primary_blob_endpoint": "https://zgbswbdevstorage1123.blob.core.windows.net/",
            "primary_blob_host": "zgbswbdevstorage1123.blob.core.windows.net",
            "primary_connection_string": "DefaultEndpointsProtocol=https;AccountName=zgbswbdevstorage1123;AccountKey=oUJFMH9G5hiqrTQbfFKmN/2SpQ5a2AtcT/9cKOtzAOkSGwnxmMGDF6vMLcTcYPDSso3+czSd4Ctk+AStPmbsJg==;EndpointSuffix=core.windows.net",
            "primary_dfs_endpoint": "https://zgbswbdevstorage1123.dfs.core.windows.net/",
            "primary_dfs_host": "zgbswbdevstorage1123.dfs.core.windows.net",
            "primary_file_endpoint": "https://zgbswbdevstorage1123.file.core.windows.net/",
            "primary_file_host": "zgbswbdevstorage1123.file.core.windows.net",
            "primary_location": "centralindia",
            "primary_queue_endpoint": "https://zgbswbdevstorage1123.queue.core.windows.net/",
            "primary_queue_host": "zgbswbdevstorage1123.queue.core.windows.net",
            "primary_table_endpoint": "https://zgbswbdevstorage1123.table.core.windows.net/",
            "primary_table_host": "zgbswbdevstorage1123.table.core.windows.net",
            "primary_web_endpoint": "https://zgbswbdevstorage1123.z29.web.core.windows.net/",
            "primary_web_host": "zgbswbdevstorage1123.z29.web.core.windows.net",
            "queue_encryption_key_type": "Service",
            "resource_group_name": "zgebs-workbench-dev-storage-rg",
            "secondary_access_key": "oMO/dlgYudL2Z2mguSC+umHgmX2UNR8DluQlkaGqKdckJjeH9cACPV9A3HWBHixnP6S47UtxpS6z+AStE8lsYA==",
            "secondary_blob_connection_string": "",
            "secondary_blob_endpoint": null,
            "secondary_blob_host": null,
            "secondary_connection_string": "DefaultEndpointsProtocol=https;AccountName=zgbswbdevstorage1123;AccountKey=oMO/dlgYudL2Z2mguSC+umHgmX2UNR8DluQlkaGqKdckJjeH9cACPV9A3HWBHixnP6S47UtxpS6z+AStE8lsYA==;EndpointSuffix=core.windows.net",
            "secondary_dfs_endpoint": null,
            "secondary_dfs_host": null,
            "secondary_file_endpoint": null,
            "secondary_file_host": null,
            "secondary_location": "southindia",
            "secondary_queue_endpoint": null,
            "secondary_queue_host": null,
            "secondary_table_endpoint": null,
            "secondary_table_host": null,
            "secondary_web_endpoint": null,
            "secondary_web_host": null,
            "table_encryption_key_type": "Service",
            "tags": {},
            "timeouts": null
          },
          "sensitive_attributes": []
        }
      ]
    },
    {
      "module": "module.function-app[\"function_app_3\"]",
      "mode": "managed",
      "type": "azurerm_windows_function_app",
      "name": "example",
      "provider": "provider[\"registry.terraform.io/hashicorp/azurerm\"]",
      "instances": [
        {
          "schema_version": 0,
          "attributes": {
            "app_settings": null,
            "auth_settings": [],
            "auth_settings_v2": [],
            "backup": [],
            "builtin_logging_enabled": true,
            "client_certificate_enabled": false,
            "client_certificate_exclusion_paths": "",
            "client_certificate_mode": "Optional",
            "connection_string": [],
            "content_share_force_disabled": false,
            "custom_domain_verification_id": "EF7ACC1196953A72EBB1B51C1D448D1699325C9A9CF7820D51A90BE70736BE63",
            "daily_memory_time_quota": 0,
            "default_hostname": "zgebs-wb-dev-rwb-fapp-ne-0298.azurewebsites.net",
            "enabled": true,
            "functions_extension_version": "~4",
            "https_only": false,
            "id": "/subscriptions/fec1a8c7-3053-43ab-b51d-9fcc38bd9399/resourceGroups/zgebs-workbench-dev-application-rg/providers/Microsoft.Web/sites/zgebs-wb-dev-rwb-fapp-ne-0298",
            "identity": [],
            "key_vault_reference_identity_id": "SystemAssigned",
            "kind": "functionapp",
            "location": "northeurope",
            "name": "zgebs-wb-dev-rwb-fapp-ne-0298",
            "outbound_ip_address_list": [
              "20.105.84.63",
              "20.105.84.70",
              "20.105.84.81",
              "20.105.84.88",
              "20.105.84.97",
              "20.105.84.105",
              "20.107.224.11"
            ],
            "outbound_ip_addresses": "20.105.84.63,20.105.84.70,20.105.84.81,20.105.84.88,20.105.84.97,20.105.84.105,20.107.224.11",
            "possible_outbound_ip_address_list": [
              "20.105.83.105",
              "20.105.83.188",
              "20.105.83.204",
              "20.105.83.224",
              "20.105.84.46",
              "20.105.84.61",
              "20.105.84.63",
              "20.105.84.70",
              "20.105.84.81",
              "20.105.84.88",
              "20.105.84.97",
              "20.105.84.105",
              "20.105.84.112",
              "20.105.84.121",
              "20.105.84.161",
              "20.105.84.183",
              "20.105.84.221",
              "20.105.84.222",
              "20.105.81.111",
              "20.105.84.232",
              "20.105.85.15",
              "20.105.85.21",
              "20.105.85.22",
              "20.105.85.31",
              "20.105.85.34",
              "20.105.85.44",
              "20.105.85.50",
              "20.105.85.79",
              "20.105.80.52",
              "20.105.80.53",
              "20.107.224.11"
            ],
            "possible_outbound_ip_addresses": "20.105.83.105,20.105.83.188,20.105.83.204,20.105.83.224,20.105.84.46,20.105.84.61,20.105.84.63,20.105.84.70,20.105.84.81,20.105.84.88,20.105.84.97,20.105.84.105,20.105.84.112,20.105.84.121,20.105.84.161,20.105.84.183,20.105.84.221,20.105.84.222,20.105.81.111,20.105.84.232,20.105.85.15,20.105.85.21,20.105.85.22,20.105.85.31,20.105.85.34,20.105.85.44,20.105.85.50,20.105.85.79,20.105.80.52,20.105.80.53,20.107.224.11",
            "resource_group_name": "zgebs-workbench-dev-application-rg",
            "service_plan_id": "/subscriptions/fec1a8c7-3053-43ab-b51d-9fcc38bd9399/resourceGroups/zgebs-workbench-dev-application-rg/providers/Microsoft.Web/serverfarms/plan-289123301204",
            "site_config": [
              {
                "always_on": false,
                "api_definition_url": "",
                "api_management_api_id": "",
                "app_command_line": "",
                "app_scale_limit": 0,
                "app_service_logs": [],
                "application_insights_connection_string": "",
                "application_insights_key": "",
                "application_stack": [
                  {
                    "dotnet_version": "v4.0",
                    "java_version": "",
                    "node_version": "",
                    "powershell_core_version": "",
                    "use_custom_runtime": false,
                    "use_dotnet_isolated_runtime": false
                  }
                ],
                "cors": [],
                "default_documents": [
                  "Default.htm",
                  "Default.html",
                  "Default.asp",
                  "index.htm",
                  "index.html",
                  "iisstart.htm",
                  "default.aspx",
                  "index.php"
                ],
                "detailed_error_logging_enabled": false,
                "elastic_instance_minimum": 0,
                "ftps_state": "Disabled",
                "health_check_eviction_time_in_min": 0,
                "health_check_path": "",
                "http2_enabled": false,
                "ip_restriction": [],
                "load_balancing_mode": "LeastRequests",
                "managed_pipeline_mode": "Integrated",
                "minimum_tls_version": "1.2",
                "pre_warmed_instance_count": 0,
                "remote_debugging_enabled": false,
                "remote_debugging_version": "",
                "runtime_scale_monitoring_enabled": false,
                "scm_ip_restriction": [],
                "scm_minimum_tls_version": "1.2",
                "scm_type": "None",
                "scm_use_main_ip_restriction": false,
                "use_32_bit_worker": true,
                "vnet_route_all_enabled": false,
                "websockets_enabled": false,
                "windows_fx_version": "",
                "worker_count": 1
              }
            ],
            "site_credential": [
              {
                "name": "$zgebs-wb-dev-rwb-fapp-ne-0298",
                "password": "ljLgqHmNytx9TbLrcnWlq0miHRgSSaGdfYkGZqwSDpaNwGkdXXqPQkmZlRlD"
              }
            ],
            "sticky_settings": [],
            "storage_account": [],
            "storage_account_access_key": "",
            "storage_account_name": "zgbswbdevstorage1123",
            "storage_key_vault_secret_id": "",
            "storage_uses_managed_identity": false,
            "tags": null,
            "timeouts": null,
            "virtual_network_subnet_id": ""
          },
          "sensitive_attributes": [],
          "private": "eyJlMmJmYjczMC1lY2FhLTExZTYtOGY4OC0zNDM2M2JjN2M0YzAiOnsiY3JlYXRlIjoxODAwMDAwMDAwMDAwLCJkZWxldGUiOjE4MDAwMDAwMDAwMDAsInJlYWQiOjMwMDAwMDAwMDAwMCwidXBkYXRlIjoxODAwMDAwMDAwMDAwfX0=",
          "dependencies": [
            "module.function-app.data.azurerm_resource_group.appds",
            "module.function-app.data.azurerm_service_plan.functionplan",
            "module.function-app.data.azurerm_storage_account.storageds"
          ]
        }
      ]
    },
    {
      "module": "module.function-app[\"function_app_4\"]",
      "mode": "data",
      "type": "azurerm_resource_group",
      "name": "appds",
      "provider": "provider[\"registry.terraform.io/hashicorp/azurerm\"]",
      "instances": [
        {
          "schema_version": 0,
          "attributes": {
            "id": "/subscriptions/fec1a8c7-3053-43ab-b51d-9fcc38bd9399/resourceGroups/zgebs-workbench-dev-application-rg",
            "location": "northeurope",
            "name": "zgebs-workbench-dev-application-rg",
            "tags": {},
            "timeouts": null
          },
          "sensitive_attributes": []
        }
      ]
    },
    {
      "module": "module.function-app[\"function_app_4\"]",
      "mode": "data",
      "type": "azurerm_resource_group",
      "name": "storageds",
      "provider": "provider[\"registry.terraform.io/hashicorp/azurerm\"]",
      "instances": [
        {
          "schema_version": 0,
          "attributes": {
            "id": "/subscriptions/fec1a8c7-3053-43ab-b51d-9fcc38bd9399/resourceGroups/zgebs-workbench-dev-storage-rg",
            "location": "centralindia",
            "name": "zgebs-workbench-dev-storage-rg",
            "tags": {},
            "timeouts": null
          },
          "sensitive_attributes": []
        }
      ]
    },
    {
      "module": "module.function-app[\"function_app_4\"]",
      "mode": "data",
      "type": "azurerm_service_plan",
      "name": "functionplan",
      "provider": "provider[\"registry.terraform.io/hashicorp/azurerm\"]",
      "instances": [
        {
          "schema_version": 0,
          "attributes": {
            "app_service_environment_id": "",
            "id": "/subscriptions/fec1a8c7-3053-43ab-b51d-9fcc38bd9399/resourceGroups/zgebs-workbench-dev-application-rg/providers/Microsoft.Web/serverfarms/plan-289123301204",
            "kind": "app",
            "location": "northeurope",
            "maximum_elastic_worker_count": 1,
            "name": "plan-289123301204",
            "os_type": "Windows",
            "per_site_scaling_enabled": false,
            "reserved": false,
            "resource_group_name": "zgebs-workbench-dev-application-rg",
            "sku_name": "P1v2",
            "tags": {},
            "timeouts": null,
            "worker_count": 1,
            "zone_balancing_enabled": false
          },
          "sensitive_attributes": []
        }
      ]
    },
    {
      "module": "module.function-app[\"function_app_4\"]",
      "mode": "data",
      "type": "azurerm_storage_account",
      "name": "storageds",
      "provider": "provider[\"registry.terraform.io/hashicorp/azurerm\"]",
      "instances": [
        {
          "schema_version": 0,
          "attributes": {
            "access_tier": "Hot",
            "account_kind": "StorageV2",
            "account_replication_type": "GRS",
            "account_tier": "Standard",
            "allow_nested_items_to_be_public": true,
            "azure_files_authentication": [],
            "custom_domain": null,
            "enable_https_traffic_only": true,
            "id": "/subscriptions/fec1a8c7-3053-43ab-b51d-9fcc38bd9399/resourceGroups/zgebs-workbench-dev-storage-rg/providers/Microsoft.Storage/storageAccounts/zgbswbdevstorage1123",
            "identity": [],
            "infrastructure_encryption_enabled": false,
            "is_hns_enabled": false,
            "location": "centralindia",
            "min_tls_version": "TLS1_2",
            "name": "zgbswbdevstorage1123",
            "nfsv3_enabled": false,
            "primary_access_key": "oUJFMH9G5hiqrTQbfFKmN/2SpQ5a2AtcT/9cKOtzAOkSGwnxmMGDF6vMLcTcYPDSso3+czSd4Ctk+AStPmbsJg==",
            "primary_blob_connection_string": "DefaultEndpointsProtocol=https;BlobEndpoint=https://zgbswbdevstorage1123.blob.core.windows.net/;AccountName=zgbswbdevstorage1123;AccountKey=oUJFMH9G5hiqrTQbfFKmN/2SpQ5a2AtcT/9cKOtzAOkSGwnxmMGDF6vMLcTcYPDSso3+czSd4Ctk+AStPmbsJg==",
            "primary_blob_endpoint": "https://zgbswbdevstorage1123.blob.core.windows.net/",
            "primary_blob_host": "zgbswbdevstorage1123.blob.core.windows.net",
            "primary_connection_string": "DefaultEndpointsProtocol=https;AccountName=zgbswbdevstorage1123;AccountKey=oUJFMH9G5hiqrTQbfFKmN/2SpQ5a2AtcT/9cKOtzAOkSGwnxmMGDF6vMLcTcYPDSso3+czSd4Ctk+AStPmbsJg==;EndpointSuffix=core.windows.net",
            "primary_dfs_endpoint": "https://zgbswbdevstorage1123.dfs.core.windows.net/",
            "primary_dfs_host": "zgbswbdevstorage1123.dfs.core.windows.net",
            "primary_file_endpoint": "https://zgbswbdevstorage1123.file.core.windows.net/",
            "primary_file_host": "zgbswbdevstorage1123.file.core.windows.net",
            "primary_location": "centralindia",
            "primary_queue_endpoint": "https://zgbswbdevstorage1123.queue.core.windows.net/",
            "primary_queue_host": "zgbswbdevstorage1123.queue.core.windows.net",
            "primary_table_endpoint": "https://zgbswbdevstorage1123.table.core.windows.net/",
            "primary_table_host": "zgbswbdevstorage1123.table.core.windows.net",
            "primary_web_endpoint": "https://zgbswbdevstorage1123.z29.web.core.windows.net/",
            "primary_web_host": "zgbswbdevstorage1123.z29.web.core.windows.net",
            "queue_encryption_key_type": "Service",
            "resource_group_name": "zgebs-workbench-dev-storage-rg",
            "secondary_access_key": "oMO/dlgYudL2Z2mguSC+umHgmX2UNR8DluQlkaGqKdckJjeH9cACPV9A3HWBHixnP6S47UtxpS6z+AStE8lsYA==",
            "secondary_blob_connection_string": "",
            "secondary_blob_endpoint": null,
            "secondary_blob_host": null,
            "secondary_connection_string": "DefaultEndpointsProtocol=https;AccountName=zgbswbdevstorage1123;AccountKey=oMO/dlgYudL2Z2mguSC+umHgmX2UNR8DluQlkaGqKdckJjeH9cACPV9A3HWBHixnP6S47UtxpS6z+AStE8lsYA==;EndpointSuffix=core.windows.net",
            "secondary_dfs_endpoint": null,
            "secondary_dfs_host": null,
            "secondary_file_endpoint": null,
            "secondary_file_host": null,
            "secondary_location": "southindia",
            "secondary_queue_endpoint": null,
            "secondary_queue_host": null,
            "secondary_table_endpoint": null,
            "secondary_table_host": null,
            "secondary_web_endpoint": null,
            "secondary_web_host": null,
            "table_encryption_key_type": "Service",
            "tags": {},
            "timeouts": null
          },
          "sensitive_attributes": []
        }
      ]
    },
    {
      "module": "module.function-app[\"function_app_4\"]",
      "mode": "managed",
      "type": "azurerm_windows_function_app",
      "name": "example",
      "provider": "provider[\"registry.terraform.io/hashicorp/azurerm\"]",
      "instances": [
        {
          "schema_version": 0,
          "attributes": {
            "app_settings": null,
            "auth_settings": [],
            "auth_settings_v2": [],
            "backup": [],
            "builtin_logging_enabled": true,
            "client_certificate_enabled": false,
            "client_certificate_exclusion_paths": "",
            "client_certificate_mode": "Optional",
            "connection_string": [],
            "content_share_force_disabled": false,
            "custom_domain_verification_id": "EF7ACC1196953A72EBB1B51C1D448D1699325C9A9CF7820D51A90BE70736BE63",
            "daily_memory_time_quota": 0,
            "default_hostname": "zgebs-wb-dev-myz-func0298.azurewebsites.net",
            "enabled": true,
            "functions_extension_version": "~4",
            "https_only": false,
            "id": "/subscriptions/fec1a8c7-3053-43ab-b51d-9fcc38bd9399/resourceGroups/zgebs-workbench-dev-application-rg/providers/Microsoft.Web/sites/zgebs-wb-dev-myz-func0298",
            "identity": [],
            "key_vault_reference_identity_id": "SystemAssigned",
            "kind": "functionapp",
            "location": "northeurope",
            "name": "zgebs-wb-dev-myz-func0298",
            "outbound_ip_address_list": [
              "20.105.84.63",
              "20.105.84.70",
              "20.105.84.81",
              "20.105.84.88",
              "20.105.84.97",
              "20.105.84.105",
              "20.107.224.11"
            ],
            "outbound_ip_addresses": "20.105.84.63,20.105.84.70,20.105.84.81,20.105.84.88,20.105.84.97,20.105.84.105,20.107.224.11",
            "possible_outbound_ip_address_list": [
              "20.105.83.105",
              "20.105.83.188",
              "20.105.83.204",
              "20.105.83.224",
              "20.105.84.46",
              "20.105.84.61",
              "20.105.84.63",
              "20.105.84.70",
              "20.105.84.81",
              "20.105.84.88",
              "20.105.84.97",
              "20.105.84.105",
              "20.105.84.112",
              "20.105.84.121",
              "20.105.84.161",
              "20.105.84.183",
              "20.105.84.221",
              "20.105.84.222",
              "20.105.81.111",
              "20.105.84.232",
              "20.105.85.15",
              "20.105.85.21",
              "20.105.85.22",
              "20.105.85.31",
              "20.105.85.34",
              "20.105.85.44",
              "20.105.85.50",
              "20.105.85.79",
              "20.105.80.52",
              "20.105.80.53",
              "20.107.224.11"
            ],
            "possible_outbound_ip_addresses": "20.105.83.105,20.105.83.188,20.105.83.204,20.105.83.224,20.105.84.46,20.105.84.61,20.105.84.63,20.105.84.70,20.105.84.81,20.105.84.88,20.105.84.97,20.105.84.105,20.105.84.112,20.105.84.121,20.105.84.161,20.105.84.183,20.105.84.221,20.105.84.222,20.105.81.111,20.105.84.232,20.105.85.15,20.105.85.21,20.105.85.22,20.105.85.31,20.105.85.34,20.105.85.44,20.105.85.50,20.105.85.79,20.105.80.52,20.105.80.53,20.107.224.11",
            "resource_group_name": "zgebs-workbench-dev-application-rg",
            "service_plan_id": "/subscriptions/fec1a8c7-3053-43ab-b51d-9fcc38bd9399/resourceGroups/zgebs-workbench-dev-application-rg/providers/Microsoft.Web/serverfarms/plan-289123301204",
            "site_config": [
              {
                "always_on": false,
                "api_definition_url": "",
                "api_management_api_id": "",
                "app_command_line": "",
                "app_scale_limit": 0,
                "app_service_logs": [],
                "application_insights_connection_string": "",
                "application_insights_key": "",
                "application_stack": [
                  {
                    "dotnet_version": "v4.0",
                    "java_version": "",
                    "node_version": "",
                    "powershell_core_version": "",
                    "use_custom_runtime": false,
                    "use_dotnet_isolated_runtime": false
                  }
                ],
                "cors": [],
                "default_documents": [
                  "Default.htm",
                  "Default.html",
                  "Default.asp",
                  "index.htm",
                  "index.html",
                  "iisstart.htm",
                  "default.aspx",
                  "index.php"
                ],
                "detailed_error_logging_enabled": false,
                "elastic_instance_minimum": 0,
                "ftps_state": "Disabled",
                "health_check_eviction_time_in_min": 0,
                "health_check_path": "",
                "http2_enabled": false,
                "ip_restriction": [],
                "load_balancing_mode": "LeastRequests",
                "managed_pipeline_mode": "Integrated",
                "minimum_tls_version": "1.2",
                "pre_warmed_instance_count": 0,
                "remote_debugging_enabled": false,
                "remote_debugging_version": "",
                "runtime_scale_monitoring_enabled": false,
                "scm_ip_restriction": [],
                "scm_minimum_tls_version": "1.2",
                "scm_type": "None",
                "scm_use_main_ip_restriction": false,
                "use_32_bit_worker": true,
                "vnet_route_all_enabled": false,
                "websockets_enabled": false,
                "windows_fx_version": "",
                "worker_count": 1
              }
            ],
            "site_credential": [
              {
                "name": "$zgebs-wb-dev-myz-func0298",
                "password": "TtscyfvPbzZacAExCongTeQeas3WbKYHu4l0MaF9SSegqEZk2BTHcpEg1Tf2"
              }
            ],
            "sticky_settings": [],
            "storage_account": [],
            "storage_account_access_key": "",
            "storage_account_name": "zgbswbdevstorage1123",
            "storage_key_vault_secret_id": "",
            "storage_uses_managed_identity": false,
            "tags": null,
            "timeouts": null,
            "virtual_network_subnet_id": ""
          },
          "sensitive_attributes": [],
          "private": "eyJlMmJmYjczMC1lY2FhLTExZTYtOGY4OC0zNDM2M2JjN2M0YzAiOnsiY3JlYXRlIjoxODAwMDAwMDAwMDAwLCJkZWxldGUiOjE4MDAwMDAwMDAwMDAsInJlYWQiOjMwMDAwMDAwMDAwMCwidXBkYXRlIjoxODAwMDAwMDAwMDAwfX0=",
          "dependencies": [
            "module.function-app.data.azurerm_resource_group.appds",
            "module.function-app.data.azurerm_service_plan.functionplan",
            "module.function-app.data.azurerm_storage_account.storageds"
          ]
        }
      ]
    }
  ],
  "check_results": []
}
