{
  "version": 4,
  "terraform_version": "1.3.3",
  "serial": 142,
  "lineage": "81681f0d-c4ac-c419-b0f8-2dc67fa15f56",
  "outputs": {},
  "resources": [
    {
      "module": "module.app-service[\"app-service_1\"]",
      "mode": "managed",
      "type": "azurerm_resource_group",
      "name": "app",
      "provider": "provider[\"registry.terraform.io/hashicorp/azurerm\"]",
      "instances": [
        {
          "schema_version": 0,
          "attributes": {
            "id": "/subscriptions/fec1a8c7-3053-43ab-b51d-9fcc38bd9399/resourceGroups/zgebs-workbench-dev-application-rg",
            "location": "northeurope",
            "name": "zgebs-workbench-dev-application-rg",
            "tags": {},
            "timeouts": null
          },
          "sensitive_attributes": [],
          "private": "eyJlMmJmYjczMC1lY2FhLTExZTYtOGY4OC0zNDM2M2JjN2M0YzAiOnsiY3JlYXRlIjo1NDAwMDAwMDAwMDAwLCJkZWxldGUiOjU0MDAwMDAwMDAwMDAsInJlYWQiOjMwMDAwMDAwMDAwMCwidXBkYXRlIjo1NDAwMDAwMDAwMDAwfX0="
        }
      ]
    },
    {
      "module": "module.app-service[\"app-service_1\"]",
      "mode": "managed",
      "type": "azurerm_service_plan",
      "name": "app",
      "provider": "provider[\"registry.terraform.io/hashicorp/azurerm\"]",
      "instances": [
        {
          "schema_version": 0,
          "attributes": {
            "app_service_environment_id": "",
            "id": "/subscriptions/fec1a8c7-3053-43ab-b51d-9fcc38bd9399/resourceGroups/zgebs-workbench-dev-application-rg/providers/Microsoft.Web/serverfarms/plan-289123301204",
            "kind": "app",
            "location": "northeurope",
            "maximum_elastic_worker_count": 1,
            "name": "plan-289123301204",
            "os_type": "Windows",
            "per_site_scaling_enabled": false,
            "reserved": false,
            "resource_group_name": "zgebs-workbench-dev-application-rg",
            "sku_name": "P1v2",
            "tags": {},
            "timeouts": null,
            "worker_count": 1,
            "zone_balancing_enabled": false
          },
          "sensitive_attributes": [],
          "private": "eyJlMmJmYjczMC1lY2FhLTExZTYtOGY4OC0zNDM2M2JjN2M0YzAiOnsiY3JlYXRlIjozNjAwMDAwMDAwMDAwLCJkZWxldGUiOjM2MDAwMDAwMDAwMDAsInJlYWQiOjMwMDAwMDAwMDAwMCwidXBkYXRlIjozNjAwMDAwMDAwMDAwfX0="
        }
      ]
    },
    {
      "module": "module.app-service[\"app-service_1\"]",
      "mode": "managed",
      "type": "azurerm_windows_web_app",
      "name": "appservice",
      "provider": "provider[\"registry.terraform.io/hashicorp/azurerm\"]",
      "instances": [
        {
          "schema_version": 0,
          "attributes": {
            "app_settings": {},
            "auth_settings": [],
            "auth_settings_v2": [],
            "backup": [],
            "client_affinity_enabled": false,
            "client_certificate_enabled": false,
            "client_certificate_exclusion_paths": "",
            "client_certificate_mode": "Required",
            "connection_string": [],
            "custom_domain_verification_id": "EF7ACC1196953A72EBB1B51C1D448D1699325C9A9CF7820D51A90BE70736BE63",
            "default_hostname": "zgebs-wb-dev-fcsd-wapp-ne-0198.azurewebsites.net",
            "enabled": true,
            "https_only": false,
            "id": "/subscriptions/fec1a8c7-3053-43ab-b51d-9fcc38bd9399/resourceGroups/zgebs-workbench-dev-application-rg/providers/Microsoft.Web/sites/zgebs-wb-dev-fcsd-wapp-ne-0198",
            "identity": [],
            "key_vault_reference_identity_id": "SystemAssigned",
            "kind": "app",
            "location": "northeurope",
            "logs": [],
            "name": "zgebs-wb-dev-fcsd-wapp-ne-0198",
            "outbound_ip_address_list": [
              "20.105.84.63",
              "20.105.84.70",
              "20.105.84.81",
              "20.105.84.88",
              "20.105.84.97",
              "20.105.84.105",
              "20.107.224.11"
            ],
            "outbound_ip_addresses": "20.105.84.63,20.105.84.70,20.105.84.81,20.105.84.88,20.105.84.97,20.105.84.105,20.107.224.11",
            "possible_outbound_ip_address_list": [
              "20.105.83.105",
              "20.105.83.188",
              "20.105.83.204",
              "20.105.83.224",
              "20.105.84.46",
              "20.105.84.61",
              "20.105.84.63",
              "20.105.84.70",
              "20.105.84.81",
              "20.105.84.88",
              "20.105.84.97",
              "20.105.84.105",
              "20.105.84.112",
              "20.105.84.121",
              "20.105.84.161",
              "20.105.84.183",
              "20.105.84.221",
              "20.105.84.222",
              "20.105.81.111",
              "20.105.84.232",
              "20.105.85.15",
              "20.105.85.21",
              "20.105.85.22",
              "20.105.85.31",
              "20.105.85.34",
              "20.105.85.44",
              "20.105.85.50",
              "20.105.85.79",
              "20.105.80.52",
              "20.105.80.53",
              "20.107.224.11"
            ],
            "possible_outbound_ip_addresses": "20.105.83.105,20.105.83.188,20.105.83.204,20.105.83.224,20.105.84.46,20.105.84.61,20.105.84.63,20.105.84.70,20.105.84.81,20.105.84.88,20.105.84.97,20.105.84.105,20.105.84.112,20.105.84.121,20.105.84.161,20.105.84.183,20.105.84.221,20.105.84.222,20.105.81.111,20.105.84.232,20.105.85.15,20.105.85.21,20.105.85.22,20.105.85.31,20.105.85.34,20.105.85.44,20.105.85.50,20.105.85.79,20.105.80.52,20.105.80.53,20.107.224.11",
            "resource_group_name": "zgebs-workbench-dev-application-rg",
            "service_plan_id": "/subscriptions/fec1a8c7-3053-43ab-b51d-9fcc38bd9399/resourceGroups/zgebs-workbench-dev-application-rg/providers/Microsoft.Web/serverfarms/plan-289123301204",
            "site_config": [
              {
                "always_on": true,
                "api_definition_url": "",
                "api_management_api_id": "",
                "app_command_line": "",
                "application_stack": [
                  {
                    "current_stack": "",
                    "docker_container_name": "",
                    "docker_container_registry": "",
                    "docker_container_tag": "",
                    "dotnet_core_version": "",
                    "dotnet_version": "",
                    "java_container": "",
                    "java_container_version": "",
                    "java_embedded_server_enabled": false,
                    "java_version": "",
                    "node_version": "",
                    "php_version": "5.6",
                    "python": false,
                    "python_version": "",
                    "tomcat_version": ""
                  }
                ],
                "auto_heal_enabled": false,
                "auto_heal_setting": [],
                "container_registry_managed_identity_client_id": "",
                "container_registry_use_managed_identity": false,
                "cors": [],
                "default_documents": [
                  "Default.htm",
                  "Default.html",
                  "Default.asp",
                  "index.htm",
                  "index.html",
                  "iisstart.htm",
                  "default.aspx",
                  "index.php",
                  "hostingstart.html"
                ],
                "detailed_error_logging_enabled": false,
                "ftps_state": "Disabled",
                "health_check_eviction_time_in_min": 0,
                "health_check_path": "",
                "http2_enabled": false,
                "ip_restriction": [],
                "linux_fx_version": "",
                "load_balancing_mode": "LeastRequests",
                "local_mysql_enabled": false,
                "managed_pipeline_mode": "Integrated",
                "minimum_tls_version": "1.2",
                "remote_debugging_enabled": false,
                "remote_debugging_version": "VS2019",
                "scm_ip_restriction": [],
                "scm_minimum_tls_version": "1.2",
                "scm_type": "None",
                "scm_use_main_ip_restriction": false,
                "use_32_bit_worker": true,
                "virtual_application": [],
                "vnet_route_all_enabled": false,
                "websockets_enabled": false,
                "windows_fx_version": "",
                "worker_count": 1
              }
            ],
            "site_credential": [
              {
                "name": "$zgebs-wb-dev-fcsd-wapp-ne-0198",
                "password": "u14eFAyYM2BSYGQ9C7vn9Z9ozZxssqoynpcWllnQYnjkd6vdyuPdJ6P8KG3C"
              }
            ],
            "sticky_settings": [],
            "storage_account": [],
            "tags": {},
            "timeouts": null,
            "virtual_network_subnet_id": "",
            "zip_deploy_file": ""
          },
          "sensitive_attributes": [],
          "private": "eyJlMmJmYjczMC1lY2FhLTExZTYtOGY4OC0zNDM2M2JjN2M0YzAiOnsiY3JlYXRlIjoxODAwMDAwMDAwMDAwLCJkZWxldGUiOjE4MDAwMDAwMDAwMDAsInJlYWQiOjMwMDAwMDAwMDAwMCwidXBkYXRlIjoxODAwMDAwMDAwMDAwfX0=",
          "dependencies": [
            "module.app-service.azurerm_service_plan.app"
          ]
        }
      ]
    },
    {
      "module": "module.app-service[\"app-service_2\"]",
      "mode": "managed",
      "type": "azurerm_resource_group",
      "name": "app",
      "provider": "provider[\"registry.terraform.io/hashicorp/azurerm\"]",
      "instances": [
        {
          "schema_version": 0,
          "attributes": {
            "id": "/subscriptions/fec1a8c7-3053-43ab-b51d-9fcc38bd9399/resourceGroups/zgebs-workbench-dev-application-rg",
            "location": "northeurope",
            "name": "zgebs-workbench-dev-application-rg",
            "tags": {},
            "timeouts": null
          },
          "sensitive_attributes": [],
          "private": "eyJlMmJmYjczMC1lY2FhLTExZTYtOGY4OC0zNDM2M2JjN2M0YzAiOnsiY3JlYXRlIjo1NDAwMDAwMDAwMDAwLCJkZWxldGUiOjU0MDAwMDAwMDAwMDAsInJlYWQiOjMwMDAwMDAwMDAwMCwidXBkYXRlIjo1NDAwMDAwMDAwMDAwfX0="
        }
      ]
    },
    {
      "module": "module.app-service[\"app-service_3\"]",
      "mode": "managed",
      "type": "azurerm_resource_group",
      "name": "app",
      "provider": "provider[\"registry.terraform.io/hashicorp/azurerm\"]",
      "instances": [
        {
          "schema_version": 0,
          "attributes": {
            "id": "/subscriptions/fec1a8c7-3053-43ab-b51d-9fcc38bd9399/resourceGroups/zgebs-workbench-dev-application-rg",
            "location": "northeurope",
            "name": "zgebs-workbench-dev-application-rg",
            "tags": {},
            "timeouts": null
          },
          "sensitive_attributes": [],
          "private": "eyJlMmJmYjczMC1lY2FhLTExZTYtOGY4OC0zNDM2M2JjN2M0YzAiOnsiY3JlYXRlIjo1NDAwMDAwMDAwMDAwLCJkZWxldGUiOjU0MDAwMDAwMDAwMDAsInJlYWQiOjMwMDAwMDAwMDAwMCwidXBkYXRlIjo1NDAwMDAwMDAwMDAwfX0="
        }
      ]
    },
    {
      "module": "module.app-service[\"app-service_3\"]",
      "mode": "managed",
      "type": "azurerm_service_plan",
      "name": "app",
      "provider": "provider[\"registry.terraform.io/hashicorp/azurerm\"]",
      "instances": [
        {
          "schema_version": 0,
          "attributes": {
            "app_service_environment_id": "",
            "id": "/subscriptions/fec1a8c7-3053-43ab-b51d-9fcc38bd9399/resourceGroups/zgebs-workbench-dev-application-rg/providers/Microsoft.Web/serverfarms/plan-289123301204",
            "kind": "app",
            "location": "northeurope",
            "maximum_elastic_worker_count": 1,
            "name": "plan-289123301204",
            "os_type": "Windows",
            "per_site_scaling_enabled": false,
            "reserved": false,
            "resource_group_name": "zgebs-workbench-dev-application-rg",
            "sku_name": "P1v2",
            "tags": {},
            "timeouts": null,
            "worker_count": 1,
            "zone_balancing_enabled": false
          },
          "sensitive_attributes": [],
          "private": "eyJlMmJmYjczMC1lY2FhLTExZTYtOGY4OC0zNDM2M2JjN2M0YzAiOnsiY3JlYXRlIjozNjAwMDAwMDAwMDAwLCJkZWxldGUiOjM2MDAwMDAwMDAwMDAsInJlYWQiOjMwMDAwMDAwMDAwMCwidXBkYXRlIjozNjAwMDAwMDAwMDAwfX0="
        }
      ]
    },
    {
      "module": "module.app-service[\"app-service_3\"]",
      "mode": "managed",
      "type": "azurerm_windows_web_app",
      "name": "appservice",
      "provider": "provider[\"registry.terraform.io/hashicorp/azurerm\"]",
      "instances": [
        {
          "schema_version": 0,
          "attributes": {
            "app_settings": {},
            "auth_settings": [],
            "auth_settings_v2": [],
            "backup": [],
            "client_affinity_enabled": false,
            "client_certificate_enabled": false,
            "client_certificate_exclusion_paths": "",
            "client_certificate_mode": "Required",
            "connection_string": [],
            "custom_domain_verification_id": "EF7ACC1196953A72EBB1B51C1D448D1699325C9A9CF7820D51A90BE70736BE63",
            "default_hostname": "zgebs-wb-dev-zhrz-wapp-ne-0398.azurewebsites.net",
            "enabled": true,
            "https_only": false,
            "id": "/subscriptions/fec1a8c7-3053-43ab-b51d-9fcc38bd9399/resourceGroups/zgebs-workbench-dev-application-rg/providers/Microsoft.Web/sites/zgebs-wb-dev-zhrz-wapp-ne-0398",
            "identity": [],
            "key_vault_reference_identity_id": "SystemAssigned",
            "kind": "app",
            "location": "northeurope",
            "logs": [],
            "name": "zgebs-wb-dev-zhrz-wapp-ne-0398",
            "outbound_ip_address_list": [
              "20.105.84.63",
              "20.105.84.70",
              "20.105.84.81",
              "20.105.84.88",
              "20.105.84.97",
              "20.105.84.105",
              "20.107.224.11"
            ],
            "outbound_ip_addresses": "20.105.84.63,20.105.84.70,20.105.84.81,20.105.84.88,20.105.84.97,20.105.84.105,20.107.224.11",
            "possible_outbound_ip_address_list": [
              "20.105.83.105",
              "20.105.83.188",
              "20.105.83.204",
              "20.105.83.224",
              "20.105.84.46",
              "20.105.84.61",
              "20.105.84.63",
              "20.105.84.70",
              "20.105.84.81",
              "20.105.84.88",
              "20.105.84.97",
              "20.105.84.105",
              "20.105.84.112",
              "20.105.84.121",
              "20.105.84.161",
              "20.105.84.183",
              "20.105.84.221",
              "20.105.84.222",
              "20.105.81.111",
              "20.105.84.232",
              "20.105.85.15",
              "20.105.85.21",
              "20.105.85.22",
              "20.105.85.31",
              "20.105.85.34",
              "20.105.85.44",
              "20.105.85.50",
              "20.105.85.79",
              "20.105.80.52",
              "20.105.80.53",
              "20.107.224.11"
            ],
            "possible_outbound_ip_addresses": "20.105.83.105,20.105.83.188,20.105.83.204,20.105.83.224,20.105.84.46,20.105.84.61,20.105.84.63,20.105.84.70,20.105.84.81,20.105.84.88,20.105.84.97,20.105.84.105,20.105.84.112,20.105.84.121,20.105.84.161,20.105.84.183,20.105.84.221,20.105.84.222,20.105.81.111,20.105.84.232,20.105.85.15,20.105.85.21,20.105.85.22,20.105.85.31,20.105.85.34,20.105.85.44,20.105.85.50,20.105.85.79,20.105.80.52,20.105.80.53,20.107.224.11",
            "resource_group_name": "zgebs-workbench-dev-application-rg",
            "service_plan_id": "/subscriptions/fec1a8c7-3053-43ab-b51d-9fcc38bd9399/resourceGroups/zgebs-workbench-dev-application-rg/providers/Microsoft.Web/serverfarms/plan-289123301204",
            "site_config": [
              {
                "always_on": true,
                "api_definition_url": "",
                "api_management_api_id": "",
                "app_command_line": "",
                "application_stack": [
                  {
                    "current_stack": "",
                    "docker_container_name": "",
                    "docker_container_registry": "",
                    "docker_container_tag": "",
                    "dotnet_core_version": "",
                    "dotnet_version": "",
                    "java_container": "",
                    "java_container_version": "",
                    "java_embedded_server_enabled": false,
                    "java_version": "",
                    "node_version": "",
                    "php_version": "5.6",
                    "python": false,
                    "python_version": "",
                    "tomcat_version": ""
                  }
                ],
                "auto_heal_enabled": false,
                "auto_heal_setting": [],
                "container_registry_managed_identity_client_id": "",
                "container_registry_use_managed_identity": false,
                "cors": [],
                "default_documents": [
                  "Default.htm",
                  "Default.html",
                  "Default.asp",
                  "index.htm",
                  "index.html",
                  "iisstart.htm",
                  "default.aspx",
                  "index.php",
                  "hostingstart.html"
                ],
                "detailed_error_logging_enabled": false,
                "ftps_state": "Disabled",
                "health_check_eviction_time_in_min": 0,
                "health_check_path": "",
                "http2_enabled": false,
                "ip_restriction": [],
                "linux_fx_version": "",
                "load_balancing_mode": "LeastRequests",
                "local_mysql_enabled": false,
                "managed_pipeline_mode": "Integrated",
                "minimum_tls_version": "1.2",
                "remote_debugging_enabled": false,
                "remote_debugging_version": "VS2019",
                "scm_ip_restriction": [],
                "scm_minimum_tls_version": "1.2",
                "scm_type": "None",
                "scm_use_main_ip_restriction": false,
                "use_32_bit_worker": true,
                "virtual_application": [],
                "vnet_route_all_enabled": false,
                "websockets_enabled": false,
                "windows_fx_version": "",
                "worker_count": 1
              }
            ],
            "site_credential": [
              {
                "name": "$zgebs-wb-dev-zhrz-wapp-ne-0398",
                "password": "rgukwu5spGcwlMjnFi0pqHZp2t9foXchecPBsrx12ayCqdS8zoeQvnMrwc2f"
              }
            ],
            "sticky_settings": [],
            "storage_account": [],
            "tags": {},
            "timeouts": null,
            "virtual_network_subnet_id": "",
            "zip_deploy_file": ""
          },
          "sensitive_attributes": [],
          "private": "eyJlMmJmYjczMC1lY2FhLTExZTYtOGY4OC0zNDM2M2JjN2M0YzAiOnsiY3JlYXRlIjoxODAwMDAwMDAwMDAwLCJkZWxldGUiOjE4MDAwMDAwMDAwMDAsInJlYWQiOjMwMDAwMDAwMDAwMCwidXBkYXRlIjoxODAwMDAwMDAwMDAwfX0=",
          "dependencies": [
            "module.app-service.azurerm_service_plan.app"
          ]
        }
      ]
    },
    {
      "module": "module.app-service[\"app-service_4\"]",
      "mode": "managed",
      "type": "azurerm_resource_group",
      "name": "app",
      "provider": "provider[\"registry.terraform.io/hashicorp/azurerm\"]",
      "instances": [
        {
          "schema_version": 0,
          "attributes": {
            "id": "/subscriptions/fec1a8c7-3053-43ab-b51d-9fcc38bd9399/resourceGroups/zgebs-workbench-dev-application-rg",
            "location": "northeurope",
            "name": "zgebs-workbench-dev-application-rg",
            "tags": {},
            "timeouts": null
          },
          "sensitive_attributes": [],
          "private": "eyJlMmJmYjczMC1lY2FhLTExZTYtOGY4OC0zNDM2M2JjN2M0YzAiOnsiY3JlYXRlIjo1NDAwMDAwMDAwMDAwLCJkZWxldGUiOjU0MDAwMDAwMDAwMDAsInJlYWQiOjMwMDAwMDAwMDAwMCwidXBkYXRlIjo1NDAwMDAwMDAwMDAwfX0="
        }
      ]
    },
    {
      "module": "module.app-service[\"app-service_4\"]",
      "mode": "managed",
      "type": "azurerm_service_plan",
      "name": "app",
      "provider": "provider[\"registry.terraform.io/hashicorp/azurerm\"]",
      "instances": [
        {
          "schema_version": 0,
          "attributes": {
            "app_service_environment_id": "",
            "id": "/subscriptions/fec1a8c7-3053-43ab-b51d-9fcc38bd9399/resourceGroups/zgebs-workbench-dev-application-rg/providers/Microsoft.Web/serverfarms/plan-289123301204",
            "kind": "app",
            "location": "northeurope",
            "maximum_elastic_worker_count": 1,
            "name": "plan-289123301204",
            "os_type": "Windows",
            "per_site_scaling_enabled": false,
            "reserved": false,
            "resource_group_name": "zgebs-workbench-dev-application-rg",
            "sku_name": "P1v2",
            "tags": {},
            "timeouts": null,
            "worker_count": 1,
            "zone_balancing_enabled": false
          },
          "sensitive_attributes": [],
          "private": "eyJlMmJmYjczMC1lY2FhLTExZTYtOGY4OC0zNDM2M2JjN2M0YzAiOnsiY3JlYXRlIjozNjAwMDAwMDAwMDAwLCJkZWxldGUiOjM2MDAwMDAwMDAwMDAsInJlYWQiOjMwMDAwMDAwMDAwMCwidXBkYXRlIjozNjAwMDAwMDAwMDAwfX0="
        }
      ]
    },
    {
      "module": "module.app-service[\"app-service_4\"]",
      "mode": "managed",
      "type": "azurerm_windows_web_app",
      "name": "appservice",
      "provider": "provider[\"registry.terraform.io/hashicorp/azurerm\"]",
      "instances": [
        {
          "schema_version": 0,
          "attributes": {
            "app_settings": {},
            "auth_settings": [],
            "auth_settings_v2": [],
            "backup": [],
            "client_affinity_enabled": false,
            "client_certificate_enabled": false,
            "client_certificate_exclusion_paths": "",
            "client_certificate_mode": "Required",
            "connection_string": [],
            "custom_domain_verification_id": "EF7ACC1196953A72EBB1B51C1D448D1699325C9A9CF7820D51A90BE70736BE63",
            "default_hostname": "zgebs-wb-dev-lpa-wapp-ne-0498.azurewebsites.net",
            "enabled": true,
            "https_only": false,
            "id": "/subscriptions/fec1a8c7-3053-43ab-b51d-9fcc38bd9399/resourceGroups/zgebs-workbench-dev-application-rg/providers/Microsoft.Web/sites/zgebs-wb-dev-lpa-wapp-ne-0498",
            "identity": [],
            "key_vault_reference_identity_id": "SystemAssigned",
            "kind": "app",
            "location": "northeurope",
            "logs": [],
            "name": "zgebs-wb-dev-lpa-wapp-ne-0498",
            "outbound_ip_address_list": [
              "20.105.84.63",
              "20.105.84.70",
              "20.105.84.81",
              "20.105.84.88",
              "20.105.84.97",
              "20.105.84.105",
              "20.107.224.11"
            ],
            "outbound_ip_addresses": "20.105.84.63,20.105.84.70,20.105.84.81,20.105.84.88,20.105.84.97,20.105.84.105,20.107.224.11",
            "possible_outbound_ip_address_list": [
              "20.105.83.105",
              "20.105.83.188",
              "20.105.83.204",
              "20.105.83.224",
              "20.105.84.46",
              "20.105.84.61",
              "20.105.84.63",
              "20.105.84.70",
              "20.105.84.81",
              "20.105.84.88",
              "20.105.84.97",
              "20.105.84.105",
              "20.105.84.112",
              "20.105.84.121",
              "20.105.84.161",
              "20.105.84.183",
              "20.105.84.221",
              "20.105.84.222",
              "20.105.81.111",
              "20.105.84.232",
              "20.105.85.15",
              "20.105.85.21",
              "20.105.85.22",
              "20.105.85.31",
              "20.105.85.34",
              "20.105.85.44",
              "20.105.85.50",
              "20.105.85.79",
              "20.105.80.52",
              "20.105.80.53",
              "20.107.224.11"
            ],
            "possible_outbound_ip_addresses": "20.105.83.105,20.105.83.188,20.105.83.204,20.105.83.224,20.105.84.46,20.105.84.61,20.105.84.63,20.105.84.70,20.105.84.81,20.105.84.88,20.105.84.97,20.105.84.105,20.105.84.112,20.105.84.121,20.105.84.161,20.105.84.183,20.105.84.221,20.105.84.222,20.105.81.111,20.105.84.232,20.105.85.15,20.105.85.21,20.105.85.22,20.105.85.31,20.105.85.34,20.105.85.44,20.105.85.50,20.105.85.79,20.105.80.52,20.105.80.53,20.107.224.11",
            "resource_group_name": "zgebs-workbench-dev-application-rg",
            "service_plan_id": "/subscriptions/fec1a8c7-3053-43ab-b51d-9fcc38bd9399/resourceGroups/zgebs-workbench-dev-application-rg/providers/Microsoft.Web/serverfarms/plan-289123301204",
            "site_config": [
              {
                "always_on": true,
                "api_definition_url": "",
                "api_management_api_id": "",
                "app_command_line": "",
                "application_stack": [
                  {
                    "current_stack": "",
                    "docker_container_name": "",
                    "docker_container_registry": "",
                    "docker_container_tag": "",
                    "dotnet_core_version": "",
                    "dotnet_version": "",
                    "java_container": "",
                    "java_container_version": "",
                    "java_embedded_server_enabled": false,
                    "java_version": "",
                    "node_version": "",
                    "php_version": "5.6",
                    "python": false,
                    "python_version": "",
                    "tomcat_version": ""
                  }
                ],
                "auto_heal_enabled": false,
                "auto_heal_setting": [],
                "container_registry_managed_identity_client_id": "",
                "container_registry_use_managed_identity": false,
                "cors": [],
                "default_documents": [
                  "Default.htm",
                  "Default.html",
                  "Default.asp",
                  "index.htm",
                  "index.html",
                  "iisstart.htm",
                  "default.aspx",
                  "index.php",
                  "hostingstart.html"
                ],
                "detailed_error_logging_enabled": false,
                "ftps_state": "Disabled",
                "health_check_eviction_time_in_min": 0,
                "health_check_path": "",
                "http2_enabled": false,
                "ip_restriction": [],
                "linux_fx_version": "",
                "load_balancing_mode": "LeastRequests",
                "local_mysql_enabled": false,
                "managed_pipeline_mode": "Integrated",
                "minimum_tls_version": "1.2",
                "remote_debugging_enabled": false,
                "remote_debugging_version": "VS2019",
                "scm_ip_restriction": [],
                "scm_minimum_tls_version": "1.2",
                "scm_type": "None",
                "scm_use_main_ip_restriction": false,
                "use_32_bit_worker": true,
                "virtual_application": [],
                "vnet_route_all_enabled": false,
                "websockets_enabled": false,
                "windows_fx_version": "",
                "worker_count": 1
              }
            ],
            "site_credential": [
              {
                "name": "$zgebs-wb-dev-lpa-wapp-ne-0498",
                "password": "umaGLKogQPHnhxSuZi9ivalQFGYzCJdBpvscKca89fAtAo6CS5ij2e76jrDG"
              }
            ],
            "sticky_settings": [],
            "storage_account": [],
            "tags": {},
            "timeouts": null,
            "virtual_network_subnet_id": "",
            "zip_deploy_file": ""
          },
          "sensitive_attributes": [],
          "private": "eyJlMmJmYjczMC1lY2FhLTExZTYtOGY4OC0zNDM2M2JjN2M0YzAiOnsiY3JlYXRlIjoxODAwMDAwMDAwMDAwLCJkZWxldGUiOjE4MDAwMDAwMDAwMDAsInJlYWQiOjMwMDAwMDAwMDAwMCwidXBkYXRlIjoxODAwMDAwMDAwMDAwfX0=",
          "dependencies": [
            "module.app-service.azurerm_service_plan.app"
          ]
        }
      ]
    },
    {
      "module": "module.app-service[\"app-service_5\"]",
      "mode": "managed",
      "type": "azurerm_resource_group",
      "name": "app",
      "provider": "provider[\"registry.terraform.io/hashicorp/azurerm\"]",
      "instances": [
        {
          "schema_version": 0,
          "attributes": {
            "id": "/subscriptions/fec1a8c7-3053-43ab-b51d-9fcc38bd9399/resourceGroups/zgebs-workbench-dev-application-rg",
            "location": "northeurope",
            "name": "zgebs-workbench-dev-application-rg",
            "tags": {},
            "timeouts": null
          },
          "sensitive_attributes": [],
          "private": "eyJlMmJmYjczMC1lY2FhLTExZTYtOGY4OC0zNDM2M2JjN2M0YzAiOnsiY3JlYXRlIjo1NDAwMDAwMDAwMDAwLCJkZWxldGUiOjU0MDAwMDAwMDAwMDAsInJlYWQiOjMwMDAwMDAwMDAwMCwidXBkYXRlIjo1NDAwMDAwMDAwMDAwfX0="
        }
      ]
    },
    {
      "module": "module.app-service[\"app-service_5\"]",
      "mode": "managed",
      "type": "azurerm_service_plan",
      "name": "app",
      "provider": "provider[\"registry.terraform.io/hashicorp/azurerm\"]",
      "instances": [
        {
          "schema_version": 0,
          "attributes": {
            "app_service_environment_id": "",
            "id": "/subscriptions/fec1a8c7-3053-43ab-b51d-9fcc38bd9399/resourceGroups/zgebs-workbench-dev-application-rg/providers/Microsoft.Web/serverfarms/plan-289123301204",
            "kind": "app",
            "location": "northeurope",
            "maximum_elastic_worker_count": 1,
            "name": "plan-289123301204",
            "os_type": "Windows",
            "per_site_scaling_enabled": false,
            "reserved": false,
            "resource_group_name": "zgebs-workbench-dev-application-rg",
            "sku_name": "P1v2",
            "tags": {},
            "timeouts": null,
            "worker_count": 1,
            "zone_balancing_enabled": false
          },
          "sensitive_attributes": [],
          "private": "eyJlMmJmYjczMC1lY2FhLTExZTYtOGY4OC0zNDM2M2JjN2M0YzAiOnsiY3JlYXRlIjozNjAwMDAwMDAwMDAwLCJkZWxldGUiOjM2MDAwMDAwMDAwMDAsInJlYWQiOjMwMDAwMDAwMDAwMCwidXBkYXRlIjozNjAwMDAwMDAwMDAwfX0="
        }
      ]
    },
    {
      "module": "module.app-service[\"app-service_5\"]",
      "mode": "managed",
      "type": "azurerm_windows_web_app",
      "name": "appservice",
      "provider": "provider[\"registry.terraform.io/hashicorp/azurerm\"]",
      "instances": [
        {
          "schema_version": 0,
          "attributes": {
            "app_settings": {},
            "auth_settings": [],
            "auth_settings_v2": [],
            "backup": [],
            "client_affinity_enabled": false,
            "client_certificate_enabled": false,
            "client_certificate_exclusion_paths": "",
            "client_certificate_mode": "Required",
            "connection_string": [],
            "custom_domain_verification_id": "EF7ACC1196953A72EBB1B51C1D448D1699325C9A9CF7820D51A90BE70736BE63",
            "default_hostname": "zgebs-wb-dev-dgv-wapp-ne-0598.azurewebsites.net",
            "enabled": true,
            "https_only": false,
            "id": "/subscriptions/fec1a8c7-3053-43ab-b51d-9fcc38bd9399/resourceGroups/zgebs-workbench-dev-application-rg/providers/Microsoft.Web/sites/zgebs-wb-dev-dgv-wapp-ne-0598",
            "identity": [],
            "key_vault_reference_identity_id": "SystemAssigned",
            "kind": "app",
            "location": "northeurope",
            "logs": [],
            "name": "zgebs-wb-dev-dgv-wapp-ne-0598",
            "outbound_ip_address_list": [
              "20.105.84.63",
              "20.105.84.70",
              "20.105.84.81",
              "20.105.84.88",
              "20.105.84.97",
              "20.105.84.105",
              "20.107.224.11"
            ],
            "outbound_ip_addresses": "20.105.84.63,20.105.84.70,20.105.84.81,20.105.84.88,20.105.84.97,20.105.84.105,20.107.224.11",
            "possible_outbound_ip_address_list": [
              "20.105.83.105",
              "20.105.83.188",
              "20.105.83.204",
              "20.105.83.224",
              "20.105.84.46",
              "20.105.84.61",
              "20.105.84.63",
              "20.105.84.70",
              "20.105.84.81",
              "20.105.84.88",
              "20.105.84.97",
              "20.105.84.105",
              "20.105.84.112",
              "20.105.84.121",
              "20.105.84.161",
              "20.105.84.183",
              "20.105.84.221",
              "20.105.84.222",
              "20.105.81.111",
              "20.105.84.232",
              "20.105.85.15",
              "20.105.85.21",
              "20.105.85.22",
              "20.105.85.31",
              "20.105.85.34",
              "20.105.85.44",
              "20.105.85.50",
              "20.105.85.79",
              "20.105.80.52",
              "20.105.80.53",
              "20.107.224.11"
            ],
            "possible_outbound_ip_addresses": "20.105.83.105,20.105.83.188,20.105.83.204,20.105.83.224,20.105.84.46,20.105.84.61,20.105.84.63,20.105.84.70,20.105.84.81,20.105.84.88,20.105.84.97,20.105.84.105,20.105.84.112,20.105.84.121,20.105.84.161,20.105.84.183,20.105.84.221,20.105.84.222,20.105.81.111,20.105.84.232,20.105.85.15,20.105.85.21,20.105.85.22,20.105.85.31,20.105.85.34,20.105.85.44,20.105.85.50,20.105.85.79,20.105.80.52,20.105.80.53,20.107.224.11",
            "resource_group_name": "zgebs-workbench-dev-application-rg",
            "service_plan_id": "/subscriptions/fec1a8c7-3053-43ab-b51d-9fcc38bd9399/resourceGroups/zgebs-workbench-dev-application-rg/providers/Microsoft.Web/serverfarms/plan-289123301204",
            "site_config": [
              {
                "always_on": true,
                "api_definition_url": "",
                "api_management_api_id": "",
                "app_command_line": "",
                "application_stack": [
                  {
                    "current_stack": "",
                    "docker_container_name": "",
                    "docker_container_registry": "",
                    "docker_container_tag": "",
                    "dotnet_core_version": "",
                    "dotnet_version": "",
                    "java_container": "",
                    "java_container_version": "",
                    "java_embedded_server_enabled": false,
                    "java_version": "",
                    "node_version": "",
                    "php_version": "5.6",
                    "python": false,
                    "python_version": "",
                    "tomcat_version": ""
                  }
                ],
                "auto_heal_enabled": false,
                "auto_heal_setting": [],
                "container_registry_managed_identity_client_id": "",
                "container_registry_use_managed_identity": false,
                "cors": [],
                "default_documents": [
                  "Default.htm",
                  "Default.html",
                  "Default.asp",
                  "index.htm",
                  "index.html",
                  "iisstart.htm",
                  "default.aspx",
                  "index.php",
                  "hostingstart.html"
                ],
                "detailed_error_logging_enabled": false,
                "ftps_state": "Disabled",
                "health_check_eviction_time_in_min": 0,
                "health_check_path": "",
                "http2_enabled": false,
                "ip_restriction": [],
                "linux_fx_version": "",
                "load_balancing_mode": "LeastRequests",
                "local_mysql_enabled": false,
                "managed_pipeline_mode": "Integrated",
                "minimum_tls_version": "1.2",
                "remote_debugging_enabled": false,
                "remote_debugging_version": "VS2019",
                "scm_ip_restriction": [],
                "scm_minimum_tls_version": "1.2",
                "scm_type": "None",
                "scm_use_main_ip_restriction": false,
                "use_32_bit_worker": true,
                "virtual_application": [],
                "vnet_route_all_enabled": false,
                "websockets_enabled": false,
                "windows_fx_version": "",
                "worker_count": 1
              }
            ],
            "site_credential": [
              {
                "name": "$zgebs-wb-dev-dgv-wapp-ne-0598",
                "password": "whAaTuMaYf6r5jcqtF6l8LG3hBDp1mHJQTAkNtEuGpWZ5JxoqGrlRygJ7a3p"
              }
            ],
            "sticky_settings": [],
            "storage_account": [],
            "tags": {},
            "timeouts": null,
            "virtual_network_subnet_id": "",
            "zip_deploy_file": ""
          },
          "sensitive_attributes": [],
          "private": "eyJlMmJmYjczMC1lY2FhLTExZTYtOGY4OC0zNDM2M2JjN2M0YzAiOnsiY3JlYXRlIjoxODAwMDAwMDAwMDAwLCJkZWxldGUiOjE4MDAwMDAwMDAwMDAsInJlYWQiOjMwMDAwMDAwMDAwMCwidXBkYXRlIjoxODAwMDAwMDAwMDAwfX0=",
          "dependencies": [
            "module.app-service.azurerm_service_plan.app"
          ]
        }
      ]
    }
  ],
  "check_results": []
}
