{
  "version": 4,
  "terraform_version": "1.3.3",
  "serial": 24,
  "lineage": "d873a09a-842b-ad16-24f0-4af11c2b0f42",
  "outputs": {},
  "resources": [
    {
      "module": "module.apim",
      "mode": "data",
      "type": "azurerm_resource_group",
      "name": "networkds",
      "provider": "provider[\"registry.terraform.io/hashicorp/azurerm\"]",
      "instances": [
        {
          "schema_version": 0,
          "attributes": {
            "id": "/subscriptions/fec1a8c7-3053-43ab-b51d-9fcc38bd9399/resourceGroups/zgebs-workbench-dev-neu-vnet-rg",
            "location": "northeurope",
            "name": "zgebs-workbench-dev-neu-vnet-rg",
            "tags": {},
            "timeouts": null
          },
          "sensitive_attributes": []
        }
      ]
    },
    {
      "module": "module.apim",
      "mode": "data",
      "type": "azurerm_subnet",
      "name": "snet_apim_ds",
      "provider": "provider[\"registry.terraform.io/hashicorp/azurerm\"]",
      "instances": [
        {
          "schema_version": 0,
          "attributes": {
            "address_prefix": "10.0.0.0/24",
            "address_prefixes": [
              "10.0.0.0/24"
            ],
            "enforce_private_link_endpoint_network_policies": true,
            "enforce_private_link_service_network_policies": false,
            "id": "/subscriptions/fec1a8c7-3053-43ab-b51d-9fcc38bd9399/resourceGroups/zgebs-workbench-dev-neu-vnet-rg/providers/Microsoft.Network/virtualNetworks/workbench-dev-neu-vnet/subnets/zgebs-wb-dey-snet-apim-ne01",
            "name": "zgebs-wb-dey-snet-apim-ne01",
            "network_security_group_id": "/subscriptions/fec1a8c7-3053-43ab-b51d-9fcc38bd9399/resourceGroups/zgebs-workbench-dev-neu-vnet-rg/providers/Microsoft.Network/networkSecurityGroups/workbench-dev-neu-vnet-nsg1",
            "private_endpoint_network_policies_enabled": false,
            "private_link_service_network_policies_enabled": true,
            "resource_group_name": "zgebs-workbench-dev-neu-vnet-rg",
            "route_table_id": "/subscriptions/fec1a8c7-3053-43ab-b51d-9fcc38bd9399/resourceGroups/zgebs-workbench-dev-neu-vnet-rg/providers/Microsoft.Network/routeTables/workbench-dev-neu-vnet-rt1",
            "service_endpoints": [],
            "timeouts": null,
            "virtual_network_name": "workbench-dev-neu-vnet"
          },
          "sensitive_attributes": []
        }
      ]
    },
    {
      "module": "module.apim",
      "mode": "data",
      "type": "azurerm_virtual_network",
      "name": "vnetds",
      "provider": "provider[\"registry.terraform.io/hashicorp/azurerm\"]",
      "instances": [
        {
          "schema_version": 0,
          "attributes": {
            "address_space": [
              "10.0.0.0/16"
            ],
            "dns_servers": [],
            "guid": "c2fb7be5-d4c9-4aa5-8158-3c127cf0b1b9",
            "id": "/subscriptions/fec1a8c7-3053-43ab-b51d-9fcc38bd9399/resourceGroups/zgebs-workbench-dev-neu-vnet-rg/providers/Microsoft.Network/virtualNetworks/workbench-dev-neu-vnet",
            "location": "northeurope",
            "name": "workbench-dev-neu-vnet",
            "resource_group_name": "zgebs-workbench-dev-neu-vnet-rg",
            "subnets": [
              "zgebs-wb-dev-snet-webout-ne01",
              "zgebs-wb-dey-snet-apim-ne01",
              "zgebs-wb-dev-snet-webin-ne01",
              "zgebs-wb-dev-snet-shared-ne01"
            ],
            "tags": {},
            "timeouts": null,
            "vnet_peerings": {},
            "vnet_peerings_addresses": []
          },
          "sensitive_attributes": []
        }
      ]
    },
    {
      "module": "module.apim",
      "mode": "managed",
      "type": "azurerm_api_management",
      "name": "apim",
      "provider": "provider[\"registry.terraform.io/hashicorp/azurerm\"]",
      "instances": [
        {
          "schema_version": 0,
          "attributes": {
            "additional_location": [],
            "certificate": [],
            "client_certificate_enabled": false,
            "delegation": [
              {
                "subscriptions_enabled": false,
                "url": "",
                "user_registration_enabled": false,
                "validation_key": ""
              }
            ],
            "developer_portal_url": "https://workbenchapi-managerdev-001.developer.azure-api.net",
            "gateway_disabled": false,
            "gateway_regional_url": "https://workbenchapi-managerdev-001-northeurope-01.regional.azure-api.net",
            "gateway_url": "https://workbenchapi-managerdev-001.azure-api.net",
            "hostname_configuration": [
              {
                "developer_portal": [],
                "management": [],
                "portal": [],
                "proxy": [
                  {
                    "certificate": "",
                    "certificate_password": "",
                    "certificate_source": "BuiltIn",
                    "certificate_status": "",
                    "default_ssl_binding": true,
                    "expiry": "",
                    "host_name": "workbenchapi-managerdev-001.azure-api.net",
                    "key_vault_id": "",
                    "negotiate_client_certificate": false,
                    "ssl_keyvault_identity_client_id": "",
                    "subject": "",
                    "thumbprint": ""
                  }
                ],
                "scm": []
              }
            ],
            "id": "/subscriptions/fec1a8c7-3053-43ab-b51d-9fcc38bd9399/resourceGroups/zgebs-workbench-dev-api-rg/providers/Microsoft.ApiManagement/service/workbenchAPI-ManagerDEV-001",
            "identity": [],
            "location": "northeurope",
            "management_api_url": "https://workbenchapi-managerdev-001.management.azure-api.net",
            "min_api_version": "",
            "name": "workbenchAPI-ManagerDEV-001",
            "notification_sender_email": "apimgmt-noreply@mail.windowsazure.com",
            "policy": [
              {
                "xml_content": "\u003c!--\r\n    IMPORTANT:\r\n    - Policy elements can appear only within the \u003cinbound\u003e, \u003coutbound\u003e, \u003cbackend\u003e section elements.\r\n    - Only the \u003cforward-request\u003e policy element can appear within the \u003cbackend\u003e section element.\r\n    - To apply a policy to the incoming request (before it is forwarded to the backend service), place a corresponding policy element within the \u003cinbound\u003e section element.\r\n    - To apply a policy to the outgoing response (before it is sent back to the caller), place a corresponding policy element within the \u003coutbound\u003e section element.\r\n    - To add a policy position the cursor at the desired insertion point and click on the round button associated with the policy.\r\n    - To remove a policy, delete the corresponding policy statement from the policy document.\r\n    - Policies are applied in the order of their appearance, from the top down.\r\n--\u003e\r\n\u003cpolicies\u003e\r\n\t\u003cinbound /\u003e\r\n\t\u003cbackend\u003e\r\n\t\t\u003cforward-request /\u003e\r\n\t\u003c/backend\u003e\r\n\t\u003coutbound /\u003e\r\n\u003c/policies\u003e",
                "xml_link": ""
              }
            ],
            "portal_url": "https://workbenchapi-managerdev-001.portal.azure-api.net",
            "private_ip_addresses": [],
            "protocols": [
              {
                "enable_http2": false
              }
            ],
            "public_ip_address_id": "",
            "public_ip_addresses": [
              "20.93.61.46"
            ],
            "public_network_access_enabled": true,
            "publisher_email": "example@example.com",
            "publisher_name": "zgebs",
            "resource_group_name": "zgebs-workbench-dev-api-rg",
            "scm_url": "https://workbenchapi-managerdev-001.scm.azure-api.net",
            "security": [
              {
                "enable_backend_ssl30": false,
                "enable_backend_tls10": false,
                "enable_backend_tls11": false,
                "enable_frontend_ssl30": false,
                "enable_frontend_tls10": false,
                "enable_frontend_tls11": false,
                "tls_ecdhe_ecdsa_with_aes128_cbc_sha_ciphers_enabled": false,
                "tls_ecdhe_ecdsa_with_aes256_cbc_sha_ciphers_enabled": false,
                "tls_ecdhe_rsa_with_aes128_cbc_sha_ciphers_enabled": false,
                "tls_ecdhe_rsa_with_aes256_cbc_sha_ciphers_enabled": false,
                "tls_rsa_with_aes128_cbc_sha256_ciphers_enabled": false,
                "tls_rsa_with_aes128_cbc_sha_ciphers_enabled": false,
                "tls_rsa_with_aes128_gcm_sha256_ciphers_enabled": false,
                "tls_rsa_with_aes256_cbc_sha256_ciphers_enabled": false,
                "tls_rsa_with_aes256_cbc_sha_ciphers_enabled": false,
                "tls_rsa_with_aes256_gcm_sha384_ciphers_enabled": false,
                "triple_des_ciphers_enabled": false
              }
            ],
            "sign_in": [
              {
                "enabled": false
              }
            ],
            "sign_up": [
              {
                "enabled": false,
                "terms_of_service": [
                  {
                    "consent_required": false,
                    "enabled": false,
                    "text": ""
                  }
                ]
              }
            ],
            "sku_name": "Developer_1",
            "tags": {},
            "tenant_access": [
              {
                "enabled": false,
                "primary_key": "zH6wnSG1X0Cdnaewof9WyNBSxpKTBAw4SIQUkn4CNGsIOybd6eBV9oObzM4UV7kJE0slapRmrpXx4kNILu1b4w==",
                "secondary_key": "KsehPAJSAzY+AXd5FFyi30b5VoIsyx5K8Viyus/fPoi/prK4e4yZHb7jE8wZDla+rSOI9WPbDGGsM8I+9hRc2Q==",
                "tenant_id": "/tenant/access"
              }
            ],
            "timeouts": null,
            "virtual_network_configuration": [],
            "virtual_network_type": "None",
            "zones": []
          },
          "sensitive_attributes": [],
          "private": "eyJlMmJmYjczMC1lY2FhLTExZTYtOGY4OC0zNDM2M2JjN2M0YzAiOnsiY3JlYXRlIjoxMDgwMDAwMDAwMDAwMCwiZGVsZXRlIjoxMDgwMDAwMDAwMDAwMCwicmVhZCI6MzAwMDAwMDAwMDAwLCJ1cGRhdGUiOjEwODAwMDAwMDAwMDAwfX0=",
          "dependencies": [
            "module.apim.azurerm_resource_group.apim"
          ]
        }
      ]
    },
    {
      "module": "module.apim",
      "mode": "managed",
      "type": "azurerm_private_dns_a_record",
      "name": "dns_a",
      "provider": "provider[\"registry.terraform.io/hashicorp/azurerm\"]",
      "instances": [
        {
          "schema_version": 0,
          "attributes": {
            "fqdn": "dns-a-record-apim-001.privatelink.blob.core.windows.net.",
            "id": "/subscriptions/fec1a8c7-3053-43ab-b51d-9fcc38bd9399/resourceGroups/zgebs-workbench-dev-api-rg/providers/Microsoft.Network/privateDnsZones/privatelink.blob.core.windows.net/A/dns-a-record-apim-001",
            "name": "dns-a-record-apim-001",
            "records": [
              "10.0.0.4"
            ],
            "resource_group_name": "zgebs-workbench-dev-api-rg",
            "tags": null,
            "timeouts": null,
            "ttl": 300,
            "zone_name": "privatelink.blob.core.windows.net"
          },
          "sensitive_attributes": [],
          "private": "eyJlMmJmYjczMC1lY2FhLTExZTYtOGY4OC0zNDM2M2JjN2M0YzAiOnsiY3JlYXRlIjoxODAwMDAwMDAwMDAwLCJkZWxldGUiOjE4MDAwMDAwMDAwMDAsInJlYWQiOjMwMDAwMDAwMDAwMCwidXBkYXRlIjoxODAwMDAwMDAwMDAwfX0=",
          "dependencies": [
            "module.apim.azurerm_api_management.apim",
            "module.apim.azurerm_private_dns_zone.dns_zone_apim",
            "module.apim.azurerm_private_endpoint.endpoint_apim",
            "module.apim.azurerm_resource_group.apim",
            "module.apim.data.azurerm_subnet.snet_apim_ds"
          ]
        }
      ]
    },
    {
      "module": "module.apim",
      "mode": "managed",
      "type": "azurerm_private_dns_zone",
      "name": "dns_zone_apim",
      "provider": "provider[\"registry.terraform.io/hashicorp/azurerm\"]",
      "instances": [
        {
          "schema_version": 0,
          "attributes": {
            "id": "/subscriptions/fec1a8c7-3053-43ab-b51d-9fcc38bd9399/resourceGroups/zgebs-workbench-dev-api-rg/providers/Microsoft.Network/privateDnsZones/privatelink.blob.core.windows.net",
            "max_number_of_record_sets": 25000,
            "max_number_of_virtual_network_links": 1000,
            "max_number_of_virtual_network_links_with_registration": 100,
            "name": "privatelink.blob.core.windows.net",
            "number_of_record_sets": 1,
            "resource_group_name": "zgebs-workbench-dev-api-rg",
            "soa_record": [
              {
                "email": "azureprivatedns-host.microsoft.com",
                "expire_time": 2419200,
                "fqdn": "privatelink.blob.core.windows.net.",
                "host_name": "azureprivatedns.net",
                "minimum_ttl": 10,
                "refresh_time": 3600,
                "retry_time": 300,
                "serial_number": 1,
                "tags": {},
                "ttl": 3600
              }
            ],
            "tags": {},
            "timeouts": null
          },
          "sensitive_attributes": [],
          "private": "eyJlMmJmYjczMC1lY2FhLTExZTYtOGY4OC0zNDM2M2JjN2M0YzAiOnsiY3JlYXRlIjoxODAwMDAwMDAwMDAwLCJkZWxldGUiOjE4MDAwMDAwMDAwMDAsInJlYWQiOjMwMDAwMDAwMDAwMCwidXBkYXRlIjoxODAwMDAwMDAwMDAwfX0=",
          "dependencies": [
            "module.apim.azurerm_resource_group.apim"
          ]
        }
      ]
    },
    {
      "module": "module.apim",
      "mode": "managed",
      "type": "azurerm_private_dns_zone_virtual_network_link",
      "name": "network_link",
      "provider": "provider[\"registry.terraform.io/hashicorp/azurerm\"]",
      "instances": [
        {
          "schema_version": 0,
          "attributes": {
            "id": "/subscriptions/fec1a8c7-3053-43ab-b51d-9fcc38bd9399/resourceGroups/zgebs-workbench-dev-api-rg/providers/Microsoft.Network/privateDnsZones/privatelink.blob.core.windows.net/virtualNetworkLinks/dns-zone-vnet-link-name",
            "name": "dns-zone-vnet-link-name",
            "private_dns_zone_name": "privatelink.blob.core.windows.net",
            "registration_enabled": false,
            "resource_group_name": "zgebs-workbench-dev-api-rg",
            "tags": {},
            "timeouts": null,
            "virtual_network_id": "/subscriptions/fec1a8c7-3053-43ab-b51d-9fcc38bd9399/resourceGroups/zgebs-workbench-dev-neu-vnet-rg/providers/Microsoft.Network/virtualNetworks/workbench-dev-neu-vnet"
          },
          "sensitive_attributes": [],
          "private": "eyJlMmJmYjczMC1lY2FhLTExZTYtOGY4OC0zNDM2M2JjN2M0YzAiOnsiY3JlYXRlIjoxODAwMDAwMDAwMDAwLCJkZWxldGUiOjE4MDAwMDAwMDAwMDAsInJlYWQiOjMwMDAwMDAwMDAwMCwidXBkYXRlIjoxODAwMDAwMDAwMDAwfX0=",
          "dependencies": [
            "module.apim.azurerm_private_dns_zone.dns_zone_apim",
            "module.apim.azurerm_resource_group.apim",
            "module.apim.data.azurerm_virtual_network.vnetds"
          ]
        }
      ]
    },
    {
      "module": "module.apim",
      "mode": "managed",
      "type": "azurerm_private_endpoint",
      "name": "endpoint_apim",
      "provider": "provider[\"registry.terraform.io/hashicorp/azurerm\"]",
      "instances": [
        {
          "schema_version": 0,
          "attributes": {
            "custom_dns_configs": [
              {
                "fqdn": "workbenchapi-managerdev-001.azure-api.net",
                "ip_addresses": [
                  "10.0.0.4"
                ]
              }
            ],
            "custom_network_interface_name": "",
            "id": "/subscriptions/fec1a8c7-3053-43ab-b51d-9fcc38bd9399/resourceGroups/zgebs-workbench-dev-api-rg/providers/Microsoft.Network/privateEndpoints/eorkbench-API-Manager-private-endpoint-01",
            "ip_configuration": [],
            "location": "northeurope",
            "name": "eorkbench-API-Manager-private-endpoint-01",
            "network_interface": [
              {
                "id": "/subscriptions/fec1a8c7-3053-43ab-b51d-9fcc38bd9399/resourceGroups/zgebs-workbench-dev-api-rg/providers/Microsoft.Network/networkInterfaces/eorkbench-API-Manager-private-endpoint-01.nic.29b74375-6bb5-45d9-a5e5-4d2e8a1b3e5c",
                "name": "eorkbench-API-Manager-private-endpoint-01.nic.29b74375-6bb5-45d9-a5e5-4d2e8a1b3e5c"
              }
            ],
            "private_dns_zone_configs": [],
            "private_dns_zone_group": [],
            "private_service_connection": [
              {
                "is_manual_connection": false,
                "name": "service-connection-apim-001",
                "private_connection_resource_alias": "",
                "private_connection_resource_id": "/subscriptions/fec1a8c7-3053-43ab-b51d-9fcc38bd9399/resourceGroups/zgebs-workbench-dev-api-rg/providers/Microsoft.ApiManagement/service/workbenchAPI-ManagerDEV-001",
                "private_ip_address": "10.0.0.4",
                "request_message": "",
                "subresource_names": [
                  "Gateway"
                ]
              }
            ],
            "resource_group_name": "zgebs-workbench-dev-api-rg",
            "subnet_id": "/subscriptions/fec1a8c7-3053-43ab-b51d-9fcc38bd9399/resourceGroups/zgebs-workbench-dev-neu-vnet-rg/providers/Microsoft.Network/virtualNetworks/workbench-dev-neu-vnet/subnets/zgebs-wb-dey-snet-apim-ne01",
            "tags": null,
            "timeouts": null
          },
          "sensitive_attributes": [],
          "private": "eyJlMmJmYjczMC1lY2FhLTExZTYtOGY4OC0zNDM2M2JjN2M0YzAiOnsiY3JlYXRlIjozNjAwMDAwMDAwMDAwLCJkZWxldGUiOjM2MDAwMDAwMDAwMDAsInJlYWQiOjMwMDAwMDAwMDAwMCwidXBkYXRlIjozNjAwMDAwMDAwMDAwfX0=",
          "dependencies": [
            "module.apim.azurerm_api_management.apim",
            "module.apim.azurerm_resource_group.apim",
            "module.apim.data.azurerm_subnet.snet_apim_ds"
          ]
        }
      ]
    },
    {
      "module": "module.apim",
      "mode": "managed",
      "type": "azurerm_resource_group",
      "name": "apim",
      "provider": "provider[\"registry.terraform.io/hashicorp/azurerm\"]",
      "instances": [
        {
          "schema_version": 0,
          "attributes": {
            "id": "/subscriptions/fec1a8c7-3053-43ab-b51d-9fcc38bd9399/resourceGroups/zgebs-workbench-dev-api-rg",
            "location": "northeurope",
            "name": "zgebs-workbench-dev-api-rg",
            "tags": {},
            "timeouts": null
          },
          "sensitive_attributes": [],
          "private": "eyJlMmJmYjczMC1lY2FhLTExZTYtOGY4OC0zNDM2M2JjN2M0YzAiOnsiY3JlYXRlIjo1NDAwMDAwMDAwMDAwLCJkZWxldGUiOjU0MDAwMDAwMDAwMDAsInJlYWQiOjMwMDAwMDAwMDAwMCwidXBkYXRlIjo1NDAwMDAwMDAwMDAwfX0="
        }
      ]
    }
  ],
  "check_results": []
}
